// !$*UTF8*$!
{
	archiveVersion = 1;
	classes = {
	};
	objectVersion = 70;
	objects = {

/* Begin PBXBuildFile section */
		7F160E872E5AE3F9006ABEEE /* UIStateManager.swift in Sources */ = {isa = PBXBuildFile; fileRef = 7F160E862E5AE3F9006ABEEE /* UIStateManager.swift */; };
		7F160E892E5AE6DF006ABEEE /* DataManager.swift in Sources */ = {isa = PBXBuildFile; fileRef = 7F160E882E5AE6DF006ABEEE /* DataManager.swift */; };
		7F19BF9D2E672BF800238C81 /* TestTags.swift in Sources */ = {isa = PBXBuildFile; fileRef = 7F19BF9C2E672BF800238C81 /* TestTags.swift */; };
		7F19BFAD2E694A8B00238C81 /* TestTaskItemIsUnchanged.swift in Sources */ = {isa = PBXBuildFile; fileRef = 7F19BFAC2E694A8B00238C81 /* TestTaskItemIsUnchanged.swift */; };
		7F1EC4BC2E087F12000E5FDC /* CalendarManager.swift in Sources */ = {isa = PBXBuildFile; fileRef = 7F1EC4BB2E087F09000E5FDC /* CalendarManager.swift */; };
		7F2D67612C2BC13D00C893B3 /* CompassCheckPlanDay.swift in Sources */ = {isa = PBXBuildFile; fileRef = 7F2D67602C2BC13D00C893B3 /* CompassCheckPlanDay.swift */; };
		7F2F0A8D2E52DEB200461679 /* macosShare.appex in Embed Foundation Extensions */ = {isa = PBXBuildFile; fileRef = 7F2F0A812E52DEB200461679 /* macosShare.appex */; platformFilters = (macos, ); settings = {ATTRIBUTES = (RemoveHeadersOnCopy, ); }; };
		7F2F0A962E52DFA000461679 /* TestAttachments.swift in Sources */ = {isa = PBXBuildFile; fileRef = 7F2F0A942E52DF8000461679 /* TestAttachments.swift */; };
		7F2F0A972E52DFB000461679 /* AttachmentUITests.swift in Sources */ = {isa = PBXBuildFile; fileRef = 7F2F0A952E52DF9000461679 /* AttachmentUITests.swift */; };
		7F2F0AB42E52E2FF00461679 /* CloudKit.framework in Frameworks */ = {isa = PBXBuildFile; fileRef = 7F2F0AB32E52E2FF00461679 /* CloudKit.framework */; };
		7F2F0AB62E52E30700461679 /* SwiftUI.framework in Frameworks */ = {isa = PBXBuildFile; fileRef = 7F2F0AB52E52E30700461679 /* SwiftUI.framework */; };
		7F2FD1BB2E63829300F7BC2F /* NewItemProducer.swift in Sources */ = {isa = PBXBuildFile; fileRef = 7F2FD1BA2E63828A00F7BC2F /* NewItemProducer.swift */; };
		7F378E6C2D3995BE001A5C9D /* TestListHeaders.swift in Sources */ = {isa = PBXBuildFile; fileRef = 7F378E6B2D3995B4001A5C9D /* TestListHeaders.swift */; };
		7F71FD262E6BFEA8001B92F4 /* EventService.swift in Sources */ = {isa = PBXBuildFile; fileRef = 7F71FD252E6BFEA8001B92F4 /* EventService.swift */; };
		7F8C88AD2BF3E7D1005ACAF4 /* TagsPreferencesView.swift in Sources */ = {isa = PBXBuildFile; fileRef = 7F8C88AC2BF3E7D1005ACAF4 /* TagsPreferencesView.swift */; };
		7F8EBC862C2FC39E0003C1BB /* EventManager.swift in Sources */ = {isa = PBXBuildFile; fileRef = 7F8EBC852C2FC39E0003C1BB /* EventManager.swift */; };
		7FA02AB12C18AABE00EC81CE /* SimpleCalendar in Frameworks */ = {isa = PBXBuildFile; productRef = 7FA02AB02C18AABE00EC81CE /* SimpleCalendar */; };
		7FA581022B97AF7600803614 /* CompassCheckDueDate.swift in Sources */ = {isa = PBXBuildFile; fileRef = 7FA581012B97AF7600803614 /* CompassCheckDueDate.swift */; };
		7FA581042B9838B700803614 /* SimpleListView.swift in Sources */ = {isa = PBXBuildFile; fileRef = 7FA581032B9838B700803614 /* SimpleListView.swift */; };
		7FB3574F2E5B5009004581B7 /* CompassCheckManager.swift in Sources */ = {isa = PBXBuildFile; fileRef = 7FB3574E2E5B5009004581B7 /* CompassCheckManager.swift */; };
		7FB357572E5B5020004581B7 /* PriorityUpdater.swift in Sources */ = {isa = PBXBuildFile; fileRef = 7FB357562E5B5020004581B7 /* PriorityUpdater.swift */; };
		7FB3575A2E5B5040004581B7 /* ItemSelector.swift in Sources */ = {isa = PBXBuildFile; fileRef = 7FB357592E5B5040004581B7 /* ItemSelector.swift */; };
		7FB3575B2E5B5050004581B7 /* AppSetup.swift in Sources */ = {isa = PBXBuildFile; fileRef = 7FB3575A2E5B5050004581B7 /* AppSetup.swift */; };
		7FC635372E7B0C150033A1EF /* tdgCore in Frameworks */ = {isa = PBXBuildFile; productRef = 7FC635362E7B0C150033A1EF /* tdgCore */; };
		7FC6353D2E7B0C350033A1EF /* tdgCore in Frameworks */ = {isa = PBXBuildFile; productRef = 7FC6353C2E7B0C350033A1EF /* tdgCore */; };
		7FC6353F2E7B0C410033A1EF /* tdgCoreMain in Frameworks */ = {isa = PBXBuildFile; productRef = 7FC6353E2E7B0C410033A1EF /* tdgCoreMain */; };
		7FC635412E7B0C480033A1EF /* tdgCoreWidget in Frameworks */ = {isa = PBXBuildFile; productRef = 7FC635402E7B0C480033A1EF /* tdgCoreWidget */; };
		7FC635442E7B0C500033A1EF /* tdgCoreShare in Frameworks */ = {isa = PBXBuildFile; productRef = 7FC635432E7B0C500033A1EF /* tdgCoreShare */; };
		7FC635462E7B0C500033A1EF /* tdgCoreShare in Frameworks */ = {isa = PBXBuildFile; productRef = 7FC635452E7B0C500033A1EF /* tdgCoreShare */; };
		7FC676A32E6F658E00C41568 /* TestDatabaseErrors.swift in Sources */ = {isa = PBXBuildFile; fileRef = 7FC676A22E6F658E00C41568 /* TestDatabaseErrors.swift */; };
		7FC676A52E6F685B00C41568 /* DatabaseErrorReporter.swift in Sources */ = {isa = PBXBuildFile; fileRef = 7FC676A42E6F685B00C41568 /* DatabaseErrorReporter.swift */; };
		7FC676A72E7060B900C41568 /* TestCompassCheckSynchronization.swift in Sources */ = {isa = PBXBuildFile; fileRef = 7FC676A62E7060B900C41568 /* TestCompassCheckSynchronization.swift */; };
		7FC676A92E706AB900C41568 /* TestCompassCheckSteps.swift in Sources */ = {isa = PBXBuildFile; fileRef = 7FC676A82E706AB900C41568 /* TestCompassCheckSteps.swift */; };
		7FC676B32E706B7900C41568 /* CompassCheckStep.swift in Sources */ = {isa = PBXBuildFile; fileRef = 7FC676AA2E706B7900C41568 /* CompassCheckStep.swift */; };
		7FC676BC2E70B76200C41568 /* TestCompassCheckFlexibility.swift in Sources */ = {isa = PBXBuildFile; fileRef = 7FC676BB2E70B76200C41568 /* TestCompassCheckFlexibility.swift */; };
		7FC75D482E790233007A436A /* ShareExtensionTestUtilities.swift in Sources */ = {isa = PBXBuildFile; fileRef = 7FC75D412E790233007A436A /* ShareExtensionTestUtilities.swift */; };
		7FC75D492E790233007A436A /* TestShareFlow.swift in Sources */ = {isa = PBXBuildFile; fileRef = 7FC75D452E790233007A436A /* TestShareFlow.swift */; };
		7FC75D512E793946007A436A /* TestShareExtensionIntegration.swift in Sources */ = {isa = PBXBuildFile; fileRef = 7FC75D4F2E793946007A436A /* TestShareExtensionIntegration.swift */; };
		7FC75D522E793946007A436A /* TestShareExtensionView.swift in Sources */ = {isa = PBXBuildFile; fileRef = 7FC75D502E793946007A436A /* TestShareExtensionView.swift */; };
		7FC75D532E793946007A436A /* TestShareExtensionHarness.swift in Sources */ = {isa = PBXBuildFile; fileRef = 7FC75D4E2E793946007A436A /* TestShareExtensionHarness.swift */; };
		7FC89D272BFB1D7400FBA363 /* Credits.rtf in Resources */ = {isa = PBXBuildFile; fileRef = 7FC89D262BFB1D7400FBA363 /* Credits.rtf */; };
		7FC89D292BFB239200FBA363 /* TestReview.swift in Sources */ = {isa = PBXBuildFile; fileRef = 7FC89D282BFB239200FBA363 /* TestReview.swift */; };
		7FE1FDE62E42845B0016C181 /* iosShare.appex in Embed Foundation Extensions */ = {isa = PBXBuildFile; fileRef = 7FE1FDDC2E42845B0016C181 /* iosShare.appex */; platformFilter = ios; settings = {ATTRIBUTES = (RemoveHeadersOnCopy, ); }; };
		7FE1FE032E42B3060016C181 /* CloudKit.framework in Frameworks */ = {isa = PBXBuildFile; fileRef = 7FE1FE022E42B3060016C181 /* CloudKit.framework */; };
		7FE1FE052E42B3230016C181 /* SwiftUI.framework in Frameworks */ = {isa = PBXBuildFile; fileRef = 7FE1FE042E42B3230016C181 /* SwiftUI.framework */; };
		7FE38F0F2C33084100C9A798 /* TDGEvent.swift in Sources */ = {isa = PBXBuildFile; fileRef = 7FE38F0E2C33084100C9A798 /* TDGEvent.swift */; };
		7FE5894A2E78346900D29CC8 /* TestDynamicStorageKeys.swift in Sources */ = {isa = PBXBuildFile; fileRef = 7FE589492E78346900D29CC8 /* TestDynamicStorageKeys.swift */; };
		7FECEC1F2E6613FB00E02234 /* TestTimestampFix.swift in Sources */ = {isa = PBXBuildFile; fileRef = 7FECEC1D2E6613FB00E02234 /* TestTimestampFix.swift */; };
		7FECEC202E6613FB00E02234 /* TestTouchWithDescription.swift in Sources */ = {isa = PBXBuildFile; fileRef = 7FECEC1E2E6613FB00E02234 /* TestTouchWithDescription.swift */; };
		7FECEC212E6613FB00E02234 /* TestIsStreakBroken.swift in Sources */ = {isa = PBXBuildFile; fileRef = 7FECEC1C2E6613FB00E02234 /* TestIsStreakBroken.swift */; };
		E50117DB2B6C228D00B2C25A /* TaskPreferencesView.swift in Sources */ = {isa = PBXBuildFile; fileRef = E50117DA2B6C228D00B2C25A /* TaskPreferencesView.swift */; };
		E51142922B342E3C00AB6E05 /* WidgetKit.framework in Frameworks */ = {isa = PBXBuildFile; fileRef = E51142752B33768300AB6E05 /* WidgetKit.framework */; };
		E51142932B342E3C00AB6E05 /* SwiftUI.framework in Frameworks */ = {isa = PBXBuildFile; fileRef = E51142772B33768300AB6E05 /* SwiftUI.framework */; };
		E51142962B342E3C00AB6E05 /* Three_Daily_Goals__Widget_Bundle.swift in Sources */ = {isa = PBXBuildFile; fileRef = E51142952B342E3C00AB6E05 /* Three_Daily_Goals__Widget_Bundle.swift */; };
		E51142982B342E3C00AB6E05 /* Three_Daily_Goals__Widget_.swift in Sources */ = {isa = PBXBuildFile; fileRef = E51142972B342E3C00AB6E05 /* Three_Daily_Goals__Widget_.swift */; };
		E511429A2B342E3C00AB6E05 /* AppIntent.swift in Sources */ = {isa = PBXBuildFile; fileRef = E51142992B342E3C00AB6E05 /* AppIntent.swift */; };
		E511429C2B342E3F00AB6E05 /* Assets.xcassets in Resources */ = {isa = PBXBuildFile; fileRef = E511429B2B342E3F00AB6E05 /* Assets.xcassets */; };
		E51142A12B342E3F00AB6E05 /* Three Daily Goals Widget.appex in Embed Foundation Extensions */ = {isa = PBXBuildFile; fileRef = E51142912B342E3C00AB6E05 /* Three Daily Goals Widget.appex */; settings = {ATTRIBUTES = (RemoveHeadersOnCopy, ); }; };
		E51142B32B34947F00AB6E05 /* WPriorities.swift in Sources */ = {isa = PBXBuildFile; fileRef = E51142B22B34947F00AB6E05 /* WPriorities.swift */; };
		E51142B52B35ABB900AB6E05 /* LinkToTask.swift in Sources */ = {isa = PBXBuildFile; fileRef = E51142B42B35ABB900AB6E05 /* LinkToTask.swift */; };
		E5278A3A2B658FB90020C83D /* PreferencesView.swift in Sources */ = {isa = PBXBuildFile; fileRef = E5278A392B658FB90020C83D /* PreferencesView.swift */; };
		E53C13142B6BED3B00E51553 /* CompassCheckPreferencesView.swift in Sources */ = {isa = PBXBuildFile; fileRef = E53C13132B6BED3B00E51553 /* CompassCheckPreferencesView.swift */; };
		E559203B2B3772EE0002C709 /* CloudKit.framework in Frameworks */ = {isa = PBXBuildFile; fileRef = E559203A2B3772EE0002C709 /* CloudKit.framework */; };
		E559203F2B38E8380002C709 /* TaskAsLine.swift in Sources */ = {isa = PBXBuildFile; fileRef = E559203E2B38E8380002C709 /* TaskAsLine.swift */; };
		E561D6DC2B1F54A6003BE36F /* Three_Daily_GoalsApp.swift in Sources */ = {isa = PBXBuildFile; fileRef = E561D6DB2B1F54A6003BE36F /* Three_Daily_GoalsApp.swift */; };
		E561D6DE2B1F54A6003BE36F /* MainView.swift in Sources */ = {isa = PBXBuildFile; fileRef = E561D6DD2B1F54A6003BE36F /* MainView.swift */; };
		E561D6E22B1F54A8003BE36F /* Assets.xcassets in Resources */ = {isa = PBXBuildFile; fileRef = E561D6E12B1F54A8003BE36F /* Assets.xcassets */; };
		E561D6E62B1F54A8003BE36F /* Preview Assets.xcassets in Resources */ = {isa = PBXBuildFile; fileRef = E561D6E52B1F54A8003BE36F /* Preview Assets.xcassets */; };
		E561D6F12B1F54A9003BE36F /* Three_Daily_GoalsTests.swift in Sources */ = {isa = PBXBuildFile; fileRef = E561D6F02B1F54A9003BE36F /* Three_Daily_GoalsTests.swift */; };
		E561D6FB2B1F54A9003BE36F /* Three_Daily_GoalsUITests.swift in Sources */ = {isa = PBXBuildFile; fileRef = E561D6FA2B1F54A9003BE36F /* Three_Daily_GoalsUITests.swift */; };
		E561D6FD2B1F54A9003BE36F /* Three_Daily_GoalsUITestsLaunchTests.swift in Sources */ = {isa = PBXBuildFile; fileRef = E561D6FC2B1F54A9003BE36F /* Three_Daily_GoalsUITestsLaunchTests.swift */; };
		E57C31B02B724B2700943EA1 /* PushNotification.swift in Sources */ = {isa = PBXBuildFile; fileRef = E57C31AF2B724B2700943EA1 /* PushNotification.swift */; };
		E582D0B82B2E13E30006DD5D /* TaskItemView.swift in Sources */ = {isa = PBXBuildFile; fileRef = E582D0B72B2E13E30006DD5D /* TaskItemView.swift */; };
		E597A4852B82B68300BCD061 /* CloudKit.framework in Frameworks */ = {isa = PBXBuildFile; fileRef = E559203A2B3772EE0002C709 /* CloudKit.framework */; };
		E597A4872B83D7B000BCD061 /* TestImportExport.swift in Sources */ = {isa = PBXBuildFile; fileRef = E597A4862B83D7B000BCD061 /* TestImportExport.swift */; };
		E597A4892B83D83D00BCD061 /* ImportExport.swift in Sources */ = {isa = PBXBuildFile; fileRef = E597A4882B83D83D00BCD061 /* ImportExport.swift */; };
		E597A48B2B848CD600BCD061 /* JSONDoc.swift in Sources */ = {isa = PBXBuildFile; fileRef = E597A48A2B848CD600BCD061 /* JSONDoc.swift */; };
		E5ADEDD32B318B8800F0EA9C /* ListView.swift in Sources */ = {isa = PBXBuildFile; fileRef = E5ADEDD22B318B8800F0EA9C /* ListView.swift */; };
		E5ADEDD52B318C1100F0EA9C /* LinkToList.swift in Sources */ = {isa = PBXBuildFile; fileRef = E5ADEDD42B318C1100F0EA9C /* LinkToList.swift */; };
		E5B003102B31FE4900A90F8D /* CompassCheckDialog.swift in Sources */ = {isa = PBXBuildFile; fileRef = E5B0030F2B31FE4900A90F8D /* CompassCheckDialog.swift */; };
		E5B376B12B78984200E66FAD /* AppLauncher.swift in Sources */ = {isa = PBXBuildFile; fileRef = E5B376B02B78984200E66FAD /* AppLauncher.swift */; };
		E5B376B62B7B551600E66FAD /* TestTaskItems.swift in Sources */ = {isa = PBXBuildFile; fileRef = E5B376B52B7B551600E66FAD /* TestTaskItems.swift */; };
		E5D4FB772B749719002BB261 /* StreakView.swift in Sources */ = {isa = PBXBuildFile; fileRef = E5D4FB762B749719002BB261 /* StreakView.swift */; };
		E5DE0DC72B564C440066CC85 /* Assets.xcassets in Resources */ = {isa = PBXBuildFile; fileRef = E561D6E12B1F54A8003BE36F /* Assets.xcassets */; };
		E5DE105D2B69041F00381337 /* PreferencesTests.swift in Sources */ = {isa = PBXBuildFile; fileRef = E5DE105C2B69041F00381337 /* PreferencesTests.swift */; };
		E5E8B3942B77442F003300C3 /* RegularMainView.swift in Sources */ = {isa = PBXBuildFile; fileRef = E5E8B3932B77442F003300C3 /* RegularMainView.swift */; };
		E5E8B3962B7744E0003300C3 /* CompactMainView.swift in Sources */ = {isa = PBXBuildFile; fileRef = E5E8B3952B7744E0003300C3 /* CompactMainView.swift */; };
		E5F705EC2B71EE56007BF387 /* TestDailyCompassCheckTime.swift in Sources */ = {isa = PBXBuildFile; fileRef = E5F705EB2B71EE56007BF387 /* TestDailyCompassCheckTime.swift */; };
		E5FEC7F42B4A8343007BE890 /* LeftSideView.swift in Sources */ = {isa = PBXBuildFile; fileRef = E5FEC7F32B4A8343007BE890 /* LeftSideView.swift */; };
		E5FEC7F62B4BF0D4007BE890 /* Toolbar.swift in Sources */ = {isa = PBXBuildFile; fileRef = E5FEC7F52B4BF0D3007BE890 /* Toolbar.swift */; };
		E5FEC7F82B4EF7AF007BE890 /* TestModelLists.swift in Sources */ = {isa = PBXBuildFile; fileRef = E5FEC7F72B4EF7AF007BE890 /* TestModelLists.swift */; };
		E5FFC5BD2B6A717B00C9D60B /* CompassCheckCurrentPriorities.swift in Sources */ = {isa = PBXBuildFile; fileRef = E5FFC5BC2B6A717A00C9D60B /* CompassCheckCurrentPriorities.swift */; };
		E5FFC5C12B6A72FB00C9D60B /* CompassCheckPendingResponses.swift in Sources */ = {isa = PBXBuildFile; fileRef = E5FFC5C02B6A72FB00C9D60B /* CompassCheckPendingResponses.swift */; };
		E5FFC5C32B6A73A900C9D60B /* CompassCheckInformView.swift in Sources */ = {isa = PBXBuildFile; fileRef = E5FFC5C22B6A73A900C9D60B /* CompassCheckInformView.swift */; };
		E5FFC5C52B6A7A1600C9D60B /* CompassCheckNextPriorities.swift in Sources */ = {isa = PBXBuildFile; fileRef = E5FFC5C42B6A7A1600C9D60B /* CompassCheckNextPriorities.swift */; };
/* End PBXBuildFile section */

/* Begin PBXContainerItemProxy section */
		7F2F0A8B2E52DEB200461679 /* PBXContainerItemProxy */ = {
			isa = PBXContainerItemProxy;
			containerPortal = E561D6D02B1F54A6003BE36F /* Project object */;
			proxyType = 1;
			remoteGlobalIDString = 7F2F0A802E52DEB200461679;
			remoteInfo = macosShare;
		};
		7FE1FDE42E42845B0016C181 /* PBXContainerItemProxy */ = {
			isa = PBXContainerItemProxy;
			containerPortal = E561D6D02B1F54A6003BE36F /* Project object */;
			proxyType = 1;
			remoteGlobalIDString = 7FE1FDDB2E42845B0016C181;
			remoteInfo = iosShare;
		};
		E511429F2B342E3F00AB6E05 /* PBXContainerItemProxy */ = {
			isa = PBXContainerItemProxy;
			containerPortal = E561D6D02B1F54A6003BE36F /* Project object */;
			proxyType = 1;
			remoteGlobalIDString = E51142902B342E3C00AB6E05;
			remoteInfo = "Three Daily Goals (Widget)Extension";
		};
		E561D6ED2B1F54A9003BE36F /* PBXContainerItemProxy */ = {
			isa = PBXContainerItemProxy;
			containerPortal = E561D6D02B1F54A6003BE36F /* Project object */;
			proxyType = 1;
			remoteGlobalIDString = E561D6D72B1F54A6003BE36F;
			remoteInfo = "Three Daily Goals";
		};
		E561D6F72B1F54A9003BE36F /* PBXContainerItemProxy */ = {
			isa = PBXContainerItemProxy;
			containerPortal = E561D6D02B1F54A6003BE36F /* Project object */;
			proxyType = 1;
			remoteGlobalIDString = E561D6D72B1F54A6003BE36F;
			remoteInfo = "Three Daily Goals";
		};
/* End PBXContainerItemProxy section */

/* Begin PBXCopyFilesBuildPhase section */
		E511428A2B33768600AB6E05 /* Embed Foundation Extensions */ = {
			isa = PBXCopyFilesBuildPhase;
			buildActionMask = 2147483647;
			dstPath = "";
			dstSubfolderSpec = 13;
			files = (
				7F2F0A8D2E52DEB200461679 /* macosShare.appex in Embed Foundation Extensions */,
				7FE1FDE62E42845B0016C181 /* iosShare.appex in Embed Foundation Extensions */,
				E51142A12B342E3F00AB6E05 /* Three Daily Goals Widget.appex in Embed Foundation Extensions */,
			);
			name = "Embed Foundation Extensions";
			runOnlyForDeploymentPostprocessing = 0;
		};
/* End PBXCopyFilesBuildPhase section */

/* Begin PBXFileReference section */
		7F160E862E5AE3F9006ABEEE /* UIStateManager.swift */ = {isa = PBXFileReference; lastKnownFileType = sourcecode.swift; path = UIStateManager.swift; sourceTree = "<group>"; };
		7F160E882E5AE6DF006ABEEE /* DataManager.swift */ = {isa = PBXFileReference; lastKnownFileType = sourcecode.swift; path = DataManager.swift; sourceTree = "<group>"; };
		7F1774622E1F8D1B00C12285 /* Requirements.txt */ = {isa = PBXFileReference; explicitFileType = text; path = Requirements.txt; sourceTree = "<group>"; };
		7F19BF9C2E672BF800238C81 /* TestTags.swift */ = {isa = PBXFileReference; lastKnownFileType = sourcecode.swift; path = TestTags.swift; sourceTree = "<group>"; };
		7F19BFAC2E694A8B00238C81 /* TestTaskItemIsUnchanged.swift */ = {isa = PBXFileReference; lastKnownFileType = sourcecode.swift; path = TestTaskItemIsUnchanged.swift; sourceTree = "<group>"; };
		7F1EC4BB2E087F09000E5FDC /* CalendarManager.swift */ = {isa = PBXFileReference; lastKnownFileType = sourcecode.swift; path = CalendarManager.swift; sourceTree = "<group>"; };
		7F2D67602C2BC13D00C893B3 /* CompassCheckPlanDay.swift */ = {isa = PBXFileReference; lastKnownFileType = sourcecode.swift; path = CompassCheckPlanDay.swift; sourceTree = "<group>"; };
		7F2F0A812E52DEB200461679 /* macosShare.appex */ = {isa = PBXFileReference; explicitFileType = "wrapper.app-extension"; includeInIndex = 0; path = macosShare.appex; sourceTree = BUILT_PRODUCTS_DIR; };
		7F2F0A942E52DF8000461679 /* TestAttachments.swift */ = {isa = PBXFileReference; lastKnownFileType = sourcecode.swift; path = TestAttachments.swift; sourceTree = "<group>"; };
		7F2F0A952E52DF9000461679 /* AttachmentUITests.swift */ = {isa = PBXFileReference; lastKnownFileType = sourcecode.swift; path = AttachmentUITests.swift; sourceTree = "<group>"; };
		7F2F0AB32E52E2FF00461679 /* CloudKit.framework */ = {isa = PBXFileReference; lastKnownFileType = wrapper.framework; name = CloudKit.framework; path = System/Library/Frameworks/CloudKit.framework; sourceTree = SDKROOT; };
		7F2F0AB52E52E30700461679 /* SwiftUI.framework */ = {isa = PBXFileReference; lastKnownFileType = wrapper.framework; name = SwiftUI.framework; path = System/Library/Frameworks/SwiftUI.framework; sourceTree = SDKROOT; };
		7F2FD1BA2E63828A00F7BC2F /* NewItemProducer.swift */ = {isa = PBXFileReference; lastKnownFileType = sourcecode.swift; path = NewItemProducer.swift; sourceTree = "<group>"; };
		7F378E6B2D3995B4001A5C9D /* TestListHeaders.swift */ = {isa = PBXFileReference; lastKnownFileType = sourcecode.swift; path = TestListHeaders.swift; sourceTree = "<group>"; };
		7F5B8B132CE91548007FE910 /* Three_Daily_Goals_macOS.entitlements */ = {isa = PBXFileReference; lastKnownFileType = text.plist.entitlements; path = Three_Daily_Goals_macOS.entitlements; sourceTree = "<group>"; };
		7F66BAE62BA76D9C0009B181 /* Three Daily Goals.xctestplan */ = {isa = PBXFileReference; lastKnownFileType = text; path = "Three Daily Goals.xctestplan"; sourceTree = "<group>"; };
		7F71FD252E6BFEA8001B92F4 /* EventService.swift */ = {isa = PBXFileReference; lastKnownFileType = sourcecode.swift; path = EventService.swift; sourceTree = "<group>"; };
		7F8C88AC2BF3E7D1005ACAF4 /* TagsPreferencesView.swift */ = {isa = PBXFileReference; fileEncoding = 4; lastKnownFileType = sourcecode.swift; path = TagsPreferencesView.swift; sourceTree = "<group>"; };
		7F8EBC852C2FC39E0003C1BB /* EventManager.swift */ = {isa = PBXFileReference; lastKnownFileType = sourcecode.swift; path = EventManager.swift; sourceTree = "<group>"; };
		7FA581012B97AF7600803614 /* CompassCheckDueDate.swift */ = {isa = PBXFileReference; fileEncoding = 4; lastKnownFileType = sourcecode.swift; path = CompassCheckDueDate.swift; sourceTree = "<group>"; };
		7FA581032B9838B700803614 /* SimpleListView.swift */ = {isa = PBXFileReference; lastKnownFileType = sourcecode.swift; path = SimpleListView.swift; sourceTree = "<group>"; };
		7FB3574E2E5B5009004581B7 /* CompassCheckManager.swift */ = {isa = PBXFileReference; lastKnownFileType = sourcecode.swift; path = CompassCheckManager.swift; sourceTree = "<group>"; };
		7FB357562E5B5020004581B7 /* PriorityUpdater.swift */ = {isa = PBXFileReference; lastKnownFileType = sourcecode.swift; path = PriorityUpdater.swift; sourceTree = "<group>"; };
		7FB357592E5B5040004581B7 /* ItemSelector.swift */ = {isa = PBXFileReference; lastKnownFileType = sourcecode.swift; path = ItemSelector.swift; sourceTree = "<group>"; };
		7FB3575A2E5B5050004581B7 /* AppSetup.swift */ = {isa = PBXFileReference; lastKnownFileType = sourcecode.swift; path = AppSetup.swift; sourceTree = "<group>"; };
		7FC676A22E6F658E00C41568 /* TestDatabaseErrors.swift */ = {isa = PBXFileReference; lastKnownFileType = sourcecode.swift; path = TestDatabaseErrors.swift; sourceTree = "<group>"; };
		7FC676A42E6F685B00C41568 /* DatabaseErrorReporter.swift */ = {isa = PBXFileReference; lastKnownFileType = sourcecode.swift; path = DatabaseErrorReporter.swift; sourceTree = "<group>"; };
		7FC676A62E7060B900C41568 /* TestCompassCheckSynchronization.swift */ = {isa = PBXFileReference; lastKnownFileType = sourcecode.swift; path = TestCompassCheckSynchronization.swift; sourceTree = "<group>"; };
		7FC676A82E706AB900C41568 /* TestCompassCheckSteps.swift */ = {isa = PBXFileReference; lastKnownFileType = sourcecode.swift; path = TestCompassCheckSteps.swift; sourceTree = "<group>"; };
		7FC676AA2E706B7900C41568 /* CompassCheckStep.swift */ = {isa = PBXFileReference; lastKnownFileType = sourcecode.swift; path = CompassCheckStep.swift; sourceTree = "<group>"; };
		7FC676BB2E70B76200C41568 /* TestCompassCheckFlexibility.swift */ = {isa = PBXFileReference; lastKnownFileType = sourcecode.swift; path = TestCompassCheckFlexibility.swift; sourceTree = "<group>"; };
		7FC75D412E790233007A436A /* ShareExtensionTestUtilities.swift */ = {isa = PBXFileReference; lastKnownFileType = sourcecode.swift; path = ShareExtensionTestUtilities.swift; sourceTree = "<group>"; };
		7FC75D452E790233007A436A /* TestShareFlow.swift */ = {isa = PBXFileReference; lastKnownFileType = sourcecode.swift; path = TestShareFlow.swift; sourceTree = "<group>"; };
		7FC75D4E2E793946007A436A /* TestShareExtensionHarness.swift */ = {isa = PBXFileReference; lastKnownFileType = sourcecode.swift; path = TestShareExtensionHarness.swift; sourceTree = "<group>"; };
		7FC75D4F2E793946007A436A /* TestShareExtensionIntegration.swift */ = {isa = PBXFileReference; lastKnownFileType = sourcecode.swift; path = TestShareExtensionIntegration.swift; sourceTree = "<group>"; };
		7FC75D502E793946007A436A /* TestShareExtensionView.swift */ = {isa = PBXFileReference; lastKnownFileType = sourcecode.swift; path = TestShareExtensionView.swift; sourceTree = "<group>"; };
		7FC89D262BFB1D7400FBA363 /* Credits.rtf */ = {isa = PBXFileReference; lastKnownFileType = text.rtf; path = Credits.rtf; sourceTree = "<group>"; };
		7FC89D282BFB239200FBA363 /* TestReview.swift */ = {isa = PBXFileReference; lastKnownFileType = sourcecode.swift; path = TestReview.swift; sourceTree = "<group>"; };
		7FE1FDDC2E42845B0016C181 /* iosShare.appex */ = {isa = PBXFileReference; explicitFileType = "wrapper.app-extension"; includeInIndex = 0; path = iosShare.appex; sourceTree = BUILT_PRODUCTS_DIR; };
		7FE1FE022E42B3060016C181 /* CloudKit.framework */ = {isa = PBXFileReference; lastKnownFileType = wrapper.framework; name = CloudKit.framework; path = Platforms/iPhoneOS.platform/Developer/SDKs/iPhoneOS18.5.sdk/System/Library/Frameworks/CloudKit.framework; sourceTree = DEVELOPER_DIR; };
		7FE1FE042E42B3230016C181 /* SwiftUI.framework */ = {isa = PBXFileReference; lastKnownFileType = wrapper.framework; name = SwiftUI.framework; path = Platforms/iPhoneOS.platform/Developer/SDKs/iPhoneOS18.5.sdk/System/Library/Frameworks/SwiftUI.framework; sourceTree = DEVELOPER_DIR; };
		7FE38F0E2C33084100C9A798 /* TDGEvent.swift */ = {isa = PBXFileReference; lastKnownFileType = sourcecode.swift; path = TDGEvent.swift; sourceTree = "<group>"; };
		7FE589492E78346900D29CC8 /* TestDynamicStorageKeys.swift */ = {isa = PBXFileReference; lastKnownFileType = sourcecode.swift; path = TestDynamicStorageKeys.swift; sourceTree = "<group>"; };
		7FECEC1C2E6613FB00E02234 /* TestIsStreakBroken.swift */ = {isa = PBXFileReference; lastKnownFileType = sourcecode.swift; path = TestIsStreakBroken.swift; sourceTree = "<group>"; };
		7FECEC1D2E6613FB00E02234 /* TestTimestampFix.swift */ = {isa = PBXFileReference; lastKnownFileType = sourcecode.swift; path = TestTimestampFix.swift; sourceTree = "<group>"; };
		7FECEC1E2E6613FB00E02234 /* TestTouchWithDescription.swift */ = {isa = PBXFileReference; lastKnownFileType = sourcecode.swift; path = TestTouchWithDescription.swift; sourceTree = "<group>"; };
		E50117DA2B6C228D00B2C25A /* TaskPreferencesView.swift */ = {isa = PBXFileReference; lastKnownFileType = sourcecode.swift; path = TaskPreferencesView.swift; sourceTree = "<group>"; };
		E51142752B33768300AB6E05 /* WidgetKit.framework */ = {isa = PBXFileReference; lastKnownFileType = wrapper.framework; name = WidgetKit.framework; path = /System/Library/Frameworks/WidgetKit.framework; sourceTree = "<absolute>"; };
		E51142772B33768300AB6E05 /* SwiftUI.framework */ = {isa = PBXFileReference; lastKnownFileType = wrapper.framework; name = SwiftUI.framework; path = /System/Library/Frameworks/SwiftUI.framework; sourceTree = "<absolute>"; };
		E51142912B342E3C00AB6E05 /* Three Daily Goals Widget.appex */ = {isa = PBXFileReference; explicitFileType = "wrapper.app-extension"; includeInIndex = 0; path = "Three Daily Goals Widget.appex"; sourceTree = BUILT_PRODUCTS_DIR; };
		E51142952B342E3C00AB6E05 /* Three_Daily_Goals__Widget_Bundle.swift */ = {isa = PBXFileReference; lastKnownFileType = sourcecode.swift; path = Three_Daily_Goals__Widget_Bundle.swift; sourceTree = "<group>"; };
		E51142972B342E3C00AB6E05 /* Three_Daily_Goals__Widget_.swift */ = {isa = PBXFileReference; lastKnownFileType = sourcecode.swift; path = Three_Daily_Goals__Widget_.swift; sourceTree = "<group>"; };
		E51142992B342E3C00AB6E05 /* AppIntent.swift */ = {isa = PBXFileReference; lastKnownFileType = sourcecode.swift; path = AppIntent.swift; sourceTree = "<group>"; };
		E511429B2B342E3F00AB6E05 /* Assets.xcassets */ = {isa = PBXFileReference; lastKnownFileType = folder.assetcatalog; path = Assets.xcassets; sourceTree = "<group>"; };
		E511429D2B342E3F00AB6E05 /* Info.plist */ = {isa = PBXFileReference; lastKnownFileType = text.plist.xml; path = Info.plist; sourceTree = "<group>"; };
		E511429E2B342E3F00AB6E05 /* Three_Daily_Goals__Widget_.entitlements */ = {isa = PBXFileReference; lastKnownFileType = text.plist.entitlements; path = Three_Daily_Goals__Widget_.entitlements; sourceTree = "<group>"; };
		E51142B22B34947F00AB6E05 /* WPriorities.swift */ = {isa = PBXFileReference; lastKnownFileType = sourcecode.swift; path = WPriorities.swift; sourceTree = "<group>"; };
		E51142B42B35ABB900AB6E05 /* LinkToTask.swift */ = {isa = PBXFileReference; lastKnownFileType = sourcecode.swift; path = LinkToTask.swift; sourceTree = "<group>"; };
		E5278A392B658FB90020C83D /* PreferencesView.swift */ = {isa = PBXFileReference; lastKnownFileType = sourcecode.swift; path = PreferencesView.swift; sourceTree = "<group>"; };
		E53C13132B6BED3B00E51553 /* CompassCheckPreferencesView.swift */ = {isa = PBXFileReference; lastKnownFileType = sourcecode.swift; path = CompassCheckPreferencesView.swift; sourceTree = "<group>"; };
		E559203A2B3772EE0002C709 /* CloudKit.framework */ = {isa = PBXFileReference; lastKnownFileType = wrapper.framework; name = CloudKit.framework; path = Platforms/iPhoneOS.platform/Developer/SDKs/iPhoneOS17.2.sdk/System/Library/Frameworks/CloudKit.framework; sourceTree = DEVELOPER_DIR; };
		E559203E2B38E8380002C709 /* TaskAsLine.swift */ = {isa = PBXFileReference; lastKnownFileType = sourcecode.swift; path = TaskAsLine.swift; sourceTree = "<group>"; };
		E561D6D82B1F54A6003BE36F /* Three Daily Goals.app */ = {isa = PBXFileReference; explicitFileType = wrapper.application; includeInIndex = 0; path = "Three Daily Goals.app"; sourceTree = BUILT_PRODUCTS_DIR; };
		E561D6DB2B1F54A6003BE36F /* Three_Daily_GoalsApp.swift */ = {isa = PBXFileReference; lastKnownFileType = sourcecode.swift; path = Three_Daily_GoalsApp.swift; sourceTree = "<group>"; };
		E561D6DD2B1F54A6003BE36F /* MainView.swift */ = {isa = PBXFileReference; lastKnownFileType = sourcecode.swift; path = MainView.swift; sourceTree = "<group>"; };
		E561D6E12B1F54A8003BE36F /* Assets.xcassets */ = {isa = PBXFileReference; lastKnownFileType = folder.assetcatalog; path = Assets.xcassets; sourceTree = "<group>"; };
		E561D6E32B1F54A8003BE36F /* Three_Daily_Goals.entitlements */ = {isa = PBXFileReference; lastKnownFileType = text.plist.entitlements; path = Three_Daily_Goals.entitlements; sourceTree = "<group>"; };
		E561D6E52B1F54A8003BE36F /* Preview Assets.xcassets */ = {isa = PBXFileReference; lastKnownFileType = folder.assetcatalog; path = "Preview Assets.xcassets"; sourceTree = "<group>"; };
		E561D6E72B1F54A8003BE36F /* Info.plist */ = {isa = PBXFileReference; lastKnownFileType = text.plist.xml; path = Info.plist; sourceTree = "<group>"; };
		E561D6EC2B1F54A9003BE36F /* Three Daily GoalsTests.xctest */ = {isa = PBXFileReference; explicitFileType = wrapper.cfbundle; includeInIndex = 0; path = "Three Daily GoalsTests.xctest"; sourceTree = BUILT_PRODUCTS_DIR; };
		E561D6F02B1F54A9003BE36F /* Three_Daily_GoalsTests.swift */ = {isa = PBXFileReference; lastKnownFileType = sourcecode.swift; path = Three_Daily_GoalsTests.swift; sourceTree = "<group>"; };
		E561D6F62B1F54A9003BE36F /* Three Daily GoalsUITests.xctest */ = {isa = PBXFileReference; explicitFileType = wrapper.cfbundle; includeInIndex = 0; path = "Three Daily GoalsUITests.xctest"; sourceTree = BUILT_PRODUCTS_DIR; };
		E561D6FA2B1F54A9003BE36F /* Three_Daily_GoalsUITests.swift */ = {isa = PBXFileReference; lastKnownFileType = sourcecode.swift; path = Three_Daily_GoalsUITests.swift; sourceTree = "<group>"; };
		E561D6FC2B1F54A9003BE36F /* Three_Daily_GoalsUITestsLaunchTests.swift */ = {isa = PBXFileReference; lastKnownFileType = sourcecode.swift; path = Three_Daily_GoalsUITestsLaunchTests.swift; sourceTree = "<group>"; };
		E57C31AF2B724B2700943EA1 /* PushNotification.swift */ = {isa = PBXFileReference; lastKnownFileType = sourcecode.swift; path = PushNotification.swift; sourceTree = "<group>"; };
		E582D0B72B2E13E30006DD5D /* TaskItemView.swift */ = {isa = PBXFileReference; lastKnownFileType = sourcecode.swift; path = TaskItemView.swift; sourceTree = "<group>"; };
		E597A4862B83D7B000BCD061 /* TestImportExport.swift */ = {isa = PBXFileReference; lastKnownFileType = sourcecode.swift; path = TestImportExport.swift; sourceTree = "<group>"; };
		E597A4882B83D83D00BCD061 /* ImportExport.swift */ = {isa = PBXFileReference; lastKnownFileType = sourcecode.swift; path = ImportExport.swift; sourceTree = "<group>"; };
		E597A48A2B848CD600BCD061 /* JSONDoc.swift */ = {isa = PBXFileReference; lastKnownFileType = sourcecode.swift; path = JSONDoc.swift; sourceTree = "<group>"; };
		E5ADEDD22B318B8800F0EA9C /* ListView.swift */ = {isa = PBXFileReference; lastKnownFileType = sourcecode.swift; path = ListView.swift; sourceTree = "<group>"; };
		E5ADEDD42B318C1100F0EA9C /* LinkToList.swift */ = {isa = PBXFileReference; lastKnownFileType = sourcecode.swift; path = LinkToList.swift; sourceTree = "<group>"; };
		E5B0030F2B31FE4900A90F8D /* CompassCheckDialog.swift */ = {isa = PBXFileReference; lastKnownFileType = sourcecode.swift; path = CompassCheckDialog.swift; sourceTree = "<group>"; };
		E5B376B02B78984200E66FAD /* AppLauncher.swift */ = {isa = PBXFileReference; lastKnownFileType = sourcecode.swift; path = AppLauncher.swift; sourceTree = "<group>"; };
		E5B376B52B7B551600E66FAD /* TestTaskItems.swift */ = {isa = PBXFileReference; lastKnownFileType = sourcecode.swift; path = TestTaskItems.swift; sourceTree = "<group>"; };
		E5D4FB762B749719002BB261 /* StreakView.swift */ = {isa = PBXFileReference; lastKnownFileType = sourcecode.swift; path = StreakView.swift; sourceTree = "<group>"; };
		E5DE105C2B69041F00381337 /* PreferencesTests.swift */ = {isa = PBXFileReference; lastKnownFileType = sourcecode.swift; path = PreferencesTests.swift; sourceTree = "<group>"; };
		E5E8B3932B77442F003300C3 /* RegularMainView.swift */ = {isa = PBXFileReference; lastKnownFileType = sourcecode.swift; path = RegularMainView.swift; sourceTree = "<group>"; };
		E5E8B3952B7744E0003300C3 /* CompactMainView.swift */ = {isa = PBXFileReference; fileEncoding = 4; lastKnownFileType = sourcecode.swift; path = CompactMainView.swift; sourceTree = "<group>"; };
		E5F705EB2B71EE56007BF387 /* TestDailyCompassCheckTime.swift */ = {isa = PBXFileReference; lastKnownFileType = sourcecode.swift; path = TestDailyCompassCheckTime.swift; sourceTree = "<group>"; };
		E5FEC7F32B4A8343007BE890 /* LeftSideView.swift */ = {isa = PBXFileReference; lastKnownFileType = sourcecode.swift; path = LeftSideView.swift; sourceTree = "<group>"; };
		E5FEC7F52B4BF0D3007BE890 /* Toolbar.swift */ = {isa = PBXFileReference; lastKnownFileType = sourcecode.swift; path = Toolbar.swift; sourceTree = "<group>"; };
		E5FEC7F72B4EF7AF007BE890 /* TestModelLists.swift */ = {isa = PBXFileReference; lastKnownFileType = sourcecode.swift; path = TestModelLists.swift; sourceTree = "<group>"; };
		E5FFC5BC2B6A717A00C9D60B /* CompassCheckCurrentPriorities.swift */ = {isa = PBXFileReference; lastKnownFileType = sourcecode.swift; path = CompassCheckCurrentPriorities.swift; sourceTree = "<group>"; };
		E5FFC5C02B6A72FB00C9D60B /* CompassCheckPendingResponses.swift */ = {isa = PBXFileReference; lastKnownFileType = sourcecode.swift; path = CompassCheckPendingResponses.swift; sourceTree = "<group>"; };
		E5FFC5C22B6A73A900C9D60B /* CompassCheckInformView.swift */ = {isa = PBXFileReference; lastKnownFileType = sourcecode.swift; path = CompassCheckInformView.swift; sourceTree = "<group>"; };
		E5FFC5C42B6A7A1600C9D60B /* CompassCheckNextPriorities.swift */ = {isa = PBXFileReference; lastKnownFileType = sourcecode.swift; path = CompassCheckNextPriorities.swift; sourceTree = "<group>"; };
/* End PBXFileReference section */

/* Begin PBXFileSystemSynchronizedBuildFileExceptionSet section */
		7FE1FDE92E42845B0016C181 /* PBXFileSystemSynchronizedBuildFileExceptionSet */ = {
			isa = PBXFileSystemSynchronizedBuildFileExceptionSet;
			membershipExceptions = (
				Info.plist,
			);
			target = 7FE1FDDB2E42845B0016C181 /* iosShare */;
		};
		7FE813822E5431DB00CEA462 /* PBXFileSystemSynchronizedBuildFileExceptionSet */ = {
			isa = PBXFileSystemSynchronizedBuildFileExceptionSet;
			membershipExceptions = (
				Info.plist,
			);
			target = 7F2F0A802E52DEB200461679 /* macosShare */;
		};
/* End PBXFileSystemSynchronizedBuildFileExceptionSet section */

/* Begin PBXFileSystemSynchronizedRootGroup section */
		7F2F0A822E52DEB200461679 /* macosShare */ = {isa = PBXFileSystemSynchronizedRootGroup; exceptions = (7FE813822E5431DB00CEA462 /* PBXFileSystemSynchronizedBuildFileExceptionSet */, ); explicitFileTypes = {}; explicitFolders = (); path = macosShare; sourceTree = "<group>"; };
		7FC6176C2E7B0A5E0033A1EF /* tdgCore */ = {isa = PBXFileSystemSynchronizedRootGroup; explicitFileTypes = {}; explicitFolders = (); path = tdgCore; sourceTree = "<group>"; };
		7FC676B22E706B7900C41568 /* CompassCheckSteps */ = {isa = PBXFileSystemSynchronizedRootGroup; explicitFileTypes = {}; explicitFolders = (); path = CompassCheckSteps; sourceTree = "<group>"; };
		7FE1FDDD2E42845B0016C181 /* iosShare */ = {isa = PBXFileSystemSynchronizedRootGroup; exceptions = (7FE1FDE92E42845B0016C181 /* PBXFileSystemSynchronizedBuildFileExceptionSet */, ); explicitFileTypes = {}; explicitFolders = (); path = iosShare; sourceTree = "<group>"; };
/* End PBXFileSystemSynchronizedRootGroup section */

/* Begin PBXFrameworksBuildPhase section */
		7F2F0A7E2E52DEB200461679 /* Frameworks */ = {
			isa = PBXFrameworksBuildPhase;
			buildActionMask = 2147483647;
			files = (
				7FC635462E7B0C500033A1EF /* tdgCoreShare in Frameworks */,
				7F2F0AB62E52E30700461679 /* SwiftUI.framework in Frameworks */,
				7F2F0AB42E52E2FF00461679 /* CloudKit.framework in Frameworks */,
			);
			runOnlyForDeploymentPostprocessing = 0;
		};
		7FE1FDD92E42845B0016C181 /* Frameworks */ = {
			isa = PBXFrameworksBuildPhase;
			buildActionMask = 2147483647;
			files = (
				7FC635442E7B0C500033A1EF /* tdgCoreShare in Frameworks */,
				7FE1FE052E42B3230016C181 /* SwiftUI.framework in Frameworks */,
				7FE1FE032E42B3060016C181 /* CloudKit.framework in Frameworks */,
			);
			runOnlyForDeploymentPostprocessing = 0;
		};
		E511428E2B342E3C00AB6E05 /* Frameworks */ = {
			isa = PBXFrameworksBuildPhase;
			buildActionMask = 2147483647;
			files = (
				E559203B2B3772EE0002C709 /* CloudKit.framework in Frameworks */,
				E51142932B342E3C00AB6E05 /* SwiftUI.framework in Frameworks */,
				E51142922B342E3C00AB6E05 /* WidgetKit.framework in Frameworks */,
				7FC635412E7B0C480033A1EF /* tdgCoreWidget in Frameworks */,
			);
			runOnlyForDeploymentPostprocessing = 0;
		};
		E561D6D52B1F54A6003BE36F /* Frameworks */ = {
			isa = PBXFrameworksBuildPhase;
			buildActionMask = 2147483647;
			files = (
				7FC6353F2E7B0C410033A1EF /* tdgCoreMain in Frameworks */,
				7FA02AB12C18AABE00EC81CE /* SimpleCalendar in Frameworks */,
				E597A4852B82B68300BCD061 /* CloudKit.framework in Frameworks */,
			);
			runOnlyForDeploymentPostprocessing = 0;
		};
		E561D6E92B1F54A9003BE36F /* Frameworks */ = {
			isa = PBXFrameworksBuildPhase;
			buildActionMask = 2147483647;
			files = (
				7FC635372E7B0C150033A1EF /* tdgCore in Frameworks */,
			);
			runOnlyForDeploymentPostprocessing = 0;
		};
		E561D6F32B1F54A9003BE36F /* Frameworks */ = {
			isa = PBXFrameworksBuildPhase;
			buildActionMask = 2147483647;
			files = (
				7FC6353D2E7B0C350033A1EF /* tdgCore in Frameworks */,
			);
			runOnlyForDeploymentPostprocessing = 0;
		};
/* End PBXFrameworksBuildPhase section */

/* Begin PBXGroup section */
		7FE38F0D2C33083300C9A798 /* Events */ = {
			isa = PBXGroup;
			children = (
				7F71FD252E6BFEA8001B92F4 /* EventService.swift */,
				7F8EBC852C2FC39E0003C1BB /* EventManager.swift */,
				7FE38F0E2C33084100C9A798 /* TDGEvent.swift */,
			);
			path = Events;
			sourceTree = "<group>";
		};
		E51142742B33768300AB6E05 /* Frameworks */ = {
			isa = PBXGroup;
			children = (
				7F2F0AB52E52E30700461679 /* SwiftUI.framework */,
				7F2F0AB32E52E2FF00461679 /* CloudKit.framework */,
				7FE1FE042E42B3230016C181 /* SwiftUI.framework */,
				E559203A2B3772EE0002C709 /* CloudKit.framework */,
				7FE1FE022E42B3060016C181 /* CloudKit.framework */,
				E51142752B33768300AB6E05 /* WidgetKit.framework */,
				E51142772B33768300AB6E05 /* SwiftUI.framework */,
			);
			name = Frameworks;
			sourceTree = "<group>";
		};
		E51142942B342E3C00AB6E05 /* Three Daily Goals (Widget) */ = {
			isa = PBXGroup;
			children = (
				E51142952B342E3C00AB6E05 /* Three_Daily_Goals__Widget_Bundle.swift */,
				E51142972B342E3C00AB6E05 /* Three_Daily_Goals__Widget_.swift */,
				E51142B22B34947F00AB6E05 /* WPriorities.swift */,
				E51142992B342E3C00AB6E05 /* AppIntent.swift */,
				E511429B2B342E3F00AB6E05 /* Assets.xcassets */,
				E511429D2B342E3F00AB6E05 /* Info.plist */,
				E511429E2B342E3F00AB6E05 /* Three_Daily_Goals__Widget_.entitlements */,
			);
			path = "Three Daily Goals (Widget)";
			sourceTree = "<group>";
		};
		E53C13122B6BECB400E51553 /* Preferences */ = {
			isa = PBXGroup;
			children = (
				E5278A392B658FB90020C83D /* PreferencesView.swift */,
				E53C13132B6BED3B00E51553 /* CompassCheckPreferencesView.swift */,
				E50117DA2B6C228D00B2C25A /* TaskPreferencesView.swift */,
				7F8C88AC2BF3E7D1005ACAF4 /* TagsPreferencesView.swift */,
			);
			path = Preferences;
			sourceTree = "<group>";
		};
		E561D6CF2B1F54A6003BE36F = {
			isa = PBXGroup;
			children = (
				7FC6176C2E7B0A5E0033A1EF /* tdgCore */,
				7F1774622E1F8D1B00C12285 /* Requirements.txt */,
				7F66BAE62BA76D9C0009B181 /* Three Daily Goals.xctestplan */,
				E561D6DA2B1F54A6003BE36F /* Three Daily Goals */,
				E561D6EF2B1F54A9003BE36F /* Three Daily GoalsTests */,
				E561D6F92B1F54A9003BE36F /* Three Daily GoalsUITests */,
				E51142942B342E3C00AB6E05 /* Three Daily Goals (Widget) */,
				7FE1FDDD2E42845B0016C181 /* iosShare */,
				7F2F0A822E52DEB200461679 /* macosShare */,
				E51142742B33768300AB6E05 /* Frameworks */,
				E561D6D92B1F54A6003BE36F /* Products */,
			);
			sourceTree = "<group>";
		};
		E561D6D92B1F54A6003BE36F /* Products */ = {
			isa = PBXGroup;
			children = (
				E561D6D82B1F54A6003BE36F /* Three Daily Goals.app */,
				E561D6EC2B1F54A9003BE36F /* Three Daily GoalsTests.xctest */,
				E561D6F62B1F54A9003BE36F /* Three Daily GoalsUITests.xctest */,
				E51142912B342E3C00AB6E05 /* Three Daily Goals Widget.appex */,
				7FE1FDDC2E42845B0016C181 /* iosShare.appex */,
				7F2F0A812E52DEB200461679 /* macosShare.appex */,
			);
			name = Products;
			sourceTree = "<group>";
		};
		E561D6DA2B1F54A6003BE36F /* Three Daily Goals */ = {
			isa = PBXGroup;
			children = (
				E5E1F4772B30614300E83A21 /* App */,
				E5E1F4762B30611700E83A21 /* Presentation */,
				E5B698F92B7C89170086C3EB /* Controller */,
				E5E1F4752B3060FD00E83A21 /* Domain */,
				E561D6E12B1F54A8003BE36F /* Assets.xcassets */,
				7F5B8B132CE91548007FE910 /* Three_Daily_Goals_macOS.entitlements */,
				E561D6E32B1F54A8003BE36F /* Three_Daily_Goals.entitlements */,
				E561D6E72B1F54A8003BE36F /* Info.plist */,
				E561D6E42B1F54A8003BE36F /* Preview Content */,
				7FC89D262BFB1D7400FBA363 /* Credits.rtf */,
			);
			path = "Three Daily Goals";
			sourceTree = "<group>";
		};
		E561D6E42B1F54A8003BE36F /* Preview Content */ = {
			isa = PBXGroup;
			children = (
				E561D6E52B1F54A8003BE36F /* Preview Assets.xcassets */,
			);
			path = "Preview Content";
			sourceTree = "<group>";
		};
		E561D6EF2B1F54A9003BE36F /* Three Daily GoalsTests */ = {
			isa = PBXGroup;
			children = (
				7FC75D412E790233007A436A /* ShareExtensionTestUtilities.swift */,
				7FC75D452E790233007A436A /* TestShareFlow.swift */,
				7FE589492E78346900D29CC8 /* TestDynamicStorageKeys.swift */,
				7FC676BB2E70B76200C41568 /* TestCompassCheckFlexibility.swift */,
				7FC676A82E706AB900C41568 /* TestCompassCheckSteps.swift */,
				7FC676A62E7060B900C41568 /* TestCompassCheckSynchronization.swift */,
				7FC676A22E6F658E00C41568 /* TestDatabaseErrors.swift */,
				7F19BFAC2E694A8B00238C81 /* TestTaskItemIsUnchanged.swift */,
				7F19BF9C2E672BF800238C81 /* TestTags.swift */,
				7FECEC1C2E6613FB00E02234 /* TestIsStreakBroken.swift */,
				7FECEC1D2E6613FB00E02234 /* TestTimestampFix.swift */,
				7FECEC1E2E6613FB00E02234 /* TestTouchWithDescription.swift */,
				7F378E6B2D3995B4001A5C9D /* TestListHeaders.swift */,
				E561D6F02B1F54A9003BE36F /* Three_Daily_GoalsTests.swift */,
				E5FEC7F72B4EF7AF007BE890 /* TestModelLists.swift */,
				E5DE105C2B69041F00381337 /* PreferencesTests.swift */,
				E5F705EB2B71EE56007BF387 /* TestDailyCompassCheckTime.swift */,
				E5B376B52B7B551600E66FAD /* TestTaskItems.swift */,
				7F2F0A942E52DF8000461679 /* TestAttachments.swift */,
				E597A4862B83D7B000BCD061 /* TestImportExport.swift */,
				7FC89D282BFB239200FBA363 /* TestReview.swift */,
			);
			path = "Three Daily GoalsTests";
			sourceTree = "<group>";
		};
		E561D6F92B1F54A9003BE36F /* Three Daily GoalsUITests */ = {
			isa = PBXGroup;
			children = (
				7FC75D4E2E793946007A436A /* TestShareExtensionHarness.swift */,
				7FC75D4F2E793946007A436A /* TestShareExtensionIntegration.swift */,
				7FC75D502E793946007A436A /* TestShareExtensionView.swift */,
				E561D6FA2B1F54A9003BE36F /* Three_Daily_GoalsUITests.swift */,
				E561D6FC2B1F54A9003BE36F /* Three_Daily_GoalsUITestsLaunchTests.swift */,
				7F2F0A952E52DF9000461679 /* AttachmentUITests.swift */,
				E5B376B02B78984200E66FAD /* AppLauncher.swift */,
			);
			path = "Three Daily GoalsUITests";
			sourceTree = "<group>";
		};
		E5B376B42B7B506F00E66FAD /* TaskView */ = {
			isa = PBXGroup;
			children = (
				E582D0B72B2E13E30006DD5D /* TaskItemView.swift */,
			);
			path = TaskView;
			sourceTree = "<group>";
		};
		E5B698F92B7C89170086C3EB /* Controller */ = {
			isa = PBXGroup;
			children = (
				7FC676A42E6F685B00C41568 /* DatabaseErrorReporter.swift */,
				7F2FD1BA2E63828A00F7BC2F /* NewItemProducer.swift */,
				7FB3574E2E5B5009004581B7 /* CompassCheckManager.swift */,
				7FB357562E5B5020004581B7 /* PriorityUpdater.swift */,
				7FB357592E5B5040004581B7 /* ItemSelector.swift */,
				7FB3575A2E5B5050004581B7 /* AppSetup.swift */,
				7F160E882E5AE6DF006ABEEE /* DataManager.swift */,
				7F160E862E5AE3F9006ABEEE /* UIStateManager.swift */,
				7F1EC4BB2E087F09000E5FDC /* CalendarManager.swift */,
				7FE38F0D2C33083300C9A798 /* Events */,
				E597A4882B83D83D00BCD061 /* ImportExport.swift */,
			);
			path = Controller;
			sourceTree = "<group>";
		};
		E5E1F4752B3060FD00E83A21 /* Domain */ = {
			isa = PBXGroup;
			children = (
				7FC676AA2E706B7900C41568 /* CompassCheckStep.swift */,
				7FC676B22E706B7900C41568 /* CompassCheckSteps */,
				E57C31AF2B724B2700943EA1 /* PushNotification.swift */,
				E597A48A2B848CD600BCD061 /* JSONDoc.swift */,
			);
			path = Domain;
			sourceTree = "<group>";
		};
		E5E1F4762B30611700E83A21 /* Presentation */ = {
			isa = PBXGroup;
			children = (
				E5B376B42B7B506F00E66FAD /* TaskView */,
				E53C13122B6BECB400E51553 /* Preferences */,
				E5FFC5BB2B6A715400C9D60B /* Review */,
				E561D6DD2B1F54A6003BE36F /* MainView.swift */,
				E5E8B3932B77442F003300C3 /* RegularMainView.swift */,
				E5E8B3952B7744E0003300C3 /* CompactMainView.swift */,
				E5ADEDD22B318B8800F0EA9C /* ListView.swift */,
				E5ADEDD42B318C1100F0EA9C /* LinkToList.swift */,
				E51142B42B35ABB900AB6E05 /* LinkToTask.swift */,
				E559203E2B38E8380002C709 /* TaskAsLine.swift */,
				E5FEC7F32B4A8343007BE890 /* LeftSideView.swift */,
				E5FEC7F52B4BF0D3007BE890 /* Toolbar.swift */,
				E5D4FB762B749719002BB261 /* StreakView.swift */,
				7FA581032B9838B700803614 /* SimpleListView.swift */,
			);
			path = Presentation;
			sourceTree = "<group>";
		};
		E5E1F4772B30614300E83A21 /* App */ = {
			isa = PBXGroup;
			children = (
				E561D6DB2B1F54A6003BE36F /* Three_Daily_GoalsApp.swift */,
			);
			path = App;
			sourceTree = "<group>";
		};
		E5FFC5BB2B6A715400C9D60B /* Review */ = {
			isa = PBXGroup;
			children = (
				E5B0030F2B31FE4900A90F8D /* CompassCheckDialog.swift */,
				E5FFC5BC2B6A717A00C9D60B /* CompassCheckCurrentPriorities.swift */,
				E5FFC5C02B6A72FB00C9D60B /* CompassCheckPendingResponses.swift */,
				7FA581012B97AF7600803614 /* CompassCheckDueDate.swift */,
				E5FFC5C22B6A73A900C9D60B /* CompassCheckInformView.swift */,
				E5FFC5C42B6A7A1600C9D60B /* CompassCheckNextPriorities.swift */,
				7F2D67602C2BC13D00C893B3 /* CompassCheckPlanDay.swift */,
			);
			path = Review;
			sourceTree = "<group>";
		};
/* End PBXGroup section */

/* Begin PBXNativeTarget section */
		7F2F0A802E52DEB200461679 /* macosShare */ = {
			isa = PBXNativeTarget;
			buildConfigurationList = 7F2F0A8F2E52DEB200461679 /* Build configuration list for PBXNativeTarget "macosShare" */;
			buildPhases = (
				7F2F0A7D2E52DEB200461679 /* Sources */,
				7F2F0A7E2E52DEB200461679 /* Frameworks */,
				7F2F0A7F2E52DEB200461679 /* Resources */,
			);
			buildRules = (
			);
			dependencies = (
			);
			fileSystemSynchronizedGroups = (
				7F2F0A822E52DEB200461679 /* macosShare */,
			);
			name = macosShare;
			packageProductDependencies = (
				7FC635452E7B0C500033A1EF /* tdgCoreShare */,
			);
			productName = macosShare;
			productReference = 7F2F0A812E52DEB200461679 /* macosShare.appex */;
			productType = "com.apple.product-type.app-extension";
		};
		7FE1FDDB2E42845B0016C181 /* iosShare */ = {
			isa = PBXNativeTarget;
			buildConfigurationList = 7FE1FDEA2E42845B0016C181 /* Build configuration list for PBXNativeTarget "iosShare" */;
			buildPhases = (
				7FE1FDD82E42845B0016C181 /* Sources */,
				7FE1FDD92E42845B0016C181 /* Frameworks */,
				7FE1FDDA2E42845B0016C181 /* Resources */,
			);
			buildRules = (
			);
			dependencies = (
			);
			fileSystemSynchronizedGroups = (
				7FE1FDDD2E42845B0016C181 /* iosShare */,
			);
			name = iosShare;
			packageProductDependencies = (
				7FC635432E7B0C500033A1EF /* tdgCoreShare */,
			);
			productName = iosShare;
			productReference = 7FE1FDDC2E42845B0016C181 /* iosShare.appex */;
			productType = "com.apple.product-type.app-extension";
		};
		E51142902B342E3C00AB6E05 /* Three Daily Goals Widget */ = {
			isa = PBXNativeTarget;
			buildConfigurationList = E51142A22B342E3F00AB6E05 /* Build configuration list for PBXNativeTarget "Three Daily Goals Widget" */;
			buildPhases = (
				E511428D2B342E3C00AB6E05 /* Sources */,
				E511428E2B342E3C00AB6E05 /* Frameworks */,
				E511428F2B342E3C00AB6E05 /* Resources */,
			);
			buildRules = (
			);
			dependencies = (
			);
			name = "Three Daily Goals Widget";
			packageProductDependencies = (
				7FC635402E7B0C480033A1EF /* tdgCoreWidget */,
			);
			productName = "Three Daily Goals (Widget)Extension";
			productReference = E51142912B342E3C00AB6E05 /* Three Daily Goals Widget.appex */;
			productType = "com.apple.product-type.app-extension";
		};
		E561D6D72B1F54A6003BE36F /* Three Daily Goals */ = {
			isa = PBXNativeTarget;
			buildConfigurationList = E561D7002B1F54A9003BE36F /* Build configuration list for PBXNativeTarget "Three Daily Goals" */;
			buildPhases = (
				E561D6D42B1F54A6003BE36F /* Sources */,
				E561D6D52B1F54A6003BE36F /* Frameworks */,
				E561D6D62B1F54A6003BE36F /* Resources */,
				E511428A2B33768600AB6E05 /* Embed Foundation Extensions */,
			);
			buildRules = (
			);
			dependencies = (
				E51142A02B342E3F00AB6E05 /* PBXTargetDependency */,
				7FE1FDE52E42845B0016C181 /* PBXTargetDependency */,
				7F2F0A8C2E52DEB200461679 /* PBXTargetDependency */,
			);
			fileSystemSynchronizedGroups = (
				7FC676B22E706B7900C41568 /* CompassCheckSteps */,
			);
			name = "Three Daily Goals";
			packageProductDependencies = (
				7FA02AB02C18AABE00EC81CE /* SimpleCalendar */,
				7FC6353E2E7B0C410033A1EF /* tdgCoreMain */,
			);
			productName = "Three Daily Goals";
			productReference = E561D6D82B1F54A6003BE36F /* Three Daily Goals.app */;
			productType = "com.apple.product-type.application";
		};
		E561D6EB2B1F54A9003BE36F /* Three Daily GoalsTests */ = {
			isa = PBXNativeTarget;
			buildConfigurationList = E561D7032B1F54A9003BE36F /* Build configuration list for PBXNativeTarget "Three Daily GoalsTests" */;
			buildPhases = (
				E561D6E82B1F54A9003BE36F /* Sources */,
				E561D6E92B1F54A9003BE36F /* Frameworks */,
				E561D6EA2B1F54A9003BE36F /* Resources */,
			);
			buildRules = (
			);
			dependencies = (
				E561D6EE2B1F54A9003BE36F /* PBXTargetDependency */,
			);
			name = "Three Daily GoalsTests";
			productName = "Three Daily GoalsTests";
			productReference = E561D6EC2B1F54A9003BE36F /* Three Daily GoalsTests.xctest */;
			productType = "com.apple.product-type.bundle.unit-test";
		};
		E561D6F52B1F54A9003BE36F /* Three Daily GoalsUITests */ = {
			isa = PBXNativeTarget;
			buildConfigurationList = E561D7062B1F54A9003BE36F /* Build configuration list for PBXNativeTarget "Three Daily GoalsUITests" */;
			buildPhases = (
				E561D6F22B1F54A9003BE36F /* Sources */,
				E561D6F32B1F54A9003BE36F /* Frameworks */,
				E561D6F42B1F54A9003BE36F /* Resources */,
			);
			buildRules = (
			);
			dependencies = (
				E561D6F82B1F54A9003BE36F /* PBXTargetDependency */,
			);
			name = "Three Daily GoalsUITests";
			productName = "Three Daily GoalsUITests";
			productReference = E561D6F62B1F54A9003BE36F /* Three Daily GoalsUITests.xctest */;
			productType = "com.apple.product-type.bundle.ui-testing";
		};
/* End PBXNativeTarget section */

/* Begin PBXProject section */
		E561D6D02B1F54A6003BE36F /* Project object */ = {
			isa = PBXProject;
			attributes = {
				BuildIndependentTargetsInParallel = 1;
				LastSwiftUpdateCheck = 2600;
				LastUpgradeCheck = 2600;
				TargetAttributes = {
					7F2F0A802E52DEB200461679 = {
						CreatedOnToolsVersion = 26.0;
					};
					7FE1FDDB2E42845B0016C181 = {
						CreatedOnToolsVersion = 16.4;
					};
					E51142902B342E3C00AB6E05 = {
						CreatedOnToolsVersion = 15.1;
					};
					E561D6D72B1F54A6003BE36F = {
						CreatedOnToolsVersion = 15.0.1;
					};
					E561D6EB2B1F54A9003BE36F = {
						CreatedOnToolsVersion = 15.0.1;
						TestTargetID = E561D6D72B1F54A6003BE36F;
					};
					E561D6F52B1F54A9003BE36F = {
						CreatedOnToolsVersion = 15.0.1;
						TestTargetID = E561D6D72B1F54A6003BE36F;
					};
				};
			};
			buildConfigurationList = E561D6D32B1F54A6003BE36F /* Build configuration list for PBXProject "Three Daily Goals" */;
			compatibilityVersion = "Xcode 14.0";
			developmentRegion = en;
			hasScannedForEncodings = 0;
			knownRegions = (
				en,
				Base,
			);
			mainGroup = E561D6CF2B1F54A6003BE36F;
			packageReferences = (
				7FA02AAF2C18AABE00EC81CE /* XCRemoteSwiftPackageReference "SimpleCalendar" */,
				7FC6352F2E7B0C060033A1EF /* XCLocalSwiftPackageReference "tdgCore" */,
			);
			productRefGroup = E561D6D92B1F54A6003BE36F /* Products */;
			projectDirPath = "";
			projectRoot = "";
			targets = (
				E561D6D72B1F54A6003BE36F /* Three Daily Goals */,
				E561D6EB2B1F54A9003BE36F /* Three Daily GoalsTests */,
				E561D6F52B1F54A9003BE36F /* Three Daily GoalsUITests */,
				E51142902B342E3C00AB6E05 /* Three Daily Goals Widget */,
				7FE1FDDB2E42845B0016C181 /* iosShare */,
				7F2F0A802E52DEB200461679 /* macosShare */,
			);
		};
/* End PBXProject section */

/* Begin PBXResourcesBuildPhase section */
		7F2F0A7F2E52DEB200461679 /* Resources */ = {
			isa = PBXResourcesBuildPhase;
			buildActionMask = 2147483647;
			files = (
			);
			runOnlyForDeploymentPostprocessing = 0;
		};
		7FE1FDDA2E42845B0016C181 /* Resources */ = {
			isa = PBXResourcesBuildPhase;
			buildActionMask = 2147483647;
			files = (
			);
			runOnlyForDeploymentPostprocessing = 0;
		};
		E511428F2B342E3C00AB6E05 /* Resources */ = {
			isa = PBXResourcesBuildPhase;
			buildActionMask = 2147483647;
			files = (
				E5DE0DC72B564C440066CC85 /* Assets.xcassets in Resources */,
				E511429C2B342E3F00AB6E05 /* Assets.xcassets in Resources */,
			);
			runOnlyForDeploymentPostprocessing = 0;
		};
		E561D6D62B1F54A6003BE36F /* Resources */ = {
			isa = PBXResourcesBuildPhase;
			buildActionMask = 2147483647;
			files = (
				E561D6E62B1F54A8003BE36F /* Preview Assets.xcassets in Resources */,
				7FC89D272BFB1D7400FBA363 /* Credits.rtf in Resources */,
				E561D6E22B1F54A8003BE36F /* Assets.xcassets in Resources */,
			);
			runOnlyForDeploymentPostprocessing = 0;
		};
		E561D6EA2B1F54A9003BE36F /* Resources */ = {
			isa = PBXResourcesBuildPhase;
			buildActionMask = 2147483647;
			files = (
			);
			runOnlyForDeploymentPostprocessing = 0;
		};
		E561D6F42B1F54A9003BE36F /* Resources */ = {
			isa = PBXResourcesBuildPhase;
			buildActionMask = 2147483647;
			files = (
			);
			runOnlyForDeploymentPostprocessing = 0;
		};
/* End PBXResourcesBuildPhase section */

/* Begin PBXSourcesBuildPhase section */
		7F2F0A7D2E52DEB200461679 /* Sources */ = {
			isa = PBXSourcesBuildPhase;
			buildActionMask = 2147483647;
			files = (
			);
			runOnlyForDeploymentPostprocessing = 0;
		};
		7FE1FDD82E42845B0016C181 /* Sources */ = {
			isa = PBXSourcesBuildPhase;
			buildActionMask = 2147483647;
			files = (
			);
			runOnlyForDeploymentPostprocessing = 0;
		};
		E511428D2B342E3C00AB6E05 /* Sources */ = {
			isa = PBXSourcesBuildPhase;
			buildActionMask = 2147483647;
			files = (
				E51142982B342E3C00AB6E05 /* Three_Daily_Goals__Widget_.swift in Sources */,
				E51142962B342E3C00AB6E05 /* Three_Daily_Goals__Widget_Bundle.swift in Sources */,
				E511429A2B342E3C00AB6E05 /* AppIntent.swift in Sources */,
				E51142B32B34947F00AB6E05 /* WPriorities.swift in Sources */,
			);
			runOnlyForDeploymentPostprocessing = 0;
		};
		E561D6D42B1F54A6003BE36F /* Sources */ = {
			isa = PBXSourcesBuildPhase;
			buildActionMask = 2147483647;
			files = (
				E57C31B02B724B2700943EA1 /* PushNotification.swift in Sources */,
				E5FFC5C12B6A72FB00C9D60B /* CompassCheckPendingResponses.swift in Sources */,
				E5FFC5C32B6A73A900C9D60B /* CompassCheckInformView.swift in Sources */,
				7FA581022B97AF7600803614 /* CompassCheckDueDate.swift in Sources */,
				E597A48B2B848CD600BCD061 /* JSONDoc.swift in Sources */,
				7FE38F0F2C33084100C9A798 /* TDGEvent.swift in Sources */,
				7FB3574F2E5B5009004581B7 /* CompassCheckManager.swift in Sources */,
				7FB357572E5B5020004581B7 /* PriorityUpdater.swift in Sources */,
				7FB3575A2E5B5040004581B7 /* ItemSelector.swift in Sources */,
				7FB3575B2E5B5050004581B7 /* AppSetup.swift in Sources */,
				E53C13142B6BED3B00E51553 /* CompassCheckPreferencesView.swift in Sources */,
				7F8EBC862C2FC39E0003C1BB /* EventManager.swift in Sources */,
				7F160E872E5AE3F9006ABEEE /* UIStateManager.swift in Sources */,
				7F160E892E5AE6DF006ABEEE /* DataManager.swift in Sources */,
				E5E8B3962B7744E0003300C3 /* CompactMainView.swift in Sources */,
				7F2FD1BB2E63829300F7BC2F /* NewItemProducer.swift in Sources */,
				E582D0B82B2E13E30006DD5D /* TaskItemView.swift in Sources */,
				E5FEC7F62B4BF0D4007BE890 /* Toolbar.swift in Sources */,
				E561D6DE2B1F54A6003BE36F /* MainView.swift in Sources */,
				E597A4892B83D83D00BCD061 /* ImportExport.swift in Sources */,
				E5D4FB772B749719002BB261 /* StreakView.swift in Sources */,
				E50117DB2B6C228D00B2C25A /* TaskPreferencesView.swift in Sources */,
				E5FEC7F42B4A8343007BE890 /* LeftSideView.swift in Sources */,
				7FA581042B9838B700803614 /* SimpleListView.swift in Sources */,
				7F71FD262E6BFEA8001B92F4 /* EventService.swift in Sources */,
				E5FFC5BD2B6A717B00C9D60B /* CompassCheckCurrentPriorities.swift in Sources */,
				E5FFC5C52B6A7A1600C9D60B /* CompassCheckNextPriorities.swift in Sources */,
				7FC676B32E706B7900C41568 /* CompassCheckStep.swift in Sources */,
				E5278A3A2B658FB90020C83D /* PreferencesView.swift in Sources */,
				E5ADEDD52B318C1100F0EA9C /* LinkToList.swift in Sources */,
				7FC676A52E6F685B00C41568 /* DatabaseErrorReporter.swift in Sources */,
				E5ADEDD32B318B8800F0EA9C /* ListView.swift in Sources */,
				E51142B52B35ABB900AB6E05 /* LinkToTask.swift in Sources */,
				E5E8B3942B77442F003300C3 /* RegularMainView.swift in Sources */,
				7F2D67612C2BC13D00C893B3 /* CompassCheckPlanDay.swift in Sources */,
				7F8C88AD2BF3E7D1005ACAF4 /* TagsPreferencesView.swift in Sources */,
				E5B003102B31FE4900A90F8D /* CompassCheckDialog.swift in Sources */,
				E561D6DC2B1F54A6003BE36F /* Three_Daily_GoalsApp.swift in Sources */,
				E559203F2B38E8380002C709 /* TaskAsLine.swift in Sources */,
				7F1EC4BC2E087F12000E5FDC /* CalendarManager.swift in Sources */,
			);
			runOnlyForDeploymentPostprocessing = 0;
		};
		E561D6E82B1F54A9003BE36F /* Sources */ = {
			isa = PBXSourcesBuildPhase;
			buildActionMask = 2147483647;
			files = (
				7F378E6C2D3995BE001A5C9D /* TestListHeaders.swift in Sources */,
				7F19BFAD2E694A8B00238C81 /* TestTaskItemIsUnchanged.swift in Sources */,
				7FC89D292BFB239200FBA363 /* TestReview.swift in Sources */,
				7FECEC1F2E6613FB00E02234 /* TestTimestampFix.swift in Sources */,
				7FC676A92E706AB900C41568 /* TestCompassCheckSteps.swift in Sources */,
				7FECEC202E6613FB00E02234 /* TestTouchWithDescription.swift in Sources */,
				7FECEC212E6613FB00E02234 /* TestIsStreakBroken.swift in Sources */,
				7FC75D482E790233007A436A /* ShareExtensionTestUtilities.swift in Sources */,
				7FC75D492E790233007A436A /* TestShareFlow.swift in Sources */,
				7FC676A72E7060B900C41568 /* TestCompassCheckSynchronization.swift in Sources */,
				E597A4872B83D7B000BCD061 /* TestImportExport.swift in Sources */,
				E5F705EC2B71EE56007BF387 /* TestDailyCompassCheckTime.swift in Sources */,
				7FC676A32E6F658E00C41568 /* TestDatabaseErrors.swift in Sources */,
				7FC676BC2E70B76200C41568 /* TestCompassCheckFlexibility.swift in Sources */,
				E5DE105D2B69041F00381337 /* PreferencesTests.swift in Sources */,
				E561D6F12B1F54A9003BE36F /* Three_Daily_GoalsTests.swift in Sources */,
				7F19BF9D2E672BF800238C81 /* TestTags.swift in Sources */,
				E5FEC7F82B4EF7AF007BE890 /* TestModelLists.swift in Sources */,
				7FE5894A2E78346900D29CC8 /* TestDynamicStorageKeys.swift in Sources */,
				E5B376B62B7B551600E66FAD /* TestTaskItems.swift in Sources */,
				7F2F0A962E52DFA000461679 /* TestAttachments.swift in Sources */,
			);
			runOnlyForDeploymentPostprocessing = 0;
		};
		E561D6F22B1F54A9003BE36F /* Sources */ = {
			isa = PBXSourcesBuildPhase;
			buildActionMask = 2147483647;
			files = (
				E561D6FD2B1F54A9003BE36F /* Three_Daily_GoalsUITestsLaunchTests.swift in Sources */,
				E561D6FB2B1F54A9003BE36F /* Three_Daily_GoalsUITests.swift in Sources */,
				7F2F0A972E52DFB000461679 /* AttachmentUITests.swift in Sources */,
				7FC75D512E793946007A436A /* TestShareExtensionIntegration.swift in Sources */,
				7FC75D522E793946007A436A /* TestShareExtensionView.swift in Sources */,
				7FC75D532E793946007A436A /* TestShareExtensionHarness.swift in Sources */,
				E5B376B12B78984200E66FAD /* AppLauncher.swift in Sources */,
			);
			runOnlyForDeploymentPostprocessing = 0;
		};
/* End PBXSourcesBuildPhase section */

/* Begin PBXTargetDependency section */
		7F2F0A8C2E52DEB200461679 /* PBXTargetDependency */ = {
			isa = PBXTargetDependency;
			platformFilters = (
				macos,
			);
			target = 7F2F0A802E52DEB200461679 /* macosShare */;
			targetProxy = 7F2F0A8B2E52DEB200461679 /* PBXContainerItemProxy */;
		};
		7FE1FDE52E42845B0016C181 /* PBXTargetDependency */ = {
			isa = PBXTargetDependency;
			platformFilter = ios;
			target = 7FE1FDDB2E42845B0016C181 /* iosShare */;
			targetProxy = 7FE1FDE42E42845B0016C181 /* PBXContainerItemProxy */;
		};
		E51142A02B342E3F00AB6E05 /* PBXTargetDependency */ = {
			isa = PBXTargetDependency;
			target = E51142902B342E3C00AB6E05 /* Three Daily Goals Widget */;
			targetProxy = E511429F2B342E3F00AB6E05 /* PBXContainerItemProxy */;
		};
		E561D6EE2B1F54A9003BE36F /* PBXTargetDependency */ = {
			isa = PBXTargetDependency;
			target = E561D6D72B1F54A6003BE36F /* Three Daily Goals */;
			targetProxy = E561D6ED2B1F54A9003BE36F /* PBXContainerItemProxy */;
		};
		E561D6F82B1F54A9003BE36F /* PBXTargetDependency */ = {
			isa = PBXTargetDependency;
			target = E561D6D72B1F54A6003BE36F /* Three Daily Goals */;
			targetProxy = E561D6F72B1F54A9003BE36F /* PBXContainerItemProxy */;
		};
/* End PBXTargetDependency section */

/* Begin XCBuildConfiguration section */
		7F2F0A902E52DEB200461679 /* Debug */ = {
			isa = XCBuildConfiguration;
			buildSettings = {
				ADDITIONAL_SDKS = "";
				CODE_SIGN_ENTITLEMENTS = macosShare/macosShare.entitlements;
				CODE_SIGN_STYLE = Automatic;
				COMBINE_HIDPI_IMAGES = YES;
				CURRENT_PROJECT_VERSION = 111;
				DEVELOPMENT_TEAM = HN3M9PRAT4;
				ENABLE_APP_SANDBOX = YES;
				ENABLE_HARDENED_RUNTIME = YES;
				ENABLE_USER_SELECTED_FILES = readonly;
				GENERATE_INFOPLIST_FILE = YES;
				INFOPLIST_FILE = macosShare/Info.plist;
				INFOPLIST_KEY_CFBundleDisplayName = "Three Daily Goals";
				INFOPLIST_KEY_NSHumanReadableCopyright = "";
				LD_RUNPATH_SEARCH_PATHS = (
					"$(inherited)",
					"@executable_path/../Frameworks",
					"@executable_path/../../../../Frameworks",
				);
				MACOSX_DEPLOYMENT_TARGET = 15.6;
				MARKETING_VERSION = 2.0.0;
				PRODUCT_BUNDLE_IDENTIFIER = "com.vithanco.Three-Daily-Goals.macosShare";
				PRODUCT_NAME = "$(TARGET_NAME)";
				REGISTER_APP_GROUPS = YES;
				SKIP_INSTALL = YES;
				STRING_CATALOG_GENERATE_SYMBOLS = YES;
				SUPPORTED_PLATFORMS = macosx;
				SUPPORTS_MACCATALYST = NO;
				SWIFT_EMIT_LOC_STRINGS = YES;
				SWIFT_UPCOMING_FEATURE_MEMBER_IMPORT_VISIBILITY = YES;
				SWIFT_VERSION = 6.0;
			};
			name = Debug;
		};
		7F2F0A912E52DEB200461679 /* Release */ = {
			isa = XCBuildConfiguration;
			buildSettings = {
				ADDITIONAL_SDKS = "";
				CODE_SIGN_ENTITLEMENTS = macosShare/macosShare.entitlements;
				CODE_SIGN_STYLE = Automatic;
				COMBINE_HIDPI_IMAGES = YES;
				CURRENT_PROJECT_VERSION = 111;
				DEVELOPMENT_TEAM = HN3M9PRAT4;
				ENABLE_APP_SANDBOX = YES;
				ENABLE_HARDENED_RUNTIME = YES;
				ENABLE_USER_SELECTED_FILES = readonly;
				GENERATE_INFOPLIST_FILE = YES;
				INFOPLIST_FILE = macosShare/Info.plist;
				INFOPLIST_KEY_CFBundleDisplayName = "Three Daily Goals";
				INFOPLIST_KEY_NSHumanReadableCopyright = "";
				LD_RUNPATH_SEARCH_PATHS = (
					"$(inherited)",
					"@executable_path/../Frameworks",
					"@executable_path/../../../../Frameworks",
				);
				MACOSX_DEPLOYMENT_TARGET = 15.6;
				MARKETING_VERSION = 2.0.0;
				PRODUCT_BUNDLE_IDENTIFIER = "com.vithanco.Three-Daily-Goals.macosShare";
				PRODUCT_NAME = "$(TARGET_NAME)";
				REGISTER_APP_GROUPS = YES;
				SKIP_INSTALL = YES;
				STRING_CATALOG_GENERATE_SYMBOLS = YES;
				SUPPORTED_PLATFORMS = macosx;
				SUPPORTS_MACCATALYST = NO;
				SWIFT_EMIT_LOC_STRINGS = YES;
				SWIFT_UPCOMING_FEATURE_MEMBER_IMPORT_VISIBILITY = YES;
				SWIFT_VERSION = 6.0;
			};
			name = Release;
		};
		7FE1FDE72E42845B0016C181 /* Debug */ = {
			isa = XCBuildConfiguration;
			buildSettings = {
				ADDITIONAL_SDKS = "";
				CODE_SIGN_ENTITLEMENTS = iosShare/iosShare.entitlements;
				CODE_SIGN_STYLE = Automatic;
				CURRENT_PROJECT_VERSION = 111;
				DEVELOPMENT_TEAM = HN3M9PRAT4;
				GENERATE_INFOPLIST_FILE = YES;
				INFOPLIST_FILE = iosShare/Info.plist;
				INFOPLIST_KEY_CFBundleDisplayName = iosShare;
				INFOPLIST_KEY_NSHumanReadableCopyright = "";
				IPHONEOS_DEPLOYMENT_TARGET = 18.5;
				LD_RUNPATH_SEARCH_PATHS = (
					"$(inherited)",
					"@executable_path/Frameworks",
					"@executable_path/../../Frameworks",
				);
				MARKETING_VERSION = 2.0.0;
				PRODUCT_BUNDLE_IDENTIFIER = "com.vithanco.Three-Daily-Goals.iosShare";
				PRODUCT_NAME = "$(TARGET_NAME)";
				REGISTER_APP_GROUPS = YES;
				SDKROOT = iphoneos;
				SKIP_INSTALL = YES;
				SUPPORTED_PLATFORMS = "iphoneos iphonesimulator";
				SUPPORTS_MACCATALYST = NO;
				SUPPORTS_MAC_DESIGNED_FOR_IPHONE_IPAD = NO;
				SUPPORTS_XR_DESIGNED_FOR_IPHONE_IPAD = NO;
				SWIFT_EMIT_LOC_STRINGS = YES;
				SWIFT_VERSION = 6.0;
				TARGETED_DEVICE_FAMILY = "1,2";
			};
			name = Debug;
		};
		7FE1FDE82E42845B0016C181 /* Release */ = {
			isa = XCBuildConfiguration;
			buildSettings = {
				ADDITIONAL_SDKS = "";
				CODE_SIGN_ENTITLEMENTS = iosShare/iosShare.entitlements;
				CODE_SIGN_STYLE = Automatic;
				CURRENT_PROJECT_VERSION = 111;
				DEVELOPMENT_TEAM = HN3M9PRAT4;
				GENERATE_INFOPLIST_FILE = YES;
				INFOPLIST_FILE = iosShare/Info.plist;
				INFOPLIST_KEY_CFBundleDisplayName = iosShare;
				INFOPLIST_KEY_NSHumanReadableCopyright = "";
				IPHONEOS_DEPLOYMENT_TARGET = 18.5;
				LD_RUNPATH_SEARCH_PATHS = (
					"$(inherited)",
					"@executable_path/Frameworks",
					"@executable_path/../../Frameworks",
				);
				MARKETING_VERSION = 2.0.0;
				PRODUCT_BUNDLE_IDENTIFIER = "com.vithanco.Three-Daily-Goals.iosShare";
				PRODUCT_NAME = "$(TARGET_NAME)";
				REGISTER_APP_GROUPS = YES;
				SDKROOT = iphoneos;
				SKIP_INSTALL = YES;
				SUPPORTED_PLATFORMS = "iphoneos iphonesimulator";
				SUPPORTS_MACCATALYST = NO;
				SUPPORTS_MAC_DESIGNED_FOR_IPHONE_IPAD = NO;
				SUPPORTS_XR_DESIGNED_FOR_IPHONE_IPAD = NO;
				SWIFT_EMIT_LOC_STRINGS = YES;
				SWIFT_VERSION = 6.0;
				TARGETED_DEVICE_FAMILY = "1,2";
				VALIDATE_PRODUCT = YES;
			};
			name = Release;
		};
		E51142A32B342E3F00AB6E05 /* Debug */ = {
			isa = XCBuildConfiguration;
			buildSettings = {
				ADDITIONAL_SDKS = "";
				ASSETCATALOG_COMPILER_GLOBAL_ACCENT_COLOR_NAME = AccentColor;
				ASSETCATALOG_COMPILER_WIDGET_BACKGROUND_COLOR_NAME = WidgetBackground;
				CODE_SIGN_ENTITLEMENTS = "Three Daily Goals (Widget)/Three_Daily_Goals__Widget_.entitlements";
				CODE_SIGN_STYLE = Automatic;
				CURRENT_PROJECT_VERSION = 111;
				DEAD_CODE_STRIPPING = YES;
				DEVELOPMENT_TEAM = HN3M9PRAT4;
				ENABLE_APP_SANDBOX = YES;
				ENABLE_HARDENED_RUNTIME = YES;
				ENABLE_OUTGOING_NETWORK_CONNECTIONS = YES;
				GENERATE_INFOPLIST_FILE = YES;
				INFOPLIST_FILE = "Three Daily Goals (Widget)/Info.plist";
				INFOPLIST_KEY_CFBundleDisplayName = "Three Daily Goals Widget";
				INFOPLIST_KEY_NSHumanReadableCopyright = "2024 Vithanco";
				IPHONEOS_DEPLOYMENT_TARGET = 18.0;
				LD_RUNPATH_SEARCH_PATHS = (
					"$(inherited)",
					"@executable_path/Frameworks",
					"@executable_path/../../Frameworks",
				);
				"LD_RUNPATH_SEARCH_PATHS[sdk=macosx*]" = (
					"$(inherited)",
					"@executable_path/../Frameworks",
					"@executable_path/../../../../Frameworks",
				);
				MACOSX_DEPLOYMENT_TARGET = 15.0;
				MARKETING_VERSION = 2.0.0;
				PRODUCT_BUNDLE_IDENTIFIER = "com.vithanco.Three-Daily-Goals.Three-Daily-Goals-Widget";
				PRODUCT_NAME = "$(TARGET_NAME)";
				REGISTER_APP_GROUPS = YES;
				SDKROOT = auto;
				SKIP_INSTALL = YES;
				SUPPORTED_PLATFORMS = "iphoneos iphonesimulator macosx";
				SUPPORTS_MACCATALYST = NO;
				SWIFT_EMIT_LOC_STRINGS = YES;
				SWIFT_VERSION = 6.0;
				TARGETED_DEVICE_FAMILY = "1,2";
			};
			name = Debug;
		};
		E51142A42B342E3F00AB6E05 /* Release */ = {
			isa = XCBuildConfiguration;
			buildSettings = {
				ADDITIONAL_SDKS = "";
				ASSETCATALOG_COMPILER_GLOBAL_ACCENT_COLOR_NAME = AccentColor;
				ASSETCATALOG_COMPILER_WIDGET_BACKGROUND_COLOR_NAME = WidgetBackground;
				CODE_SIGN_ENTITLEMENTS = "Three Daily Goals (Widget)/Three_Daily_Goals__Widget_.entitlements";
				CODE_SIGN_STYLE = Automatic;
				CURRENT_PROJECT_VERSION = 111;
				DEAD_CODE_STRIPPING = YES;
				DEVELOPMENT_TEAM = HN3M9PRAT4;
				ENABLE_APP_SANDBOX = YES;
				ENABLE_HARDENED_RUNTIME = YES;
				ENABLE_OUTGOING_NETWORK_CONNECTIONS = YES;
				GENERATE_INFOPLIST_FILE = YES;
				INFOPLIST_FILE = "Three Daily Goals (Widget)/Info.plist";
				INFOPLIST_KEY_CFBundleDisplayName = "Three Daily Goals Widget";
				INFOPLIST_KEY_NSHumanReadableCopyright = "2024 Vithanco";
				IPHONEOS_DEPLOYMENT_TARGET = 18.0;
				LD_RUNPATH_SEARCH_PATHS = (
					"$(inherited)",
					"@executable_path/Frameworks",
					"@executable_path/../../Frameworks",
				);
				"LD_RUNPATH_SEARCH_PATHS[sdk=macosx*]" = (
					"$(inherited)",
					"@executable_path/../Frameworks",
					"@executable_path/../../../../Frameworks",
				);
				MACOSX_DEPLOYMENT_TARGET = 15.0;
				MARKETING_VERSION = 2.0.0;
				PRODUCT_BUNDLE_IDENTIFIER = "com.vithanco.Three-Daily-Goals.Three-Daily-Goals-Widget";
				PRODUCT_NAME = "$(TARGET_NAME)";
				REGISTER_APP_GROUPS = YES;
				SDKROOT = auto;
				SKIP_INSTALL = YES;
				SUPPORTED_PLATFORMS = "iphoneos iphonesimulator macosx";
				SUPPORTS_MACCATALYST = NO;
				SWIFT_EMIT_LOC_STRINGS = YES;
				SWIFT_VERSION = 6.0;
				TARGETED_DEVICE_FAMILY = "1,2";
			};
			name = Release;
		};
		E561D6FE2B1F54A9003BE36F /* Debug */ = {
			isa = XCBuildConfiguration;
			buildSettings = {
				ADDITIONAL_SDKS = iOS;
				ALLOW_TARGET_PLATFORM_SPECIALIZATION = YES;
				ALWAYS_SEARCH_USER_PATHS = NO;
				ASSETCATALOG_COMPILER_GENERATE_SWIFT_ASSET_SYMBOL_EXTENSIONS = YES;
				CLANG_ANALYZER_NONNULL = YES;
				CLANG_ANALYZER_NUMBER_OBJECT_CONVERSION = YES_AGGRESSIVE;
				CLANG_CXX_LANGUAGE_STANDARD = "gnu++20";
				CLANG_ENABLE_MODULES = YES;
				CLANG_ENABLE_OBJC_ARC = YES;
				CLANG_ENABLE_OBJC_WEAK = YES;
				CLANG_WARN_BLOCK_CAPTURE_AUTORELEASING = YES;
				CLANG_WARN_BOOL_CONVERSION = YES;
				CLANG_WARN_COMMA = YES;
				CLANG_WARN_CONSTANT_CONVERSION = YES;
				CLANG_WARN_DEPRECATED_OBJC_IMPLEMENTATIONS = YES;
				CLANG_WARN_DIRECT_OBJC_ISA_USAGE = YES_ERROR;
				CLANG_WARN_DOCUMENTATION_COMMENTS = YES;
				CLANG_WARN_EMPTY_BODY = YES;
				CLANG_WARN_ENUM_CONVERSION = YES;
				CLANG_WARN_INFINITE_RECURSION = YES;
				CLANG_WARN_INT_CONVERSION = YES;
				CLANG_WARN_NON_LITERAL_NULL_CONVERSION = YES;
				CLANG_WARN_OBJC_IMPLICIT_RETAIN_SELF = YES;
				CLANG_WARN_OBJC_LITERAL_CONVERSION = YES;
				CLANG_WARN_OBJC_ROOT_CLASS = YES_ERROR;
				CLANG_WARN_QUOTED_INCLUDE_IN_FRAMEWORK_HEADER = YES;
				CLANG_WARN_RANGE_LOOP_ANALYSIS = YES;
				CLANG_WARN_STRICT_PROTOTYPES = YES;
				CLANG_WARN_SUSPICIOUS_MOVE = YES;
				CLANG_WARN_UNGUARDED_AVAILABILITY = YES_AGGRESSIVE;
				CLANG_WARN_UNREACHABLE_CODE = YES;
				CLANG_WARN__DUPLICATE_METHOD_MATCH = YES;
				COPY_PHASE_STRIP = NO;
				CURRENT_PROJECT_VERSION = 101;
				DEAD_CODE_STRIPPING = YES;
				DEBUG_INFORMATION_FORMAT = dwarf;
				DEVELOPMENT_TEAM = HN3M9PRAT4;
				DYLIB_CURRENT_VERSION = "${CURRENT_PROJECT_VERSION}";
				ENABLE_STRICT_OBJC_MSGSEND = YES;
				ENABLE_TESTABILITY = YES;
				ENABLE_USER_SCRIPT_SANDBOXING = YES;
				GCC_C_LANGUAGE_STANDARD = gnu17;
				GCC_DYNAMIC_NO_PIC = NO;
				GCC_NO_COMMON_BLOCKS = YES;
				GCC_OPTIMIZATION_LEVEL = 0;
				GCC_PREPROCESSOR_DEFINITIONS = (
					"DEBUG=1",
					"$(inherited)",
				);
				GCC_WARN_64_TO_32_BIT_CONVERSION = YES;
				GCC_WARN_ABOUT_RETURN_TYPE = YES_ERROR;
				GCC_WARN_UNDECLARED_SELECTOR = YES;
				GCC_WARN_UNINITIALIZED_AUTOS = YES_AGGRESSIVE;
				GCC_WARN_UNUSED_FUNCTION = YES;
				GCC_WARN_UNUSED_VARIABLE = YES;
				IPHONEOS_DEPLOYMENT_TARGET = 18.0;
				LOCALIZATION_PREFERS_STRING_CATALOGS = YES;
				MACOSX_DEPLOYMENT_TARGET = 15.0;
				MARKETING_VERSION = "${SHARED_MARKETING_VERSION}";
				MTL_ENABLE_DEBUG_INFO = INCLUDE_SOURCE;
				MTL_FAST_MATH = YES;
				NEW_SETTING = "";
				ONLY_ACTIVE_ARCH = YES;
				SDKROOT = macosx;
				SHARED_MARKETING_VERSION = 1.4.4;
				STRING_CATALOG_GENERATE_SYMBOLS = YES;
				SUPPORTED_PLATFORMS = "xrsimulator xros watchsimulator watchos macosx iphonesimulator iphoneos driverkit appletvsimulator appletvos";
				SUPPORTS_MACCATALYST = YES;
				SWIFT_ACTIVE_COMPILATION_CONDITIONS = "DEBUG $(inherited)";
				SWIFT_OPTIMIZATION_LEVEL = "-Onone";
				SWIFT_STRICT_CONCURRENCY = minimal;
				SWIFT_VERSION = 5.0;
			};
			name = Debug;
		};
		E561D6FF2B1F54A9003BE36F /* Release */ = {
			isa = XCBuildConfiguration;
			buildSettings = {
				ADDITIONAL_SDKS = iOS;
				ALLOW_TARGET_PLATFORM_SPECIALIZATION = YES;
				ALWAYS_SEARCH_USER_PATHS = NO;
				ASSETCATALOG_COMPILER_GENERATE_SWIFT_ASSET_SYMBOL_EXTENSIONS = YES;
				CLANG_ANALYZER_NONNULL = YES;
				CLANG_ANALYZER_NUMBER_OBJECT_CONVERSION = YES_AGGRESSIVE;
				CLANG_CXX_LANGUAGE_STANDARD = "gnu++20";
				CLANG_ENABLE_MODULES = YES;
				CLANG_ENABLE_OBJC_ARC = YES;
				CLANG_ENABLE_OBJC_WEAK = YES;
				CLANG_WARN_BLOCK_CAPTURE_AUTORELEASING = YES;
				CLANG_WARN_BOOL_CONVERSION = YES;
				CLANG_WARN_COMMA = YES;
				CLANG_WARN_CONSTANT_CONVERSION = YES;
				CLANG_WARN_DEPRECATED_OBJC_IMPLEMENTATIONS = YES;
				CLANG_WARN_DIRECT_OBJC_ISA_USAGE = YES_ERROR;
				CLANG_WARN_DOCUMENTATION_COMMENTS = YES;
				CLANG_WARN_EMPTY_BODY = YES;
				CLANG_WARN_ENUM_CONVERSION = YES;
				CLANG_WARN_INFINITE_RECURSION = YES;
				CLANG_WARN_INT_CONVERSION = YES;
				CLANG_WARN_NON_LITERAL_NULL_CONVERSION = YES;
				CLANG_WARN_OBJC_IMPLICIT_RETAIN_SELF = YES;
				CLANG_WARN_OBJC_LITERAL_CONVERSION = YES;
				CLANG_WARN_OBJC_ROOT_CLASS = YES_ERROR;
				CLANG_WARN_QUOTED_INCLUDE_IN_FRAMEWORK_HEADER = YES;
				CLANG_WARN_RANGE_LOOP_ANALYSIS = YES;
				CLANG_WARN_STRICT_PROTOTYPES = YES;
				CLANG_WARN_SUSPICIOUS_MOVE = YES;
				CLANG_WARN_UNGUARDED_AVAILABILITY = YES_AGGRESSIVE;
				CLANG_WARN_UNREACHABLE_CODE = YES;
				CLANG_WARN__DUPLICATE_METHOD_MATCH = YES;
				COPY_PHASE_STRIP = NO;
				CURRENT_PROJECT_VERSION = 101;
				DEAD_CODE_STRIPPING = YES;
				DEBUG_INFORMATION_FORMAT = "dwarf-with-dsym";
				DEVELOPMENT_TEAM = HN3M9PRAT4;
				DYLIB_CURRENT_VERSION = "${CURRENT_PROJECT_VERSION}";
				ENABLE_NS_ASSERTIONS = NO;
				ENABLE_STRICT_OBJC_MSGSEND = YES;
				ENABLE_USER_SCRIPT_SANDBOXING = YES;
				GCC_C_LANGUAGE_STANDARD = gnu17;
				GCC_NO_COMMON_BLOCKS = YES;
				GCC_WARN_64_TO_32_BIT_CONVERSION = YES;
				GCC_WARN_ABOUT_RETURN_TYPE = YES_ERROR;
				GCC_WARN_UNDECLARED_SELECTOR = YES;
				GCC_WARN_UNINITIALIZED_AUTOS = YES_AGGRESSIVE;
				GCC_WARN_UNUSED_FUNCTION = YES;
				GCC_WARN_UNUSED_VARIABLE = YES;
				IPHONEOS_DEPLOYMENT_TARGET = 18.0;
				LOCALIZATION_PREFERS_STRING_CATALOGS = YES;
				MACOSX_DEPLOYMENT_TARGET = 15.0;
				MARKETING_VERSION = "${SHARED_MARKETING_VERSION}";
				MTL_ENABLE_DEBUG_INFO = NO;
				MTL_FAST_MATH = YES;
				NEW_SETTING = "";
				SDKROOT = macosx;
				SHARED_MARKETING_VERSION = 1.4.4;
				STRING_CATALOG_GENERATE_SYMBOLS = YES;
				SUPPORTED_PLATFORMS = "xrsimulator xros watchsimulator watchos macosx iphonesimulator iphoneos driverkit appletvsimulator appletvos";
				SUPPORTS_MACCATALYST = YES;
				SWIFT_COMPILATION_MODE = wholemodule;
				SWIFT_STRICT_CONCURRENCY = minimal;
				SWIFT_VERSION = 5.0;
			};
			name = Release;
		};
		E561D7012B1F54A9003BE36F /* Debug */ = {
			isa = XCBuildConfiguration;
			buildSettings = {
				ADDITIONAL_SDKS = "";
				ASSETCATALOG_COMPILER_APPICON_NAME = AppIcon;
				ASSETCATALOG_COMPILER_GLOBAL_ACCENT_COLOR_NAME = AccentColor;
				ASSETCATALOG_COMPILER_INCLUDE_ALL_APPICON_ASSETS = YES;
				CLANG_ANALYZER_GCD_PERFORMANCE = YES;
				CLANG_ANALYZER_SECURITY_FLOATLOOPCOUNTER = YES;
				CLANG_ANALYZER_SECURITY_INSECUREAPI_RAND = YES;
				CLANG_ANALYZER_SECURITY_INSECUREAPI_STRCPY = YES;
				CLANG_TIDY_BUGPRONE_REDUNDANT_BRANCH_CONDITION = YES;
				CLANG_TIDY_MISC_REDUNDANT_EXPRESSION = YES;
				CLANG_WARN_COMPLETION_HANDLER_MISUSE = YES;
				CLANG_WARN_FRAMEWORK_INCLUDE_PRIVATE_FROM_PUBLIC = YES;
				CLANG_WARN_IMPLICIT_FALLTHROUGH = YES;
				CLANG_WARN_IMPLICIT_SIGN_CONVERSION = YES;
				CLANG_WARN_SEMICOLON_BEFORE_METHOD_BODY = YES;
				CODE_SIGN_ENTITLEMENTS = "Three Daily Goals/Three_Daily_Goals.entitlements";
				"CODE_SIGN_ENTITLEMENTS[sdk=macosx*]" = "Three Daily Goals/Three_Daily_Goals_macOS.entitlements";
				CODE_SIGN_STYLE = Automatic;
				CURRENT_PROJECT_VERSION = 111;
				DEAD_CODE_STRIPPING = YES;
				DEVELOPMENT_ASSET_PATHS = "\"Three Daily Goals/Preview Content\"";
				DEVELOPMENT_TEAM = HN3M9PRAT4;
				ENABLE_APP_SANDBOX = YES;
				ENABLE_HARDENED_RUNTIME = YES;
				"ENABLE_HARDENED_RUNTIME[sdk=macosx*]" = YES;
				ENABLE_OUTGOING_NETWORK_CONNECTIONS = YES;
				ENABLE_PREVIEWS = YES;
				ENABLE_RESOURCE_ACCESS_CALENDARS = YES;
				ENABLE_USER_SELECTED_FILES = readwrite;
				GCC_WARN_ABOUT_MISSING_FIELD_INITIALIZERS = YES;
				GCC_WARN_ABOUT_MISSING_PROTOTYPES = YES;
				GCC_WARN_SHADOW = YES;
				GCC_WARN_SIGN_COMPARE = YES;
				GENERATE_INFOPLIST_FILE = YES;
				INFOPLIST_FILE = "Three Daily Goals/Info.plist";
				INFOPLIST_KEY_CFBundleDisplayName = "Three Daily Goals";
				INFOPLIST_KEY_LSApplicationCategoryType = "public.app-category.productivity";
				"INFOPLIST_KEY_UIApplicationSceneManifest_Generation[sdk=iphoneos*]" = YES;
				"INFOPLIST_KEY_UIApplicationSceneManifest_Generation[sdk=iphonesimulator*]" = YES;
				"INFOPLIST_KEY_UIApplicationSupportsIndirectInputEvents[sdk=iphoneos*]" = YES;
				"INFOPLIST_KEY_UIApplicationSupportsIndirectInputEvents[sdk=iphonesimulator*]" = YES;
				INFOPLIST_KEY_UILaunchStoryboardName = "";
				"INFOPLIST_KEY_UILaunchStoryboardName[sdk=macosx*]" = "";
				INFOPLIST_KEY_UIRequiresFullScreen = YES;
				"INFOPLIST_KEY_UIStatusBarStyle[sdk=iphoneos*]" = UIStatusBarStyleDefault;
				"INFOPLIST_KEY_UIStatusBarStyle[sdk=iphonesimulator*]" = UIStatusBarStyleDefault;
				INFOPLIST_KEY_UISupportedInterfaceOrientations = "UIInterfaceOrientationLandscapeLeft UIInterfaceOrientationLandscapeRight UIInterfaceOrientationPortrait UIInterfaceOrientationPortraitUpsideDown";
				IPHONEOS_DEPLOYMENT_TARGET = 18.0;
				LD_RUNPATH_SEARCH_PATHS = "@executable_path/Frameworks";
				"LD_RUNPATH_SEARCH_PATHS[sdk=macosx*]" = "@executable_path/../Frameworks";
				MACOSX_DEPLOYMENT_TARGET = 15.4;
				MARKETING_VERSION = 2.0.0;
				PRODUCT_BUNDLE_IDENTIFIER = "com.vithanco.Three-Daily-Goals";
				PRODUCT_NAME = "$(TARGET_NAME)";
				REGISTER_APP_GROUPS = YES;
				SDKROOT = auto;
				SUPPORTED_PLATFORMS = "iphoneos iphonesimulator macosx";
				SUPPORTS_MACCATALYST = NO;
				SWIFT_EMIT_LOC_STRINGS = YES;
				SWIFT_STRICT_CONCURRENCY = complete;
				SWIFT_VERSION = 6.0;
				TARGETED_DEVICE_FAMILY = "1,2";
			};
			name = Debug;
		};
		E561D7022B1F54A9003BE36F /* Release */ = {
			isa = XCBuildConfiguration;
			buildSettings = {
				ADDITIONAL_SDKS = "";
				ASSETCATALOG_COMPILER_APPICON_NAME = AppIcon;
				ASSETCATALOG_COMPILER_GLOBAL_ACCENT_COLOR_NAME = AccentColor;
				ASSETCATALOG_COMPILER_INCLUDE_ALL_APPICON_ASSETS = YES;
				CLANG_ANALYZER_GCD_PERFORMANCE = YES;
				CLANG_ANALYZER_SECURITY_FLOATLOOPCOUNTER = YES;
				CLANG_ANALYZER_SECURITY_INSECUREAPI_RAND = YES;
				CLANG_ANALYZER_SECURITY_INSECUREAPI_STRCPY = YES;
				CLANG_TIDY_BUGPRONE_REDUNDANT_BRANCH_CONDITION = YES;
				CLANG_TIDY_MISC_REDUNDANT_EXPRESSION = YES;
				CLANG_WARN_COMPLETION_HANDLER_MISUSE = YES;
				CLANG_WARN_FRAMEWORK_INCLUDE_PRIVATE_FROM_PUBLIC = YES;
				CLANG_WARN_IMPLICIT_FALLTHROUGH = YES;
				CLANG_WARN_IMPLICIT_SIGN_CONVERSION = YES;
				CLANG_WARN_SEMICOLON_BEFORE_METHOD_BODY = YES;
				CODE_SIGN_ENTITLEMENTS = "Three Daily Goals/Three_Daily_Goals.entitlements";
				"CODE_SIGN_ENTITLEMENTS[sdk=macosx*]" = "Three Daily Goals/Three_Daily_Goals_macOS.entitlements";
				CODE_SIGN_STYLE = Automatic;
				CURRENT_PROJECT_VERSION = 111;
				DEAD_CODE_STRIPPING = YES;
				DEVELOPMENT_ASSET_PATHS = "\"Three Daily Goals/Preview Content\"";
				DEVELOPMENT_TEAM = HN3M9PRAT4;
				ENABLE_APP_SANDBOX = YES;
				ENABLE_HARDENED_RUNTIME = YES;
				"ENABLE_HARDENED_RUNTIME[sdk=macosx*]" = YES;
				ENABLE_OUTGOING_NETWORK_CONNECTIONS = YES;
				ENABLE_PREVIEWS = YES;
				ENABLE_RESOURCE_ACCESS_CALENDARS = YES;
				ENABLE_USER_SELECTED_FILES = readwrite;
				GCC_WARN_ABOUT_MISSING_FIELD_INITIALIZERS = YES;
				GCC_WARN_ABOUT_MISSING_PROTOTYPES = YES;
				GCC_WARN_SHADOW = YES;
				GCC_WARN_SIGN_COMPARE = YES;
				GENERATE_INFOPLIST_FILE = YES;
				INFOPLIST_FILE = "Three Daily Goals/Info.plist";
				INFOPLIST_KEY_CFBundleDisplayName = "Three Daily Goals";
				INFOPLIST_KEY_LSApplicationCategoryType = "public.app-category.productivity";
				"INFOPLIST_KEY_UIApplicationSceneManifest_Generation[sdk=iphoneos*]" = YES;
				"INFOPLIST_KEY_UIApplicationSceneManifest_Generation[sdk=iphonesimulator*]" = YES;
				"INFOPLIST_KEY_UIApplicationSupportsIndirectInputEvents[sdk=iphoneos*]" = YES;
				"INFOPLIST_KEY_UIApplicationSupportsIndirectInputEvents[sdk=iphonesimulator*]" = YES;
				INFOPLIST_KEY_UILaunchStoryboardName = "";
				"INFOPLIST_KEY_UILaunchStoryboardName[sdk=macosx*]" = "";
				INFOPLIST_KEY_UIRequiresFullScreen = YES;
				"INFOPLIST_KEY_UIStatusBarStyle[sdk=iphoneos*]" = UIStatusBarStyleDefault;
				"INFOPLIST_KEY_UIStatusBarStyle[sdk=iphonesimulator*]" = UIStatusBarStyleDefault;
				INFOPLIST_KEY_UISupportedInterfaceOrientations = "UIInterfaceOrientationLandscapeLeft UIInterfaceOrientationLandscapeRight UIInterfaceOrientationPortrait UIInterfaceOrientationPortraitUpsideDown";
				IPHONEOS_DEPLOYMENT_TARGET = 18.0;
				LD_RUNPATH_SEARCH_PATHS = "@executable_path/Frameworks";
				"LD_RUNPATH_SEARCH_PATHS[sdk=macosx*]" = "@executable_path/../Frameworks";
				MACOSX_DEPLOYMENT_TARGET = 15.4;
				MARKETING_VERSION = 2.0.0;
				PRODUCT_BUNDLE_IDENTIFIER = "com.vithanco.Three-Daily-Goals";
				PRODUCT_NAME = "$(TARGET_NAME)";
				REGISTER_APP_GROUPS = YES;
				SDKROOT = auto;
				SUPPORTED_PLATFORMS = "iphoneos iphonesimulator macosx";
				SUPPORTS_MACCATALYST = NO;
				SWIFT_EMIT_LOC_STRINGS = YES;
				SWIFT_STRICT_CONCURRENCY = complete;
				SWIFT_VERSION = 6.0;
				TARGETED_DEVICE_FAMILY = "1,2";
			};
			name = Release;
		};
		E561D7042B1F54A9003BE36F /* Debug */ = {
			isa = XCBuildConfiguration;
			buildSettings = {
				BUNDLE_LOADER = "$(TEST_HOST)";
				CODE_SIGN_STYLE = Automatic;
				CURRENT_PROJECT_VERSION = 1;
				DEAD_CODE_STRIPPING = YES;
				DEVELOPMENT_TEAM = HN3M9PRAT4;
				GENERATE_INFOPLIST_FILE = YES;
				IPHONEOS_DEPLOYMENT_TARGET = 18.0;
				MACOSX_DEPLOYMENT_TARGET = 15.6;
				MARKETING_VERSION = "${SHARED_MARKETING_VERSION}";
				PRODUCT_BUNDLE_IDENTIFIER = "com.vithanco.Three-Daily-GoalsTests";
				PRODUCT_NAME = "$(TARGET_NAME)";
				SDKROOT = auto;
				SUPPORTED_PLATFORMS = "iphoneos iphonesimulator macosx";
				SWIFT_EMIT_LOC_STRINGS = NO;
				SWIFT_VERSION = 6.0;
				TARGETED_DEVICE_FAMILY = "1,2";
				TEST_HOST = "$(BUILT_PRODUCTS_DIR)/Three Daily Goals.app/$(BUNDLE_EXECUTABLE_FOLDER_PATH)/Three Daily Goals";
			};
			name = Debug;
		};
		E561D7052B1F54A9003BE36F /* Release */ = {
			isa = XCBuildConfiguration;
			buildSettings = {
				BUNDLE_LOADER = "$(TEST_HOST)";
				CODE_SIGN_STYLE = Automatic;
				CURRENT_PROJECT_VERSION = 1;
				DEAD_CODE_STRIPPING = YES;
				DEVELOPMENT_TEAM = HN3M9PRAT4;
				GENERATE_INFOPLIST_FILE = YES;
				IPHONEOS_DEPLOYMENT_TARGET = 18.0;
				MACOSX_DEPLOYMENT_TARGET = 15.6;
				MARKETING_VERSION = "${SHARED_MARKETING_VERSION}";
				PRODUCT_BUNDLE_IDENTIFIER = "com.vithanco.Three-Daily-GoalsTests";
				PRODUCT_NAME = "$(TARGET_NAME)";
				SDKROOT = auto;
				SUPPORTED_PLATFORMS = "iphoneos iphonesimulator macosx";
				SWIFT_EMIT_LOC_STRINGS = NO;
				SWIFT_VERSION = 6.0;
				TARGETED_DEVICE_FAMILY = "1,2";
				TEST_HOST = "$(BUILT_PRODUCTS_DIR)/Three Daily Goals.app/$(BUNDLE_EXECUTABLE_FOLDER_PATH)/Three Daily Goals";
			};
			name = Release;
		};
		E561D7072B1F54A9003BE36F /* Debug */ = {
			isa = XCBuildConfiguration;
			buildSettings = {
				CODE_SIGN_STYLE = Automatic;
				CURRENT_PROJECT_VERSION = 1;
				DEAD_CODE_STRIPPING = YES;
				DEVELOPMENT_TEAM = HN3M9PRAT4;
				GENERATE_INFOPLIST_FILE = YES;
				IPHONEOS_DEPLOYMENT_TARGET = 18.0;
				MACOSX_DEPLOYMENT_TARGET = 15.6;
				MARKETING_VERSION = "${SHARED_MARKETING_VERSION}";
				PRODUCT_BUNDLE_IDENTIFIER = "com.vithanco.Three-Daily-GoalsUITests";
				PRODUCT_NAME = "$(TARGET_NAME)";
				SDKROOT = auto;
				SUPPORTED_PLATFORMS = "iphoneos iphonesimulator macosx";
				SUPPORTS_MACCATALYST = NO;
				SWIFT_EMIT_LOC_STRINGS = NO;
				SWIFT_VERSION = 5.0;
				TARGETED_DEVICE_FAMILY = 1;
				TEST_TARGET_NAME = "Three Daily Goals";
			};
			name = Debug;
		};
		E561D7082B1F54A9003BE36F /* Release */ = {
			isa = XCBuildConfiguration;
			buildSettings = {
				CODE_SIGN_STYLE = Automatic;
				CURRENT_PROJECT_VERSION = 1;
				DEAD_CODE_STRIPPING = YES;
				DEVELOPMENT_TEAM = HN3M9PRAT4;
				GENERATE_INFOPLIST_FILE = YES;
				IPHONEOS_DEPLOYMENT_TARGET = 18.0;
				MACOSX_DEPLOYMENT_TARGET = 15.6;
				MARKETING_VERSION = "${SHARED_MARKETING_VERSION}";
				PRODUCT_BUNDLE_IDENTIFIER = "com.vithanco.Three-Daily-GoalsUITests";
				PRODUCT_NAME = "$(TARGET_NAME)";
				SDKROOT = auto;
				SUPPORTED_PLATFORMS = "iphoneos iphonesimulator macosx";
				SUPPORTS_MACCATALYST = NO;
				SWIFT_EMIT_LOC_STRINGS = NO;
				SWIFT_VERSION = 5.0;
				TARGETED_DEVICE_FAMILY = 1;
				TEST_TARGET_NAME = "Three Daily Goals";
			};
			name = Release;
		};
/* End XCBuildConfiguration section */

/* Begin XCConfigurationList section */
		7F2F0A8F2E52DEB200461679 /* Build configuration list for PBXNativeTarget "macosShare" */ = {
			isa = XCConfigurationList;
			buildConfigurations = (
				7F2F0A902E52DEB200461679 /* Debug */,
				7F2F0A912E52DEB200461679 /* Release */,
			);
			defaultConfigurationIsVisible = 0;
			defaultConfigurationName = Release;
		};
		7FE1FDEA2E42845B0016C181 /* Build configuration list for PBXNativeTarget "iosShare" */ = {
			isa = XCConfigurationList;
			buildConfigurations = (
				7FE1FDE72E42845B0016C181 /* Debug */,
				7FE1FDE82E42845B0016C181 /* Release */,
			);
			defaultConfigurationIsVisible = 0;
			defaultConfigurationName = Release;
		};
		E51142A22B342E3F00AB6E05 /* Build configuration list for PBXNativeTarget "Three Daily Goals Widget" */ = {
			isa = XCConfigurationList;
			buildConfigurations = (
				E51142A32B342E3F00AB6E05 /* Debug */,
				E51142A42B342E3F00AB6E05 /* Release */,
			);
			defaultConfigurationIsVisible = 0;
			defaultConfigurationName = Release;
		};
		E561D6D32B1F54A6003BE36F /* Build configuration list for PBXProject "Three Daily Goals" */ = {
			isa = XCConfigurationList;
			buildConfigurations = (
				E561D6FE2B1F54A9003BE36F /* Debug */,
				E561D6FF2B1F54A9003BE36F /* Release */,
			);
			defaultConfigurationIsVisible = 0;
			defaultConfigurationName = Release;
		};
		E561D7002B1F54A9003BE36F /* Build configuration list for PBXNativeTarget "Three Daily Goals" */ = {
			isa = XCConfigurationList;
			buildConfigurations = (
				E561D7012B1F54A9003BE36F /* Debug */,
				E561D7022B1F54A9003BE36F /* Release */,
			);
			defaultConfigurationIsVisible = 0;
			defaultConfigurationName = Release;
		};
		E561D7032B1F54A9003BE36F /* Build configuration list for PBXNativeTarget "Three Daily GoalsTests" */ = {
			isa = XCConfigurationList;
			buildConfigurations = (
				E561D7042B1F54A9003BE36F /* Debug */,
				E561D7052B1F54A9003BE36F /* Release */,
			);
			defaultConfigurationIsVisible = 0;
			defaultConfigurationName = Release;
		};
		E561D7062B1F54A9003BE36F /* Build configuration list for PBXNativeTarget "Three Daily GoalsUITests" */ = {
			isa = XCConfigurationList;
			buildConfigurations = (
				E561D7072B1F54A9003BE36F /* Debug */,
				E561D7082B1F54A9003BE36F /* Release */,
			);
			defaultConfigurationIsVisible = 0;
			defaultConfigurationName = Release;
		};
/* End XCConfigurationList section */

/* Begin XCLocalSwiftPackageReference section */
		7FC6352F2E7B0C060033A1EF /* XCLocalSwiftPackageReference "tdgCore" */ = {
			isa = XCLocalSwiftPackageReference;
			relativePath = tdgCore;
		};
/* End XCLocalSwiftPackageReference section */

/* Begin XCRemoteSwiftPackageReference section */
		7FA02AAF2C18AABE00EC81CE /* XCRemoteSwiftPackageReference "SimpleCalendar" */ = {
			isa = XCRemoteSwiftPackageReference;
			repositoryURL = "https://github.com/Vithanco/SimpleCalendar";
			requirement = {
				branch = main;
				kind = branch;
			};
		};
/* End XCRemoteSwiftPackageReference section */

/* Begin XCSwiftPackageProductDependency section */
		7FA02AB02C18AABE00EC81CE /* SimpleCalendar */ = {
			isa = XCSwiftPackageProductDependency;
			package = 7FA02AAF2C18AABE00EC81CE /* XCRemoteSwiftPackageReference "SimpleCalendar" */;
			productName = SimpleCalendar;
		};
		7FC635362E7B0C150033A1EF /* tdgCore */ = {
			isa = XCSwiftPackageProductDependency;
			package = 7FC6352F2E7B0C060033A1EF /* XCLocalSwiftPackageReference "tdgCore" */;
			productName = tdgCore;
		};
		7FC6353C2E7B0C350033A1EF /* tdgCore */ = {
			isa = XCSwiftPackageProductDependency;
			package = 7FC6352F2E7B0C060033A1EF /* XCLocalSwiftPackageReference "tdgCore" */;
			productName = tdgCore;
		};
		7FC6353E2E7B0C410033A1EF /* tdgCoreMain */ = {
			isa = XCSwiftPackageProductDependency;
			package = 7FC6352F2E7B0C060033A1EF /* XCLocalSwiftPackageReference "tdgCore" */;
			productName = tdgCoreMain;
		};
		7FC635402E7B0C480033A1EF /* tdgCoreWidget */ = {
			isa = XCSwiftPackageProductDependency;
			package = 7FC6352F2E7B0C060033A1EF /* XCLocalSwiftPackageReference "tdgCore" */;
			productName = tdgCoreWidget;
		};
		7FC635432E7B0C500033A1EF /* tdgCoreShare */ = {
			isa = XCSwiftPackageProductDependency;
			package = 7FC6352F2E7B0C060033A1EF /* XCLocalSwiftPackageReference "tdgCore" */;
			productName = tdgCoreShare;
		};
		7FC635452E7B0C500033A1EF /* tdgCoreShare */ = {
			isa = XCSwiftPackageProductDependency;
			package = 7FC6352F2E7B0C060033A1EF /* XCLocalSwiftPackageReference "tdgCore" */;
			productName = tdgCoreShare;
		};
/* End XCSwiftPackageProductDependency section */
	};
	rootObject = E561D6D02B1F54A6003BE36F /* Project object */;
}
