// !$*UTF8*$!
{
	archiveVersion = 1;
	classes = {
	};
	objectVersion = 56;
	objects = {

/* Begin PBXBuildFile section */
		E50A29B72B6995DA002AC3BC /* SchemaV2_1.swift in Sources */ = {isa = PBXBuildFile; fileRef = E50A29B62B6995DA002AC3BC /* SchemaV2_1.swift */; };
		E50A29B82B69963F002AC3BC /* SchemaV2_1.swift in Sources */ = {isa = PBXBuildFile; fileRef = E50A29B62B6995DA002AC3BC /* SchemaV2_1.swift */; };
		E50A29BA2B6A0D79002AC3BC /* ImageRelated.swift in Sources */ = {isa = PBXBuildFile; fileRef = E50A29B92B6A0D79002AC3BC /* ImageRelated.swift */; };
		E50A29BB2B6A0D79002AC3BC /* ImageRelated.swift in Sources */ = {isa = PBXBuildFile; fileRef = E50A29B92B6A0D79002AC3BC /* ImageRelated.swift */; };
		E50A29BC2B6A3060002AC3BC /* SettingsView.swift in Sources */ = {isa = PBXBuildFile; fileRef = E5278A392B658FB90020C83D /* SettingsView.swift */; };
		E511428C2B340FB500AB6E05 /* FilesRelated.swift in Sources */ = {isa = PBXBuildFile; fileRef = E511428B2B340FB500AB6E05 /* FilesRelated.swift */; };
		E51142922B342E3C00AB6E05 /* WidgetKit.framework in Frameworks */ = {isa = PBXBuildFile; fileRef = E51142752B33768300AB6E05 /* WidgetKit.framework */; };
		E51142932B342E3C00AB6E05 /* SwiftUI.framework in Frameworks */ = {isa = PBXBuildFile; fileRef = E51142772B33768300AB6E05 /* SwiftUI.framework */; };
		E51142962B342E3C00AB6E05 /* Three_Daily_Goals__Widget_Bundle.swift in Sources */ = {isa = PBXBuildFile; fileRef = E51142952B342E3C00AB6E05 /* Three_Daily_Goals__Widget_Bundle.swift */; };
		E51142982B342E3C00AB6E05 /* Three_Daily_Goals__Widget_.swift in Sources */ = {isa = PBXBuildFile; fileRef = E51142972B342E3C00AB6E05 /* Three_Daily_Goals__Widget_.swift */; };
		E511429A2B342E3C00AB6E05 /* AppIntent.swift in Sources */ = {isa = PBXBuildFile; fileRef = E51142992B342E3C00AB6E05 /* AppIntent.swift */; };
		E511429C2B342E3F00AB6E05 /* Assets.xcassets in Resources */ = {isa = PBXBuildFile; fileRef = E511429B2B342E3F00AB6E05 /* Assets.xcassets */; };
		E51142A12B342E3F00AB6E05 /* Three Daily Goals Widget.appex in Embed Foundation Extensions */ = {isa = PBXBuildFile; fileRef = E51142912B342E3C00AB6E05 /* Three Daily Goals Widget.appex */; settings = {ATTRIBUTES = (RemoveHeadersOnCopy, ); }; };
		E51142A52B34591600AB6E05 /* Comment.swift in Sources */ = {isa = PBXBuildFile; fileRef = E590CE172B1FAD9000B16684 /* Comment.swift */; };
		E51142A62B34591600AB6E05 /* TaskItem.swift in Sources */ = {isa = PBXBuildFile; fileRef = E561D6DF2B1F54A6003BE36F /* TaskItem.swift */; };
		E51142A72B34591600AB6E05 /* DailyTasks.swift in Sources */ = {isa = PBXBuildFile; fileRef = E5E1F4782B30617A00E83A21 /* DailyTasks.swift */; };
		E51142A82B34591600AB6E05 /* TaskSection.swift in Sources */ = {isa = PBXBuildFile; fileRef = E5ADEDD82B31956300F0EA9C /* TaskSection.swift */; };
		E51142AA2B345B7B00AB6E05 /* Storage.swift in Sources */ = {isa = PBXBuildFile; fileRef = E51142A92B345B7B00AB6E05 /* Storage.swift */; };
		E51142AB2B345B9900AB6E05 /* Storage.swift in Sources */ = {isa = PBXBuildFile; fileRef = E51142A92B345B7B00AB6E05 /* Storage.swift */; };
		E51142AC2B345BFF00AB6E05 /* ColorRelated.swift in Sources */ = {isa = PBXBuildFile; fileRef = E5E1F47D2B30633B00E83A21 /* ColorRelated.swift */; };
		E51142AD2B345BFF00AB6E05 /* DateRelated.swift in Sources */ = {isa = PBXBuildFile; fileRef = E5E1F47B2B30632000E83A21 /* DateRelated.swift */; };
		E51142AE2B345BFF00AB6E05 /* IconsRelated.swift in Sources */ = {isa = PBXBuildFile; fileRef = E5ADEDD62B3190B300F0EA9C /* IconsRelated.swift */; };
		E51142AF2B345BFF00AB6E05 /* StringRelated.swift in Sources */ = {isa = PBXBuildFile; fileRef = E5B003112B32382C00A90F8D /* StringRelated.swift */; };
		E51142B02B345BFF00AB6E05 /* FilesRelated.swift in Sources */ = {isa = PBXBuildFile; fileRef = E511428B2B340FB500AB6E05 /* FilesRelated.swift */; };
		E51142B32B34947F00AB6E05 /* WPriorities.swift in Sources */ = {isa = PBXBuildFile; fileRef = E51142B22B34947F00AB6E05 /* WPriorities.swift */; };
		E51142B52B35ABB900AB6E05 /* LinkToTask.swift in Sources */ = {isa = PBXBuildFile; fileRef = E51142B42B35ABB900AB6E05 /* LinkToTask.swift */; };
		E519520E2B52DD2300B1DCA6 /* TaskItemView.swift in Sources */ = {isa = PBXBuildFile; fileRef = E582D0B72B2E13E30006DD5D /* TaskItemView.swift */; };
		E519520F2B52DD2800B1DCA6 /* CommentView.swift in Sources */ = {isa = PBXBuildFile; fileRef = E5A371932B2EDD5E00A310BA /* CommentView.swift */; };
		E5278A3A2B658FB90020C83D /* SettingsView.swift in Sources */ = {isa = PBXBuildFile; fileRef = E5278A392B658FB90020C83D /* SettingsView.swift */; };
		E53AF7A52B661BF900C24F78 /* Migrations.swift in Sources */ = {isa = PBXBuildFile; fileRef = E53AF7A42B661BF900C24F78 /* Migrations.swift */; };
		E53AF7A72B661D0F00C24F78 /* SchemaV1.swift in Sources */ = {isa = PBXBuildFile; fileRef = E53AF7A62B661D0F00C24F78 /* SchemaV1.swift */; };
		E53AF7A82B661F4800C24F78 /* SchemaV1.swift in Sources */ = {isa = PBXBuildFile; fileRef = E53AF7A62B661D0F00C24F78 /* SchemaV1.swift */; };
		E53AF7AA2B66210C00C24F78 /* SchemaV2.swift in Sources */ = {isa = PBXBuildFile; fileRef = E53AF7A92B66210C00C24F78 /* SchemaV2.swift */; };
		E53AF7AB2B66211000C24F78 /* SchemaV2.swift in Sources */ = {isa = PBXBuildFile; fileRef = E53AF7A92B66210C00C24F78 /* SchemaV2.swift */; };
		E53AF7AC2B6622C800C24F78 /* Migrations.swift in Sources */ = {isa = PBXBuildFile; fileRef = E53AF7A42B661BF900C24F78 /* Migrations.swift */; };
		E53AF7AE2B66244F00C24F78 /* Preferences.swift in Sources */ = {isa = PBXBuildFile; fileRef = E53AF7AD2B66244F00C24F78 /* Preferences.swift */; };
		E53AF7AF2B66244F00C24F78 /* Preferences.swift in Sources */ = {isa = PBXBuildFile; fileRef = E53AF7AD2B66244F00C24F78 /* Preferences.swift */; };
		E53AF7B12B6628A400C24F78 /* ListHeader.swift in Sources */ = {isa = PBXBuildFile; fileRef = E53AF7B02B6628A400C24F78 /* ListHeader.swift */; };
		E53AF7B22B6628A400C24F78 /* ListHeader.swift in Sources */ = {isa = PBXBuildFile; fileRef = E53AF7B02B6628A400C24F78 /* ListHeader.swift */; };
		E559203B2B3772EE0002C709 /* CloudKit.framework in Frameworks */ = {isa = PBXBuildFile; fileRef = E559203A2B3772EE0002C709 /* CloudKit.framework */; };
		E559203D2B38376F0002C709 /* ViewRelated.swift in Sources */ = {isa = PBXBuildFile; fileRef = E559203C2B38376F0002C709 /* ViewRelated.swift */; };
		E559203F2B38E8380002C709 /* TaskAsLine.swift in Sources */ = {isa = PBXBuildFile; fileRef = E559203E2B38E8380002C709 /* TaskAsLine.swift */; };
		E561D6DC2B1F54A6003BE36F /* Three_Daily_GoalsApp.swift in Sources */ = {isa = PBXBuildFile; fileRef = E561D6DB2B1F54A6003BE36F /* Three_Daily_GoalsApp.swift */; };
		E561D6DE2B1F54A6003BE36F /* ContentView.swift in Sources */ = {isa = PBXBuildFile; fileRef = E561D6DD2B1F54A6003BE36F /* ContentView.swift */; };
		E561D6E02B1F54A6003BE36F /* TaskItem.swift in Sources */ = {isa = PBXBuildFile; fileRef = E561D6DF2B1F54A6003BE36F /* TaskItem.swift */; };
		E561D6E22B1F54A8003BE36F /* Assets.xcassets in Resources */ = {isa = PBXBuildFile; fileRef = E561D6E12B1F54A8003BE36F /* Assets.xcassets */; };
		E561D6E62B1F54A8003BE36F /* Preview Assets.xcassets in Resources */ = {isa = PBXBuildFile; fileRef = E561D6E52B1F54A8003BE36F /* Preview Assets.xcassets */; };
		E561D6F12B1F54A9003BE36F /* Three_Daily_GoalsTests.swift in Sources */ = {isa = PBXBuildFile; fileRef = E561D6F02B1F54A9003BE36F /* Three_Daily_GoalsTests.swift */; };
		E561D6FB2B1F54A9003BE36F /* Three_Daily_GoalsUITests.swift in Sources */ = {isa = PBXBuildFile; fileRef = E561D6FA2B1F54A9003BE36F /* Three_Daily_GoalsUITests.swift */; };
		E561D6FD2B1F54A9003BE36F /* Three_Daily_GoalsUITestsLaunchTests.swift in Sources */ = {isa = PBXBuildFile; fileRef = E561D6FC2B1F54A9003BE36F /* Three_Daily_GoalsUITestsLaunchTests.swift */; };
		E582D0B82B2E13E30006DD5D /* TaskItemView.swift in Sources */ = {isa = PBXBuildFile; fileRef = E582D0B72B2E13E30006DD5D /* TaskItemView.swift */; };
		E590CE182B1FAD9000B16684 /* Comment.swift in Sources */ = {isa = PBXBuildFile; fileRef = E590CE172B1FAD9000B16684 /* Comment.swift */; };
		E5A3718E2B2E2B0E00A310BA /* StateView.swift in Sources */ = {isa = PBXBuildFile; fileRef = E5A3718D2B2E2B0E00A310BA /* StateView.swift */; };
		E5A371942B2EDD5E00A310BA /* CommentView.swift in Sources */ = {isa = PBXBuildFile; fileRef = E5A371932B2EDD5E00A310BA /* CommentView.swift */; };
		E5ADEDD32B318B8800F0EA9C /* ListView.swift in Sources */ = {isa = PBXBuildFile; fileRef = E5ADEDD22B318B8800F0EA9C /* ListView.swift */; };
		E5ADEDD52B318C1100F0EA9C /* LinkToList.swift in Sources */ = {isa = PBXBuildFile; fileRef = E5ADEDD42B318C1100F0EA9C /* LinkToList.swift */; };
		E5ADEDD72B3190B300F0EA9C /* IconsRelated.swift in Sources */ = {isa = PBXBuildFile; fileRef = E5ADEDD62B3190B300F0EA9C /* IconsRelated.swift */; };
		E5ADEDD92B31956300F0EA9C /* TaskSection.swift in Sources */ = {isa = PBXBuildFile; fileRef = E5ADEDD82B31956300F0EA9C /* TaskSection.swift */; };
		E5B003102B31FE4900A90F8D /* ReviewDialog.swift in Sources */ = {isa = PBXBuildFile; fileRef = E5B0030F2B31FE4900A90F8D /* ReviewDialog.swift */; };
		E5B003122B32382C00A90F8D /* StringRelated.swift in Sources */ = {isa = PBXBuildFile; fileRef = E5B003112B32382C00A90F8D /* StringRelated.swift */; };
		E5DAFE962B5197B000A68857 /* LoggingRelated.swift in Sources */ = {isa = PBXBuildFile; fileRef = E5DAFE952B5197B000A68857 /* LoggingRelated.swift */; };
		E5DAFE972B51982800A68857 /* LoggingRelated.swift in Sources */ = {isa = PBXBuildFile; fileRef = E5DAFE952B5197B000A68857 /* LoggingRelated.swift */; };
		E5DAFE9A2B51987B00A68857 /* Logging in Frameworks */ = {isa = PBXBuildFile; productRef = E5DAFE992B51987B00A68857 /* Logging */; };
		E5DAFE9C2B51A16A00A68857 /* Logging in Frameworks */ = {isa = PBXBuildFile; productRef = E5DAFE9B2B51A16A00A68857 /* Logging */; };
		E5DAFE9D2B52CDB900A68857 /* ListView.swift in Sources */ = {isa = PBXBuildFile; fileRef = E5ADEDD22B318B8800F0EA9C /* ListView.swift */; };
		E5DAFE9E2B52D3A000A68857 /* LinkToTask.swift in Sources */ = {isa = PBXBuildFile; fileRef = E51142B42B35ABB900AB6E05 /* LinkToTask.swift */; };
		E5DAFE9F2B52D43F00A68857 /* TaskAsLine.swift in Sources */ = {isa = PBXBuildFile; fileRef = E559203E2B38E8380002C709 /* TaskAsLine.swift */; };
		E5DAFEA12B52D48500A68857 /* LinkToList.swift in Sources */ = {isa = PBXBuildFile; fileRef = E5ADEDD42B318C1100F0EA9C /* LinkToList.swift */; };
		E5DAFEA32B52D49700A68857 /* StateView.swift in Sources */ = {isa = PBXBuildFile; fileRef = E5A3718D2B2E2B0E00A310BA /* StateView.swift */; };
		E5DDC9E42B3F59ED00383C0D /* TaskManagerViewModel.swift in Sources */ = {isa = PBXBuildFile; fileRef = E5DDC9E32B3F59ED00383C0D /* TaskManagerViewModel.swift */; };
		E5DDC9E52B3F5AED00383C0D /* TaskManagerViewModel.swift in Sources */ = {isa = PBXBuildFile; fileRef = E5DDC9E32B3F59ED00383C0D /* TaskManagerViewModel.swift */; };
		E5DE0DC72B564C440066CC85 /* Assets.xcassets in Resources */ = {isa = PBXBuildFile; fileRef = E561D6E12B1F54A8003BE36F /* Assets.xcassets */; };
		E5DE105B2B68F6D300381337 /* ReviewTimer.swift in Sources */ = {isa = PBXBuildFile; fileRef = E5DE105A2B68F6D300381337 /* ReviewTimer.swift */; };
		E5DE105D2B69041F00381337 /* PreferencesTests.swift in Sources */ = {isa = PBXBuildFile; fileRef = E5DE105C2B69041F00381337 /* PreferencesTests.swift */; };
		E5DE105E2B6911E000381337 /* ReviewTimer.swift in Sources */ = {isa = PBXBuildFile; fileRef = E5DE105A2B68F6D300381337 /* ReviewTimer.swift */; };
		E5E1F4792B30617A00E83A21 /* DailyTasks.swift in Sources */ = {isa = PBXBuildFile; fileRef = E5E1F4782B30617A00E83A21 /* DailyTasks.swift */; };
		E5E1F47C2B30632000E83A21 /* DateRelated.swift in Sources */ = {isa = PBXBuildFile; fileRef = E5E1F47B2B30632000E83A21 /* DateRelated.swift */; };
		E5E1F47E2B30633B00E83A21 /* ColorRelated.swift in Sources */ = {isa = PBXBuildFile; fileRef = E5E1F47D2B30633B00E83A21 /* ColorRelated.swift */; };
		E5ED903F2B46E44100CF0431 /* ArrayRelated.swift in Sources */ = {isa = PBXBuildFile; fileRef = E5ED903E2B46E44100CF0431 /* ArrayRelated.swift */; };
		E5FEC7F02B46F9D7007BE890 /* ArrayRelated.swift in Sources */ = {isa = PBXBuildFile; fileRef = E5ED903E2B46E44100CF0431 /* ArrayRelated.swift */; };
		E5FEC7F12B46FA27007BE890 /* ViewRelated.swift in Sources */ = {isa = PBXBuildFile; fileRef = E559203C2B38376F0002C709 /* ViewRelated.swift */; };
		E5FEC7F22B46FA2A007BE890 /* DoubleRelated.swift in Sources */ = {isa = PBXBuildFile; fileRef = E5FF74382B45308800B3B890 /* DoubleRelated.swift */; };
		E5FEC7F42B4A8343007BE890 /* LeftSideView.swift in Sources */ = {isa = PBXBuildFile; fileRef = E5FEC7F32B4A8343007BE890 /* LeftSideView.swift */; };
		E5FEC7F62B4BF0D4007BE890 /* Toolbar.swift in Sources */ = {isa = PBXBuildFile; fileRef = E5FEC7F52B4BF0D3007BE890 /* Toolbar.swift */; };
		E5FEC7F82B4EF7AF007BE890 /* TestModelLists.swift in Sources */ = {isa = PBXBuildFile; fileRef = E5FEC7F72B4EF7AF007BE890 /* TestModelLists.swift */; };
		E5FF74362B43305600B3B890 /* TaskItemState.swift in Sources */ = {isa = PBXBuildFile; fileRef = E5FF74352B43305600B3B890 /* TaskItemState.swift */; };
		E5FF74372B43307800B3B890 /* TaskItemState.swift in Sources */ = {isa = PBXBuildFile; fileRef = E5FF74352B43305600B3B890 /* TaskItemState.swift */; };
		E5FF74392B45308800B3B890 /* DoubleRelated.swift in Sources */ = {isa = PBXBuildFile; fileRef = E5FF74382B45308800B3B890 /* DoubleRelated.swift */; };
		E5FFC5B42B6A36F600C9D60B /* Toolbar.swift in Sources */ = {isa = PBXBuildFile; fileRef = E5FEC7F52B4BF0D3007BE890 /* Toolbar.swift */; };
		E5FFC5B52B6A370600C9D60B /* ContentView.swift in Sources */ = {isa = PBXBuildFile; fileRef = E561D6DD2B1F54A6003BE36F /* ContentView.swift */; };
		E5FFC5B62B6A370C00C9D60B /* LeftSideView.swift in Sources */ = {isa = PBXBuildFile; fileRef = E5FEC7F32B4A8343007BE890 /* LeftSideView.swift */; };
		E5FFC5B72B6A372100C9D60B /* ReviewDialog.swift in Sources */ = {isa = PBXBuildFile; fileRef = E5B0030F2B31FE4900A90F8D /* ReviewDialog.swift */; };
/* End PBXBuildFile section */

/* Begin PBXContainerItemProxy section */
		E511429F2B342E3F00AB6E05 /* PBXContainerItemProxy */ = {
			isa = PBXContainerItemProxy;
			containerPortal = E561D6D02B1F54A6003BE36F /* Project object */;
			proxyType = 1;
			remoteGlobalIDString = E51142902B342E3C00AB6E05;
			remoteInfo = "Three Daily Goals (Widget)Extension";
		};
		E561D6ED2B1F54A9003BE36F /* PBXContainerItemProxy */ = {
			isa = PBXContainerItemProxy;
			containerPortal = E561D6D02B1F54A6003BE36F /* Project object */;
			proxyType = 1;
			remoteGlobalIDString = E561D6D72B1F54A6003BE36F;
			remoteInfo = "Three Daily Goals";
		};
		E561D6F72B1F54A9003BE36F /* PBXContainerItemProxy */ = {
			isa = PBXContainerItemProxy;
			containerPortal = E561D6D02B1F54A6003BE36F /* Project object */;
			proxyType = 1;
			remoteGlobalIDString = E561D6D72B1F54A6003BE36F;
			remoteInfo = "Three Daily Goals";
		};
/* End PBXContainerItemProxy section */

/* Begin PBXCopyFilesBuildPhase section */
		E511428A2B33768600AB6E05 /* Embed Foundation Extensions */ = {
			isa = PBXCopyFilesBuildPhase;
			buildActionMask = 2147483647;
			dstPath = "";
			dstSubfolderSpec = 13;
			files = (
				E51142A12B342E3F00AB6E05 /* Three Daily Goals Widget.appex in Embed Foundation Extensions */,
			);
			name = "Embed Foundation Extensions";
			runOnlyForDeploymentPostprocessing = 0;
		};
/* End PBXCopyFilesBuildPhase section */

/* Begin PBXFileReference section */
		E50A29B62B6995DA002AC3BC /* SchemaV2_1.swift */ = {isa = PBXFileReference; fileEncoding = 4; lastKnownFileType = sourcecode.swift; path = SchemaV2_1.swift; sourceTree = "<group>"; };
		E50A29B92B6A0D79002AC3BC /* ImageRelated.swift */ = {isa = PBXFileReference; lastKnownFileType = sourcecode.swift; path = ImageRelated.swift; sourceTree = "<group>"; };
		E51142752B33768300AB6E05 /* WidgetKit.framework */ = {isa = PBXFileReference; lastKnownFileType = wrapper.framework; name = WidgetKit.framework; path = /System/Library/Frameworks/WidgetKit.framework; sourceTree = "<absolute>"; };
		E51142772B33768300AB6E05 /* SwiftUI.framework */ = {isa = PBXFileReference; lastKnownFileType = wrapper.framework; name = SwiftUI.framework; path = /System/Library/Frameworks/SwiftUI.framework; sourceTree = "<absolute>"; };
		E511428B2B340FB500AB6E05 /* FilesRelated.swift */ = {isa = PBXFileReference; lastKnownFileType = sourcecode.swift; path = FilesRelated.swift; sourceTree = "<group>"; };
		E51142912B342E3C00AB6E05 /* Three Daily Goals Widget.appex */ = {isa = PBXFileReference; explicitFileType = "wrapper.app-extension"; includeInIndex = 0; path = "Three Daily Goals Widget.appex"; sourceTree = BUILT_PRODUCTS_DIR; };
		E51142952B342E3C00AB6E05 /* Three_Daily_Goals__Widget_Bundle.swift */ = {isa = PBXFileReference; lastKnownFileType = sourcecode.swift; path = Three_Daily_Goals__Widget_Bundle.swift; sourceTree = "<group>"; };
		E51142972B342E3C00AB6E05 /* Three_Daily_Goals__Widget_.swift */ = {isa = PBXFileReference; lastKnownFileType = sourcecode.swift; path = Three_Daily_Goals__Widget_.swift; sourceTree = "<group>"; };
		E51142992B342E3C00AB6E05 /* AppIntent.swift */ = {isa = PBXFileReference; lastKnownFileType = sourcecode.swift; path = AppIntent.swift; sourceTree = "<group>"; };
		E511429B2B342E3F00AB6E05 /* Assets.xcassets */ = {isa = PBXFileReference; lastKnownFileType = folder.assetcatalog; path = Assets.xcassets; sourceTree = "<group>"; };
		E511429D2B342E3F00AB6E05 /* Info.plist */ = {isa = PBXFileReference; lastKnownFileType = text.plist.xml; path = Info.plist; sourceTree = "<group>"; };
		E511429E2B342E3F00AB6E05 /* Three_Daily_Goals__Widget_.entitlements */ = {isa = PBXFileReference; lastKnownFileType = text.plist.entitlements; path = Three_Daily_Goals__Widget_.entitlements; sourceTree = "<group>"; };
		E51142A92B345B7B00AB6E05 /* Storage.swift */ = {isa = PBXFileReference; lastKnownFileType = sourcecode.swift; path = Storage.swift; sourceTree = "<group>"; };
		E51142B22B34947F00AB6E05 /* WPriorities.swift */ = {isa = PBXFileReference; lastKnownFileType = sourcecode.swift; path = WPriorities.swift; sourceTree = "<group>"; };
		E51142B42B35ABB900AB6E05 /* LinkToTask.swift */ = {isa = PBXFileReference; lastKnownFileType = sourcecode.swift; path = LinkToTask.swift; sourceTree = "<group>"; };
		E5278A392B658FB90020C83D /* SettingsView.swift */ = {isa = PBXFileReference; lastKnownFileType = sourcecode.swift; path = SettingsView.swift; sourceTree = "<group>"; };
		E53AF7A42B661BF900C24F78 /* Migrations.swift */ = {isa = PBXFileReference; lastKnownFileType = sourcecode.swift; path = Migrations.swift; sourceTree = "<group>"; };
		E53AF7A62B661D0F00C24F78 /* SchemaV1.swift */ = {isa = PBXFileReference; lastKnownFileType = sourcecode.swift; path = SchemaV1.swift; sourceTree = "<group>"; };
		E53AF7A92B66210C00C24F78 /* SchemaV2.swift */ = {isa = PBXFileReference; fileEncoding = 4; lastKnownFileType = sourcecode.swift; path = SchemaV2.swift; sourceTree = "<group>"; };
		E53AF7AD2B66244F00C24F78 /* Preferences.swift */ = {isa = PBXFileReference; lastKnownFileType = sourcecode.swift; path = Preferences.swift; sourceTree = "<group>"; };
		E53AF7B02B6628A400C24F78 /* ListHeader.swift */ = {isa = PBXFileReference; lastKnownFileType = sourcecode.swift; path = ListHeader.swift; sourceTree = "<group>"; };
		E559203A2B3772EE0002C709 /* CloudKit.framework */ = {isa = PBXFileReference; lastKnownFileType = wrapper.framework; name = CloudKit.framework; path = Platforms/iPhoneOS.platform/Developer/SDKs/iPhoneOS17.2.sdk/System/Library/Frameworks/CloudKit.framework; sourceTree = DEVELOPER_DIR; };
		E559203C2B38376F0002C709 /* ViewRelated.swift */ = {isa = PBXFileReference; lastKnownFileType = sourcecode.swift; path = ViewRelated.swift; sourceTree = "<group>"; };
		E559203E2B38E8380002C709 /* TaskAsLine.swift */ = {isa = PBXFileReference; lastKnownFileType = sourcecode.swift; path = TaskAsLine.swift; sourceTree = "<group>"; };
		E561D6D82B1F54A6003BE36F /* Three Daily Goals.app */ = {isa = PBXFileReference; explicitFileType = wrapper.application; includeInIndex = 0; path = "Three Daily Goals.app"; sourceTree = BUILT_PRODUCTS_DIR; };
		E561D6DB2B1F54A6003BE36F /* Three_Daily_GoalsApp.swift */ = {isa = PBXFileReference; lastKnownFileType = sourcecode.swift; path = Three_Daily_GoalsApp.swift; sourceTree = "<group>"; };
		E561D6DD2B1F54A6003BE36F /* ContentView.swift */ = {isa = PBXFileReference; lastKnownFileType = sourcecode.swift; path = ContentView.swift; sourceTree = "<group>"; };
		E561D6DF2B1F54A6003BE36F /* TaskItem.swift */ = {isa = PBXFileReference; lastKnownFileType = sourcecode.swift; path = TaskItem.swift; sourceTree = "<group>"; };
		E561D6E12B1F54A8003BE36F /* Assets.xcassets */ = {isa = PBXFileReference; lastKnownFileType = folder.assetcatalog; path = Assets.xcassets; sourceTree = "<group>"; };
		E561D6E32B1F54A8003BE36F /* Three_Daily_Goals.entitlements */ = {isa = PBXFileReference; lastKnownFileType = text.plist.entitlements; path = Three_Daily_Goals.entitlements; sourceTree = "<group>"; };
		E561D6E52B1F54A8003BE36F /* Preview Assets.xcassets */ = {isa = PBXFileReference; lastKnownFileType = folder.assetcatalog; path = "Preview Assets.xcassets"; sourceTree = "<group>"; };
		E561D6E72B1F54A8003BE36F /* Info.plist */ = {isa = PBXFileReference; lastKnownFileType = text.plist.xml; path = Info.plist; sourceTree = "<group>"; };
		E561D6EC2B1F54A9003BE36F /* Three Daily GoalsTests.xctest */ = {isa = PBXFileReference; explicitFileType = wrapper.cfbundle; includeInIndex = 0; path = "Three Daily GoalsTests.xctest"; sourceTree = BUILT_PRODUCTS_DIR; };
		E561D6F02B1F54A9003BE36F /* Three_Daily_GoalsTests.swift */ = {isa = PBXFileReference; lastKnownFileType = sourcecode.swift; path = Three_Daily_GoalsTests.swift; sourceTree = "<group>"; };
		E561D6F62B1F54A9003BE36F /* Three Daily GoalsUITests.xctest */ = {isa = PBXFileReference; explicitFileType = wrapper.cfbundle; includeInIndex = 0; path = "Three Daily GoalsUITests.xctest"; sourceTree = BUILT_PRODUCTS_DIR; };
		E561D6FA2B1F54A9003BE36F /* Three_Daily_GoalsUITests.swift */ = {isa = PBXFileReference; lastKnownFileType = sourcecode.swift; path = Three_Daily_GoalsUITests.swift; sourceTree = "<group>"; };
		E561D6FC2B1F54A9003BE36F /* Three_Daily_GoalsUITestsLaunchTests.swift */ = {isa = PBXFileReference; lastKnownFileType = sourcecode.swift; path = Three_Daily_GoalsUITestsLaunchTests.swift; sourceTree = "<group>"; };
		E582D0B72B2E13E30006DD5D /* TaskItemView.swift */ = {isa = PBXFileReference; lastKnownFileType = sourcecode.swift; path = TaskItemView.swift; sourceTree = "<group>"; };
		E590CE172B1FAD9000B16684 /* Comment.swift */ = {isa = PBXFileReference; lastKnownFileType = sourcecode.swift; path = Comment.swift; sourceTree = "<group>"; };
		E5A3718D2B2E2B0E00A310BA /* StateView.swift */ = {isa = PBXFileReference; lastKnownFileType = sourcecode.swift; path = StateView.swift; sourceTree = "<group>"; };
		E5A371932B2EDD5E00A310BA /* CommentView.swift */ = {isa = PBXFileReference; lastKnownFileType = sourcecode.swift; path = CommentView.swift; sourceTree = "<group>"; };
		E5ADEDD22B318B8800F0EA9C /* ListView.swift */ = {isa = PBXFileReference; lastKnownFileType = sourcecode.swift; path = ListView.swift; sourceTree = "<group>"; };
		E5ADEDD42B318C1100F0EA9C /* LinkToList.swift */ = {isa = PBXFileReference; lastKnownFileType = sourcecode.swift; path = LinkToList.swift; sourceTree = "<group>"; };
		E5ADEDD62B3190B300F0EA9C /* IconsRelated.swift */ = {isa = PBXFileReference; lastKnownFileType = sourcecode.swift; path = IconsRelated.swift; sourceTree = "<group>"; };
		E5ADEDD82B31956300F0EA9C /* TaskSection.swift */ = {isa = PBXFileReference; lastKnownFileType = sourcecode.swift; path = TaskSection.swift; sourceTree = "<group>"; };
		E5B0030F2B31FE4900A90F8D /* ReviewDialog.swift */ = {isa = PBXFileReference; lastKnownFileType = sourcecode.swift; path = ReviewDialog.swift; sourceTree = "<group>"; };
		E5B003112B32382C00A90F8D /* StringRelated.swift */ = {isa = PBXFileReference; lastKnownFileType = sourcecode.swift; path = StringRelated.swift; sourceTree = "<group>"; };
		E5DAFE952B5197B000A68857 /* LoggingRelated.swift */ = {isa = PBXFileReference; lastKnownFileType = sourcecode.swift; path = LoggingRelated.swift; sourceTree = "<group>"; };
		E5DDC9E32B3F59ED00383C0D /* TaskManagerViewModel.swift */ = {isa = PBXFileReference; lastKnownFileType = sourcecode.swift; path = TaskManagerViewModel.swift; sourceTree = "<group>"; };
		E5DE105A2B68F6D300381337 /* ReviewTimer.swift */ = {isa = PBXFileReference; lastKnownFileType = sourcecode.swift; path = ReviewTimer.swift; sourceTree = "<group>"; };
		E5DE105C2B69041F00381337 /* PreferencesTests.swift */ = {isa = PBXFileReference; lastKnownFileType = sourcecode.swift; path = PreferencesTests.swift; sourceTree = "<group>"; };
		E5E1F4782B30617A00E83A21 /* DailyTasks.swift */ = {isa = PBXFileReference; lastKnownFileType = sourcecode.swift; path = DailyTasks.swift; sourceTree = "<group>"; };
		E5E1F47B2B30632000E83A21 /* DateRelated.swift */ = {isa = PBXFileReference; lastKnownFileType = sourcecode.swift; path = DateRelated.swift; sourceTree = "<group>"; };
		E5E1F47D2B30633B00E83A21 /* ColorRelated.swift */ = {isa = PBXFileReference; lastKnownFileType = sourcecode.swift; path = ColorRelated.swift; sourceTree = "<group>"; };
		E5ED903E2B46E44100CF0431 /* ArrayRelated.swift */ = {isa = PBXFileReference; lastKnownFileType = sourcecode.swift; path = ArrayRelated.swift; sourceTree = "<group>"; };
		E5FEC7F32B4A8343007BE890 /* LeftSideView.swift */ = {isa = PBXFileReference; lastKnownFileType = sourcecode.swift; path = LeftSideView.swift; sourceTree = "<group>"; };
		E5FEC7F52B4BF0D3007BE890 /* Toolbar.swift */ = {isa = PBXFileReference; lastKnownFileType = sourcecode.swift; path = Toolbar.swift; sourceTree = "<group>"; };
		E5FEC7F72B4EF7AF007BE890 /* TestModelLists.swift */ = {isa = PBXFileReference; lastKnownFileType = sourcecode.swift; path = TestModelLists.swift; sourceTree = "<group>"; };
		E5FF74352B43305600B3B890 /* TaskItemState.swift */ = {isa = PBXFileReference; lastKnownFileType = sourcecode.swift; path = TaskItemState.swift; sourceTree = "<group>"; };
		E5FF74382B45308800B3B890 /* DoubleRelated.swift */ = {isa = PBXFileReference; lastKnownFileType = sourcecode.swift; path = DoubleRelated.swift; sourceTree = "<group>"; };
/* End PBXFileReference section */

/* Begin PBXFrameworksBuildPhase section */
		E511428E2B342E3C00AB6E05 /* Frameworks */ = {
			isa = PBXFrameworksBuildPhase;
			buildActionMask = 2147483647;
			files = (
				E559203B2B3772EE0002C709 /* CloudKit.framework in Frameworks */,
				E51142932B342E3C00AB6E05 /* SwiftUI.framework in Frameworks */,
				E5DAFE9C2B51A16A00A68857 /* Logging in Frameworks */,
				E51142922B342E3C00AB6E05 /* WidgetKit.framework in Frameworks */,
			);
			runOnlyForDeploymentPostprocessing = 0;
		};
		E561D6D52B1F54A6003BE36F /* Frameworks */ = {
			isa = PBXFrameworksBuildPhase;
			buildActionMask = 2147483647;
			files = (
				E5DAFE9A2B51987B00A68857 /* Logging in Frameworks */,
			);
			runOnlyForDeploymentPostprocessing = 0;
		};
		E561D6E92B1F54A9003BE36F /* Frameworks */ = {
			isa = PBXFrameworksBuildPhase;
			buildActionMask = 2147483647;
			files = (
			);
			runOnlyForDeploymentPostprocessing = 0;
		};
		E561D6F32B1F54A9003BE36F /* Frameworks */ = {
			isa = PBXFrameworksBuildPhase;
			buildActionMask = 2147483647;
			files = (
			);
			runOnlyForDeploymentPostprocessing = 0;
		};
/* End PBXFrameworksBuildPhase section */

/* Begin PBXGroup section */
		E50A29B52B6995BC002AC3BC /* ModelVersions */ = {
			isa = PBXGroup;
			children = (
				E53AF7A42B661BF900C24F78 /* Migrations.swift */,
				E53AF7A62B661D0F00C24F78 /* SchemaV1.swift */,
				E53AF7A92B66210C00C24F78 /* SchemaV2.swift */,
				E50A29B62B6995DA002AC3BC /* SchemaV2_1.swift */,
			);
			path = ModelVersions;
			sourceTree = "<group>";
		};
		E51142742B33768300AB6E05 /* Frameworks */ = {
			isa = PBXGroup;
			children = (
				E559203A2B3772EE0002C709 /* CloudKit.framework */,
				E51142752B33768300AB6E05 /* WidgetKit.framework */,
				E51142772B33768300AB6E05 /* SwiftUI.framework */,
			);
			name = Frameworks;
			sourceTree = "<group>";
		};
		E51142942B342E3C00AB6E05 /* Three Daily Goals (Widget) */ = {
			isa = PBXGroup;
			children = (
				E51142952B342E3C00AB6E05 /* Three_Daily_Goals__Widget_Bundle.swift */,
				E51142972B342E3C00AB6E05 /* Three_Daily_Goals__Widget_.swift */,
				E51142992B342E3C00AB6E05 /* AppIntent.swift */,
				E511429B2B342E3F00AB6E05 /* Assets.xcassets */,
				E511429D2B342E3F00AB6E05 /* Info.plist */,
				E511429E2B342E3F00AB6E05 /* Three_Daily_Goals__Widget_.entitlements */,
				E51142B22B34947F00AB6E05 /* WPriorities.swift */,
			);
			path = "Three Daily Goals (Widget)";
			sourceTree = "<group>";
		};
		E561D6CF2B1F54A6003BE36F = {
			isa = PBXGroup;
			children = (
				E561D6DA2B1F54A6003BE36F /* Three Daily Goals */,
				E561D6EF2B1F54A9003BE36F /* Three Daily GoalsTests */,
				E561D6F92B1F54A9003BE36F /* Three Daily GoalsUITests */,
				E51142942B342E3C00AB6E05 /* Three Daily Goals (Widget) */,
				E51142742B33768300AB6E05 /* Frameworks */,
				E561D6D92B1F54A6003BE36F /* Products */,
			);
			sourceTree = "<group>";
		};
		E561D6D92B1F54A6003BE36F /* Products */ = {
			isa = PBXGroup;
			children = (
				E561D6D82B1F54A6003BE36F /* Three Daily Goals.app */,
				E561D6EC2B1F54A9003BE36F /* Three Daily GoalsTests.xctest */,
				E561D6F62B1F54A9003BE36F /* Three Daily GoalsUITests.xctest */,
				E51142912B342E3C00AB6E05 /* Three Daily Goals Widget.appex */,
			);
			name = Products;
			sourceTree = "<group>";
		};
		E561D6DA2B1F54A6003BE36F /* Three Daily Goals */ = {
			isa = PBXGroup;
			children = (
				E5E1F4772B30614300E83A21 /* App */,
				E5E1F4762B30611700E83A21 /* Presentation */,
				E5E1F4752B3060FD00E83A21 /* Domain */,
				E5E1F47A2B30630C00E83A21 /* Helpers */,
				E561D6E12B1F54A8003BE36F /* Assets.xcassets */,
				E561D6E32B1F54A8003BE36F /* Three_Daily_Goals.entitlements */,
				E561D6E72B1F54A8003BE36F /* Info.plist */,
				E561D6E42B1F54A8003BE36F /* Preview Content */,
			);
			path = "Three Daily Goals";
			sourceTree = "<group>";
		};
		E561D6E42B1F54A8003BE36F /* Preview Content */ = {
			isa = PBXGroup;
			children = (
				E561D6E52B1F54A8003BE36F /* Preview Assets.xcassets */,
			);
			path = "Preview Content";
			sourceTree = "<group>";
		};
		E561D6EF2B1F54A9003BE36F /* Three Daily GoalsTests */ = {
			isa = PBXGroup;
			children = (
				E561D6F02B1F54A9003BE36F /* Three_Daily_GoalsTests.swift */,
				E5FEC7F72B4EF7AF007BE890 /* TestModelLists.swift */,
				E5DE105C2B69041F00381337 /* PreferencesTests.swift */,
			);
			path = "Three Daily GoalsTests";
			sourceTree = "<group>";
		};
		E561D6F92B1F54A9003BE36F /* Three Daily GoalsUITests */ = {
			isa = PBXGroup;
			children = (
				E561D6FA2B1F54A9003BE36F /* Three_Daily_GoalsUITests.swift */,
				E561D6FC2B1F54A9003BE36F /* Three_Daily_GoalsUITestsLaunchTests.swift */,
			);
			path = "Three Daily GoalsUITests";
			sourceTree = "<group>";
		};
		E5E1F4752B3060FD00E83A21 /* Domain */ = {
			isa = PBXGroup;
			children = (
				E50A29B52B6995BC002AC3BC /* ModelVersions */,
				E5DDC9E32B3F59ED00383C0D /* TaskManagerViewModel.swift */,
				E561D6DF2B1F54A6003BE36F /* TaskItem.swift */,
				E590CE172B1FAD9000B16684 /* Comment.swift */,
				E5E1F4782B30617A00E83A21 /* DailyTasks.swift */,
				E5ADEDD82B31956300F0EA9C /* TaskSection.swift */,
				E51142A92B345B7B00AB6E05 /* Storage.swift */,
				E5FF74352B43305600B3B890 /* TaskItemState.swift */,
				E53AF7AD2B66244F00C24F78 /* Preferences.swift */,
				E53AF7B02B6628A400C24F78 /* ListHeader.swift */,
			);
			path = Domain;
			sourceTree = "<group>";
		};
		E5E1F4762B30611700E83A21 /* Presentation */ = {
			isa = PBXGroup;
			children = (
				E561D6DD2B1F54A6003BE36F /* ContentView.swift */,
				E5B0030F2B31FE4900A90F8D /* ReviewDialog.swift */,
				E5A3718D2B2E2B0E00A310BA /* StateView.swift */,
				E5A371932B2EDD5E00A310BA /* CommentView.swift */,
				E582D0B72B2E13E30006DD5D /* TaskItemView.swift */,
				E5ADEDD22B318B8800F0EA9C /* ListView.swift */,
				E5ADEDD42B318C1100F0EA9C /* LinkToList.swift */,
				E51142B42B35ABB900AB6E05 /* LinkToTask.swift */,
				E559203E2B38E8380002C709 /* TaskAsLine.swift */,
				E5FEC7F32B4A8343007BE890 /* LeftSideView.swift */,
				E5FEC7F52B4BF0D3007BE890 /* Toolbar.swift */,
			);
			path = Presentation;
			sourceTree = "<group>";
		};
		E5E1F4772B30614300E83A21 /* App */ = {
			isa = PBXGroup;
			children = (
				E561D6DB2B1F54A6003BE36F /* Three_Daily_GoalsApp.swift */,
				E5278A392B658FB90020C83D /* SettingsView.swift */,
			);
			path = App;
			sourceTree = "<group>";
		};
		E5E1F47A2B30630C00E83A21 /* Helpers */ = {
			isa = PBXGroup;
			children = (
				E5DE105A2B68F6D300381337 /* ReviewTimer.swift */,
				E5E1F47B2B30632000E83A21 /* DateRelated.swift */,
				E5E1F47D2B30633B00E83A21 /* ColorRelated.swift */,
				E5ADEDD62B3190B300F0EA9C /* IconsRelated.swift */,
				E5B003112B32382C00A90F8D /* StringRelated.swift */,
				E511428B2B340FB500AB6E05 /* FilesRelated.swift */,
				E559203C2B38376F0002C709 /* ViewRelated.swift */,
				E5FF74382B45308800B3B890 /* DoubleRelated.swift */,
				E5ED903E2B46E44100CF0431 /* ArrayRelated.swift */,
				E5DAFE952B5197B000A68857 /* LoggingRelated.swift */,
				E50A29B92B6A0D79002AC3BC /* ImageRelated.swift */,
			);
			path = Helpers;
			sourceTree = "<group>";
		};
/* End PBXGroup section */

/* Begin PBXNativeTarget section */
		E51142902B342E3C00AB6E05 /* Three Daily Goals Widget */ = {
			isa = PBXNativeTarget;
			buildConfigurationList = E51142A22B342E3F00AB6E05 /* Build configuration list for PBXNativeTarget "Three Daily Goals Widget" */;
			buildPhases = (
				E511428D2B342E3C00AB6E05 /* Sources */,
				E511428E2B342E3C00AB6E05 /* Frameworks */,
				E511428F2B342E3C00AB6E05 /* Resources */,
			);
			buildRules = (
			);
			dependencies = (
			);
			name = "Three Daily Goals Widget";
			packageProductDependencies = (
				E5DAFE9B2B51A16A00A68857 /* Logging */,
			);
			productName = "Three Daily Goals (Widget)Extension";
			productReference = E51142912B342E3C00AB6E05 /* Three Daily Goals Widget.appex */;
			productType = "com.apple.product-type.app-extension";
		};
		E561D6D72B1F54A6003BE36F /* Three Daily Goals */ = {
			isa = PBXNativeTarget;
			buildConfigurationList = E561D7002B1F54A9003BE36F /* Build configuration list for PBXNativeTarget "Three Daily Goals" */;
			buildPhases = (
				E561D6D42B1F54A6003BE36F /* Sources */,
				E561D6D52B1F54A6003BE36F /* Frameworks */,
				E561D6D62B1F54A6003BE36F /* Resources */,
				E511428A2B33768600AB6E05 /* Embed Foundation Extensions */,
			);
			buildRules = (
			);
			dependencies = (
				E51142A02B342E3F00AB6E05 /* PBXTargetDependency */,
			);
			name = "Three Daily Goals";
			packageProductDependencies = (
				E5DAFE992B51987B00A68857 /* Logging */,
			);
			productName = "Three Daily Goals";
			productReference = E561D6D82B1F54A6003BE36F /* Three Daily Goals.app */;
			productType = "com.apple.product-type.application";
		};
		E561D6EB2B1F54A9003BE36F /* Three Daily GoalsTests */ = {
			isa = PBXNativeTarget;
			buildConfigurationList = E561D7032B1F54A9003BE36F /* Build configuration list for PBXNativeTarget "Three Daily GoalsTests" */;
			buildPhases = (
				E561D6E82B1F54A9003BE36F /* Sources */,
				E561D6E92B1F54A9003BE36F /* Frameworks */,
				E561D6EA2B1F54A9003BE36F /* Resources */,
			);
			buildRules = (
			);
			dependencies = (
				E561D6EE2B1F54A9003BE36F /* PBXTargetDependency */,
			);
			name = "Three Daily GoalsTests";
			productName = "Three Daily GoalsTests";
			productReference = E561D6EC2B1F54A9003BE36F /* Three Daily GoalsTests.xctest */;
			productType = "com.apple.product-type.bundle.unit-test";
		};
		E561D6F52B1F54A9003BE36F /* Three Daily GoalsUITests */ = {
			isa = PBXNativeTarget;
			buildConfigurationList = E561D7062B1F54A9003BE36F /* Build configuration list for PBXNativeTarget "Three Daily GoalsUITests" */;
			buildPhases = (
				E561D6F22B1F54A9003BE36F /* Sources */,
				E561D6F32B1F54A9003BE36F /* Frameworks */,
				E561D6F42B1F54A9003BE36F /* Resources */,
			);
			buildRules = (
			);
			dependencies = (
				E561D6F82B1F54A9003BE36F /* PBXTargetDependency */,
			);
			name = "Three Daily GoalsUITests";
			productName = "Three Daily GoalsUITests";
			productReference = E561D6F62B1F54A9003BE36F /* Three Daily GoalsUITests.xctest */;
			productType = "com.apple.product-type.bundle.ui-testing";
		};
/* End PBXNativeTarget section */

/* Begin PBXProject section */
		E561D6D02B1F54A6003BE36F /* Project object */ = {
			isa = PBXProject;
			attributes = {
				BuildIndependentTargetsInParallel = 1;
				LastSwiftUpdateCheck = 1510;
				LastUpgradeCheck = 1510;
				TargetAttributes = {
					E51142902B342E3C00AB6E05 = {
						CreatedOnToolsVersion = 15.1;
					};
					E561D6D72B1F54A6003BE36F = {
						CreatedOnToolsVersion = 15.0.1;
					};
					E561D6EB2B1F54A9003BE36F = {
						CreatedOnToolsVersion = 15.0.1;
						TestTargetID = E561D6D72B1F54A6003BE36F;
					};
					E561D6F52B1F54A9003BE36F = {
						CreatedOnToolsVersion = 15.0.1;
						TestTargetID = E561D6D72B1F54A6003BE36F;
					};
				};
			};
			buildConfigurationList = E561D6D32B1F54A6003BE36F /* Build configuration list for PBXProject "Three Daily Goals" */;
			compatibilityVersion = "Xcode 14.0";
			developmentRegion = en;
			hasScannedForEncodings = 0;
			knownRegions = (
				en,
				Base,
			);
			mainGroup = E561D6CF2B1F54A6003BE36F;
			packageReferences = (
				E5DAFE982B51987B00A68857 /* XCRemoteSwiftPackageReference "swift-log" */,
			);
			productRefGroup = E561D6D92B1F54A6003BE36F /* Products */;
			projectDirPath = "";
			projectRoot = "";
			targets = (
				E561D6D72B1F54A6003BE36F /* Three Daily Goals */,
				E561D6EB2B1F54A9003BE36F /* Three Daily GoalsTests */,
				E561D6F52B1F54A9003BE36F /* Three Daily GoalsUITests */,
				E51142902B342E3C00AB6E05 /* Three Daily Goals Widget */,
			);
		};
/* End PBXProject section */

/* Begin PBXResourcesBuildPhase section */
		E511428F2B342E3C00AB6E05 /* Resources */ = {
			isa = PBXResourcesBuildPhase;
			buildActionMask = 2147483647;
			files = (
				E5DE0DC72B564C440066CC85 /* Assets.xcassets in Resources */,
				E511429C2B342E3F00AB6E05 /* Assets.xcassets in Resources */,
			);
			runOnlyForDeploymentPostprocessing = 0;
		};
		E561D6D62B1F54A6003BE36F /* Resources */ = {
			isa = PBXResourcesBuildPhase;
			buildActionMask = 2147483647;
			files = (
				E561D6E62B1F54A8003BE36F /* Preview Assets.xcassets in Resources */,
				E561D6E22B1F54A8003BE36F /* Assets.xcassets in Resources */,
			);
			runOnlyForDeploymentPostprocessing = 0;
		};
		E561D6EA2B1F54A9003BE36F /* Resources */ = {
			isa = PBXResourcesBuildPhase;
			buildActionMask = 2147483647;
			files = (
			);
			runOnlyForDeploymentPostprocessing = 0;
		};
		E561D6F42B1F54A9003BE36F /* Resources */ = {
			isa = PBXResourcesBuildPhase;
			buildActionMask = 2147483647;
			files = (
			);
			runOnlyForDeploymentPostprocessing = 0;
		};
/* End PBXResourcesBuildPhase section */

/* Begin PBXSourcesBuildPhase section */
		E511428D2B342E3C00AB6E05 /* Sources */ = {
			isa = PBXSourcesBuildPhase;
			buildActionMask = 2147483647;
			files = (
				E519520E2B52DD2300B1DCA6 /* TaskItemView.swift in Sources */,
				E50A29BB2B6A0D79002AC3BC /* ImageRelated.swift in Sources */,
				E51142A82B34591600AB6E05 /* TaskSection.swift in Sources */,
				E5FFC5B42B6A36F600C9D60B /* Toolbar.swift in Sources */,
				E5DAFEA12B52D48500A68857 /* LinkToList.swift in Sources */,
				E5FF74372B43307800B3B890 /* TaskItemState.swift in Sources */,
				E51142982B342E3C00AB6E05 /* Three_Daily_Goals__Widget_.swift in Sources */,
				E50A29BC2B6A3060002AC3BC /* SettingsView.swift in Sources */,
				E5FFC5B52B6A370600C9D60B /* ContentView.swift in Sources */,
				E51142A62B34591600AB6E05 /* TaskItem.swift in Sources */,
				E51142AB2B345B9900AB6E05 /* Storage.swift in Sources */,
				E5DAFE9E2B52D3A000A68857 /* LinkToTask.swift in Sources */,
				E51142AC2B345BFF00AB6E05 /* ColorRelated.swift in Sources */,
				E519520F2B52DD2800B1DCA6 /* CommentView.swift in Sources */,
				E53AF7A82B661F4800C24F78 /* SchemaV1.swift in Sources */,
				E53AF7AC2B6622C800C24F78 /* Migrations.swift in Sources */,
				E53AF7AB2B66211000C24F78 /* SchemaV2.swift in Sources */,
				E50A29B82B69963F002AC3BC /* SchemaV2_1.swift in Sources */,
				E51142AD2B345BFF00AB6E05 /* DateRelated.swift in Sources */,
				E5DE105E2B6911E000381337 /* ReviewTimer.swift in Sources */,
				E51142AF2B345BFF00AB6E05 /* StringRelated.swift in Sources */,
				E5FEC7F02B46F9D7007BE890 /* ArrayRelated.swift in Sources */,
				E51142A72B34591600AB6E05 /* DailyTasks.swift in Sources */,
				E5FFC5B72B6A372100C9D60B /* ReviewDialog.swift in Sources */,
				E51142962B342E3C00AB6E05 /* Three_Daily_Goals__Widget_Bundle.swift in Sources */,
				E5DAFE972B51982800A68857 /* LoggingRelated.swift in Sources */,
				E5DAFEA32B52D49700A68857 /* StateView.swift in Sources */,
				E51142AE2B345BFF00AB6E05 /* IconsRelated.swift in Sources */,
				E5FFC5B62B6A370C00C9D60B /* LeftSideView.swift in Sources */,
				E5FEC7F22B46FA2A007BE890 /* DoubleRelated.swift in Sources */,
				E5FEC7F12B46FA27007BE890 /* ViewRelated.swift in Sources */,
				E511429A2B342E3C00AB6E05 /* AppIntent.swift in Sources */,
				E53AF7B22B6628A400C24F78 /* ListHeader.swift in Sources */,
				E51142B02B345BFF00AB6E05 /* FilesRelated.swift in Sources */,
				E5DAFE9D2B52CDB900A68857 /* ListView.swift in Sources */,
				E51142A52B34591600AB6E05 /* Comment.swift in Sources */,
				E51142B32B34947F00AB6E05 /* WPriorities.swift in Sources */,
				E5DDC9E52B3F5AED00383C0D /* TaskManagerViewModel.swift in Sources */,
				E53AF7AF2B66244F00C24F78 /* Preferences.swift in Sources */,
				E5DAFE9F2B52D43F00A68857 /* TaskAsLine.swift in Sources */,
			);
			runOnlyForDeploymentPostprocessing = 0;
		};
		E561D6D42B1F54A6003BE36F /* Sources */ = {
			isa = PBXSourcesBuildPhase;
			buildActionMask = 2147483647;
			files = (
				E53AF7AA2B66210C00C24F78 /* SchemaV2.swift in Sources */,
				E5ED903F2B46E44100CF0431 /* ArrayRelated.swift in Sources */,
				E53AF7A72B661D0F00C24F78 /* SchemaV1.swift in Sources */,
				E53AF7B12B6628A400C24F78 /* ListHeader.swift in Sources */,
				E5DAFE962B5197B000A68857 /* LoggingRelated.swift in Sources */,
				E5A3718E2B2E2B0E00A310BA /* StateView.swift in Sources */,
				E511428C2B340FB500AB6E05 /* FilesRelated.swift in Sources */,
				E53AF7AE2B66244F00C24F78 /* Preferences.swift in Sources */,
				E559203D2B38376F0002C709 /* ViewRelated.swift in Sources */,
				E582D0B82B2E13E30006DD5D /* TaskItemView.swift in Sources */,
				E5FEC7F62B4BF0D4007BE890 /* Toolbar.swift in Sources */,
				E5A371942B2EDD5E00A310BA /* CommentView.swift in Sources */,
				E561D6DE2B1F54A6003BE36F /* ContentView.swift in Sources */,
				E5FF74362B43305600B3B890 /* TaskItemState.swift in Sources */,
				E5FEC7F42B4A8343007BE890 /* LeftSideView.swift in Sources */,
				E5ADEDD92B31956300F0EA9C /* TaskSection.swift in Sources */,
				E53AF7A52B661BF900C24F78 /* Migrations.swift in Sources */,
				E5E1F47E2B30633B00E83A21 /* ColorRelated.swift in Sources */,
				E5DDC9E42B3F59ED00383C0D /* TaskManagerViewModel.swift in Sources */,
				E561D6E02B1F54A6003BE36F /* TaskItem.swift in Sources */,
				E5278A3A2B658FB90020C83D /* SettingsView.swift in Sources */,
				E5ADEDD52B318C1100F0EA9C /* LinkToList.swift in Sources */,
				E5E1F47C2B30632000E83A21 /* DateRelated.swift in Sources */,
				E5DE105B2B68F6D300381337 /* ReviewTimer.swift in Sources */,
				E50A29B72B6995DA002AC3BC /* SchemaV2_1.swift in Sources */,
				E5ADEDD32B318B8800F0EA9C /* ListView.swift in Sources */,
				E51142B52B35ABB900AB6E05 /* LinkToTask.swift in Sources */,
				E50A29BA2B6A0D79002AC3BC /* ImageRelated.swift in Sources */,
				E51142AA2B345B7B00AB6E05 /* Storage.swift in Sources */,
				E5E1F4792B30617A00E83A21 /* DailyTasks.swift in Sources */,
				E5B003122B32382C00A90F8D /* StringRelated.swift in Sources */,
				E5ADEDD72B3190B300F0EA9C /* IconsRelated.swift in Sources */,
				E5FF74392B45308800B3B890 /* DoubleRelated.swift in Sources */,
				E5B003102B31FE4900A90F8D /* ReviewDialog.swift in Sources */,
				E561D6DC2B1F54A6003BE36F /* Three_Daily_GoalsApp.swift in Sources */,
				E590CE182B1FAD9000B16684 /* Comment.swift in Sources */,
				E559203F2B38E8380002C709 /* TaskAsLine.swift in Sources */,
			);
			runOnlyForDeploymentPostprocessing = 0;
		};
		E561D6E82B1F54A9003BE36F /* Sources */ = {
			isa = PBXSourcesBuildPhase;
			buildActionMask = 2147483647;
			files = (
				E5DE105D2B69041F00381337 /* PreferencesTests.swift in Sources */,
				E561D6F12B1F54A9003BE36F /* Three_Daily_GoalsTests.swift in Sources */,
				E5FEC7F82B4EF7AF007BE890 /* TestModelLists.swift in Sources */,
			);
			runOnlyForDeploymentPostprocessing = 0;
		};
		E561D6F22B1F54A9003BE36F /* Sources */ = {
			isa = PBXSourcesBuildPhase;
			buildActionMask = 2147483647;
			files = (
				E561D6FD2B1F54A9003BE36F /* Three_Daily_GoalsUITestsLaunchTests.swift in Sources */,
				E561D6FB2B1F54A9003BE36F /* Three_Daily_GoalsUITests.swift in Sources */,
			);
			runOnlyForDeploymentPostprocessing = 0;
		};
/* End PBXSourcesBuildPhase section */

/* Begin PBXTargetDependency section */
		E51142A02B342E3F00AB6E05 /* PBXTargetDependency */ = {
			isa = PBXTargetDependency;
			target = E51142902B342E3C00AB6E05 /* Three Daily Goals Widget */;
			targetProxy = E511429F2B342E3F00AB6E05 /* PBXContainerItemProxy */;
		};
		E561D6EE2B1F54A9003BE36F /* PBXTargetDependency */ = {
			isa = PBXTargetDependency;
			target = E561D6D72B1F54A6003BE36F /* Three Daily Goals */;
			targetProxy = E561D6ED2B1F54A9003BE36F /* PBXContainerItemProxy */;
		};
		E561D6F82B1F54A9003BE36F /* PBXTargetDependency */ = {
			isa = PBXTargetDependency;
			target = E561D6D72B1F54A6003BE36F /* Three Daily Goals */;
			targetProxy = E561D6F72B1F54A9003BE36F /* PBXContainerItemProxy */;
		};
/* End PBXTargetDependency section */

/* Begin XCBuildConfiguration section */
		E51142A32B342E3F00AB6E05 /* Debug */ = {
			isa = XCBuildConfiguration;
			buildSettings = {
				ASSETCATALOG_COMPILER_GLOBAL_ACCENT_COLOR_NAME = AccentColor;
				ASSETCATALOG_COMPILER_WIDGET_BACKGROUND_COLOR_NAME = WidgetBackground;
				CODE_SIGN_ENTITLEMENTS = "Three Daily Goals (Widget)/Three_Daily_Goals__Widget_.entitlements";
				CODE_SIGN_STYLE = Automatic;
				CURRENT_PROJECT_VERSION = 1;
				DEAD_CODE_STRIPPING = YES;
				DEVELOPMENT_TEAM = HN3M9PRAT4;
				ENABLE_HARDENED_RUNTIME = YES;
				GENERATE_INFOPLIST_FILE = YES;
				INFOPLIST_FILE = "Three Daily Goals (Widget)/Info.plist";
				INFOPLIST_KEY_CFBundleDisplayName = "Three Daily Goals Widget";
				INFOPLIST_KEY_NSHumanReadableCopyright = "";
				IPHONEOS_DEPLOYMENT_TARGET = 17.2;
				LD_RUNPATH_SEARCH_PATHS = (
					"$(inherited)",
					"@executable_path/Frameworks",
					"@executable_path/../../Frameworks",
				);
				"LD_RUNPATH_SEARCH_PATHS[sdk=macosx*]" = (
					"$(inherited)",
					"@executable_path/../Frameworks",
					"@executable_path/../../../../Frameworks",
				);
				MACOSX_DEPLOYMENT_TARGET = 14.0;
				MARKETING_VERSION = 1.0;
				PRODUCT_BUNDLE_IDENTIFIER = "com.vithanco.Three-Daily-Goals.Three-Daily-Goals-Widget";
				PRODUCT_NAME = "$(TARGET_NAME)";
				SDKROOT = auto;
				SKIP_INSTALL = YES;
				SUPPORTED_PLATFORMS = "iphoneos iphonesimulator macosx";
				SWIFT_EMIT_LOC_STRINGS = YES;
				SWIFT_VERSION = 5.0;
				TARGETED_DEVICE_FAMILY = "1,2";
			};
			name = Debug;
		};
		E51142A42B342E3F00AB6E05 /* Release */ = {
			isa = XCBuildConfiguration;
			buildSettings = {
				ASSETCATALOG_COMPILER_GLOBAL_ACCENT_COLOR_NAME = AccentColor;
				ASSETCATALOG_COMPILER_WIDGET_BACKGROUND_COLOR_NAME = WidgetBackground;
				CODE_SIGN_ENTITLEMENTS = "Three Daily Goals (Widget)/Three_Daily_Goals__Widget_.entitlements";
				CODE_SIGN_STYLE = Automatic;
				CURRENT_PROJECT_VERSION = 1;
				DEAD_CODE_STRIPPING = YES;
				DEVELOPMENT_TEAM = HN3M9PRAT4;
				ENABLE_HARDENED_RUNTIME = YES;
				GENERATE_INFOPLIST_FILE = YES;
				INFOPLIST_FILE = "Three Daily Goals (Widget)/Info.plist";
				INFOPLIST_KEY_CFBundleDisplayName = "Three Daily Goals Widget";
				INFOPLIST_KEY_NSHumanReadableCopyright = "";
				IPHONEOS_DEPLOYMENT_TARGET = 17.2;
				LD_RUNPATH_SEARCH_PATHS = (
					"$(inherited)",
					"@executable_path/Frameworks",
					"@executable_path/../../Frameworks",
				);
				"LD_RUNPATH_SEARCH_PATHS[sdk=macosx*]" = (
					"$(inherited)",
					"@executable_path/../Frameworks",
					"@executable_path/../../../../Frameworks",
				);
				MACOSX_DEPLOYMENT_TARGET = 14.0;
				MARKETING_VERSION = 1.0;
				PRODUCT_BUNDLE_IDENTIFIER = "com.vithanco.Three-Daily-Goals.Three-Daily-Goals-Widget";
				PRODUCT_NAME = "$(TARGET_NAME)";
				SDKROOT = auto;
				SKIP_INSTALL = YES;
				SUPPORTED_PLATFORMS = "iphoneos iphonesimulator macosx";
				SWIFT_EMIT_LOC_STRINGS = YES;
				SWIFT_VERSION = 5.0;
				TARGETED_DEVICE_FAMILY = "1,2";
			};
			name = Release;
		};
		E561D6FE2B1F54A9003BE36F /* Debug */ = {
			isa = XCBuildConfiguration;
			buildSettings = {
				ALWAYS_SEARCH_USER_PATHS = NO;
				ASSETCATALOG_COMPILER_GENERATE_SWIFT_ASSET_SYMBOL_EXTENSIONS = YES;
				CLANG_ANALYZER_NONNULL = YES;
				CLANG_ANALYZER_NUMBER_OBJECT_CONVERSION = YES_AGGRESSIVE;
				CLANG_CXX_LANGUAGE_STANDARD = "gnu++20";
				CLANG_ENABLE_MODULES = YES;
				CLANG_ENABLE_OBJC_ARC = YES;
				CLANG_ENABLE_OBJC_WEAK = YES;
				CLANG_WARN_BLOCK_CAPTURE_AUTORELEASING = YES;
				CLANG_WARN_BOOL_CONVERSION = YES;
				CLANG_WARN_COMMA = YES;
				CLANG_WARN_CONSTANT_CONVERSION = YES;
				CLANG_WARN_DEPRECATED_OBJC_IMPLEMENTATIONS = YES;
				CLANG_WARN_DIRECT_OBJC_ISA_USAGE = YES_ERROR;
				CLANG_WARN_DOCUMENTATION_COMMENTS = YES;
				CLANG_WARN_EMPTY_BODY = YES;
				CLANG_WARN_ENUM_CONVERSION = YES;
				CLANG_WARN_INFINITE_RECURSION = YES;
				CLANG_WARN_INT_CONVERSION = YES;
				CLANG_WARN_NON_LITERAL_NULL_CONVERSION = YES;
				CLANG_WARN_OBJC_IMPLICIT_RETAIN_SELF = YES;
				CLANG_WARN_OBJC_LITERAL_CONVERSION = YES;
				CLANG_WARN_OBJC_ROOT_CLASS = YES_ERROR;
				CLANG_WARN_QUOTED_INCLUDE_IN_FRAMEWORK_HEADER = YES;
				CLANG_WARN_RANGE_LOOP_ANALYSIS = YES;
				CLANG_WARN_STRICT_PROTOTYPES = YES;
				CLANG_WARN_SUSPICIOUS_MOVE = YES;
				CLANG_WARN_UNGUARDED_AVAILABILITY = YES_AGGRESSIVE;
				CLANG_WARN_UNREACHABLE_CODE = YES;
				CLANG_WARN__DUPLICATE_METHOD_MATCH = YES;
				COPY_PHASE_STRIP = NO;
				DEAD_CODE_STRIPPING = YES;
				DEBUG_INFORMATION_FORMAT = dwarf;
				ENABLE_STRICT_OBJC_MSGSEND = YES;
				ENABLE_TESTABILITY = YES;
				ENABLE_USER_SCRIPT_SANDBOXING = YES;
				GCC_C_LANGUAGE_STANDARD = gnu17;
				GCC_DYNAMIC_NO_PIC = NO;
				GCC_NO_COMMON_BLOCKS = YES;
				GCC_OPTIMIZATION_LEVEL = 0;
				GCC_PREPROCESSOR_DEFINITIONS = (
					"DEBUG=1",
					"$(inherited)",
				);
				GCC_WARN_64_TO_32_BIT_CONVERSION = YES;
				GCC_WARN_ABOUT_RETURN_TYPE = YES_ERROR;
				GCC_WARN_UNDECLARED_SELECTOR = YES;
				GCC_WARN_UNINITIALIZED_AUTOS = YES_AGGRESSIVE;
				GCC_WARN_UNUSED_FUNCTION = YES;
				GCC_WARN_UNUSED_VARIABLE = YES;
				LOCALIZATION_PREFERS_STRING_CATALOGS = YES;
				MTL_ENABLE_DEBUG_INFO = INCLUDE_SOURCE;
				MTL_FAST_MATH = YES;
				ONLY_ACTIVE_ARCH = YES;
				SWIFT_ACTIVE_COMPILATION_CONDITIONS = "DEBUG $(inherited)";
				SWIFT_OPTIMIZATION_LEVEL = "-Onone";
			};
			name = Debug;
		};
		E561D6FF2B1F54A9003BE36F /* Release */ = {
			isa = XCBuildConfiguration;
			buildSettings = {
				ALWAYS_SEARCH_USER_PATHS = NO;
				ASSETCATALOG_COMPILER_GENERATE_SWIFT_ASSET_SYMBOL_EXTENSIONS = YES;
				CLANG_ANALYZER_NONNULL = YES;
				CLANG_ANALYZER_NUMBER_OBJECT_CONVERSION = YES_AGGRESSIVE;
				CLANG_CXX_LANGUAGE_STANDARD = "gnu++20";
				CLANG_ENABLE_MODULES = YES;
				CLANG_ENABLE_OBJC_ARC = YES;
				CLANG_ENABLE_OBJC_WEAK = YES;
				CLANG_WARN_BLOCK_CAPTURE_AUTORELEASING = YES;
				CLANG_WARN_BOOL_CONVERSION = YES;
				CLANG_WARN_COMMA = YES;
				CLANG_WARN_CONSTANT_CONVERSION = YES;
				CLANG_WARN_DEPRECATED_OBJC_IMPLEMENTATIONS = YES;
				CLANG_WARN_DIRECT_OBJC_ISA_USAGE = YES_ERROR;
				CLANG_WARN_DOCUMENTATION_COMMENTS = YES;
				CLANG_WARN_EMPTY_BODY = YES;
				CLANG_WARN_ENUM_CONVERSION = YES;
				CLANG_WARN_INFINITE_RECURSION = YES;
				CLANG_WARN_INT_CONVERSION = YES;
				CLANG_WARN_NON_LITERAL_NULL_CONVERSION = YES;
				CLANG_WARN_OBJC_IMPLICIT_RETAIN_SELF = YES;
				CLANG_WARN_OBJC_LITERAL_CONVERSION = YES;
				CLANG_WARN_OBJC_ROOT_CLASS = YES_ERROR;
				CLANG_WARN_QUOTED_INCLUDE_IN_FRAMEWORK_HEADER = YES;
				CLANG_WARN_RANGE_LOOP_ANALYSIS = YES;
				CLANG_WARN_STRICT_PROTOTYPES = YES;
				CLANG_WARN_SUSPICIOUS_MOVE = YES;
				CLANG_WARN_UNGUARDED_AVAILABILITY = YES_AGGRESSIVE;
				CLANG_WARN_UNREACHABLE_CODE = YES;
				CLANG_WARN__DUPLICATE_METHOD_MATCH = YES;
				COPY_PHASE_STRIP = NO;
				DEAD_CODE_STRIPPING = YES;
				DEBUG_INFORMATION_FORMAT = "dwarf-with-dsym";
				ENABLE_NS_ASSERTIONS = NO;
				ENABLE_STRICT_OBJC_MSGSEND = YES;
				ENABLE_USER_SCRIPT_SANDBOXING = YES;
				GCC_C_LANGUAGE_STANDARD = gnu17;
				GCC_NO_COMMON_BLOCKS = YES;
				GCC_WARN_64_TO_32_BIT_CONVERSION = YES;
				GCC_WARN_ABOUT_RETURN_TYPE = YES_ERROR;
				GCC_WARN_UNDECLARED_SELECTOR = YES;
				GCC_WARN_UNINITIALIZED_AUTOS = YES_AGGRESSIVE;
				GCC_WARN_UNUSED_FUNCTION = YES;
				GCC_WARN_UNUSED_VARIABLE = YES;
				LOCALIZATION_PREFERS_STRING_CATALOGS = YES;
				MTL_ENABLE_DEBUG_INFO = NO;
				MTL_FAST_MATH = YES;
				SWIFT_COMPILATION_MODE = wholemodule;
			};
			name = Release;
		};
		E561D7012B1F54A9003BE36F /* Debug */ = {
			isa = XCBuildConfiguration;
			buildSettings = {
				ALWAYS_EMBED_SWIFT_STANDARD_LIBRARIES = YES;
				ASSETCATALOG_COMPILER_APPICON_NAME = AppIcon;
				ASSETCATALOG_COMPILER_GLOBAL_ACCENT_COLOR_NAME = AccentColor;
				ASSETCATALOG_COMPILER_INCLUDE_ALL_APPICON_ASSETS = YES;
				CODE_SIGN_ENTITLEMENTS = "Three Daily Goals/Three_Daily_Goals.entitlements";
				CODE_SIGN_STYLE = Automatic;
				CURRENT_PROJECT_VERSION = 1;
				DEAD_CODE_STRIPPING = YES;
				DEVELOPMENT_ASSET_PATHS = "\"Three Daily Goals/Preview Content\"";
				DEVELOPMENT_TEAM = HN3M9PRAT4;
				ENABLE_HARDENED_RUNTIME = YES;
				ENABLE_PREVIEWS = YES;
				GENERATE_INFOPLIST_FILE = YES;
				INFOPLIST_FILE = "Three Daily Goals/Info.plist";
				INFOPLIST_KEY_CFBundleDisplayName = "Three Daily Goals";
				INFOPLIST_KEY_LSApplicationCategoryType = "public.app-category.productivity";
				"INFOPLIST_KEY_UIApplicationSceneManifest_Generation[sdk=iphoneos*]" = YES;
				"INFOPLIST_KEY_UIApplicationSceneManifest_Generation[sdk=iphonesimulator*]" = YES;
				"INFOPLIST_KEY_UIApplicationSupportsIndirectInputEvents[sdk=iphoneos*]" = YES;
				"INFOPLIST_KEY_UIApplicationSupportsIndirectInputEvents[sdk=iphonesimulator*]" = YES;
				"INFOPLIST_KEY_UILaunchScreen_Generation[sdk=iphoneos*]" = YES;
				"INFOPLIST_KEY_UILaunchScreen_Generation[sdk=iphonesimulator*]" = YES;
				"INFOPLIST_KEY_UIStatusBarStyle[sdk=iphoneos*]" = UIStatusBarStyleDefault;
				"INFOPLIST_KEY_UIStatusBarStyle[sdk=iphonesimulator*]" = UIStatusBarStyleDefault;
				INFOPLIST_KEY_UISupportedInterfaceOrientations = "UIInterfaceOrientationLandscapeLeft UIInterfaceOrientationLandscapeRight UIInterfaceOrientationPortrait UIInterfaceOrientationPortraitUpsideDown";
				IPHONEOS_DEPLOYMENT_TARGET = 17.0;
				LD_RUNPATH_SEARCH_PATHS = "@executable_path/Frameworks";
				"LD_RUNPATH_SEARCH_PATHS[sdk=macosx*]" = "@executable_path/../Frameworks";
				MACOSX_DEPLOYMENT_TARGET = 14.0;
				MARKETING_VERSION = 1.0;
				PRODUCT_BUNDLE_IDENTIFIER = "com.vithanco.Three-Daily-Goals";
				PRODUCT_NAME = "$(TARGET_NAME)";
				SDKROOT = auto;
				SUPPORTED_PLATFORMS = "iphoneos iphonesimulator macosx";
				SWIFT_EMIT_LOC_STRINGS = YES;
				SWIFT_VERSION = 5.0;
				TARGETED_DEVICE_FAMILY = "1,2";
			};
			name = Debug;
		};
		E561D7022B1F54A9003BE36F /* Release */ = {
			isa = XCBuildConfiguration;
			buildSettings = {
				ALWAYS_EMBED_SWIFT_STANDARD_LIBRARIES = YES;
				ASSETCATALOG_COMPILER_APPICON_NAME = AppIcon;
				ASSETCATALOG_COMPILER_GLOBAL_ACCENT_COLOR_NAME = AccentColor;
				ASSETCATALOG_COMPILER_INCLUDE_ALL_APPICON_ASSETS = YES;
				CODE_SIGN_ENTITLEMENTS = "Three Daily Goals/Three_Daily_Goals.entitlements";
				CODE_SIGN_STYLE = Automatic;
				CURRENT_PROJECT_VERSION = 1;
				DEAD_CODE_STRIPPING = YES;
				DEVELOPMENT_ASSET_PATHS = "\"Three Daily Goals/Preview Content\"";
				DEVELOPMENT_TEAM = HN3M9PRAT4;
				ENABLE_HARDENED_RUNTIME = YES;
				ENABLE_PREVIEWS = YES;
				GENERATE_INFOPLIST_FILE = YES;
				INFOPLIST_FILE = "Three Daily Goals/Info.plist";
				INFOPLIST_KEY_CFBundleDisplayName = "Three Daily Goals";
				INFOPLIST_KEY_LSApplicationCategoryType = "public.app-category.productivity";
				"INFOPLIST_KEY_UIApplicationSceneManifest_Generation[sdk=iphoneos*]" = YES;
				"INFOPLIST_KEY_UIApplicationSceneManifest_Generation[sdk=iphonesimulator*]" = YES;
				"INFOPLIST_KEY_UIApplicationSupportsIndirectInputEvents[sdk=iphoneos*]" = YES;
				"INFOPLIST_KEY_UIApplicationSupportsIndirectInputEvents[sdk=iphonesimulator*]" = YES;
				"INFOPLIST_KEY_UILaunchScreen_Generation[sdk=iphoneos*]" = YES;
				"INFOPLIST_KEY_UILaunchScreen_Generation[sdk=iphonesimulator*]" = YES;
				"INFOPLIST_KEY_UIStatusBarStyle[sdk=iphoneos*]" = UIStatusBarStyleDefault;
				"INFOPLIST_KEY_UIStatusBarStyle[sdk=iphonesimulator*]" = UIStatusBarStyleDefault;
				INFOPLIST_KEY_UISupportedInterfaceOrientations = "UIInterfaceOrientationLandscapeLeft UIInterfaceOrientationLandscapeRight UIInterfaceOrientationPortrait UIInterfaceOrientationPortraitUpsideDown";
				IPHONEOS_DEPLOYMENT_TARGET = 17.0;
				LD_RUNPATH_SEARCH_PATHS = "@executable_path/Frameworks";
				"LD_RUNPATH_SEARCH_PATHS[sdk=macosx*]" = "@executable_path/../Frameworks";
				MACOSX_DEPLOYMENT_TARGET = 14.0;
				MARKETING_VERSION = 1.0;
				PRODUCT_BUNDLE_IDENTIFIER = "com.vithanco.Three-Daily-Goals";
				PRODUCT_NAME = "$(TARGET_NAME)";
				SDKROOT = auto;
				SUPPORTED_PLATFORMS = "iphoneos iphonesimulator macosx";
				SWIFT_EMIT_LOC_STRINGS = YES;
				SWIFT_VERSION = 5.0;
				TARGETED_DEVICE_FAMILY = "1,2";
			};
			name = Release;
		};
		E561D7042B1F54A9003BE36F /* Debug */ = {
			isa = XCBuildConfiguration;
			buildSettings = {
				ALWAYS_EMBED_SWIFT_STANDARD_LIBRARIES = YES;
				BUNDLE_LOADER = "$(TEST_HOST)";
				CODE_SIGN_STYLE = Automatic;
				CURRENT_PROJECT_VERSION = 1;
				DEAD_CODE_STRIPPING = YES;
				DEVELOPMENT_TEAM = HN3M9PRAT4;
				GENERATE_INFOPLIST_FILE = YES;
				IPHONEOS_DEPLOYMENT_TARGET = 17.0;
				MACOSX_DEPLOYMENT_TARGET = 14.0;
				MARKETING_VERSION = 1.0;
				PRODUCT_BUNDLE_IDENTIFIER = "com.vithanco.Three-Daily-GoalsTests";
				PRODUCT_NAME = "$(TARGET_NAME)";
				SDKROOT = auto;
				SUPPORTED_PLATFORMS = "iphoneos iphonesimulator macosx";
				SWIFT_EMIT_LOC_STRINGS = NO;
				SWIFT_VERSION = 5.0;
				TARGETED_DEVICE_FAMILY = "1,2";
				TEST_HOST = "$(BUILT_PRODUCTS_DIR)/Three Daily Goals.app/$(BUNDLE_EXECUTABLE_FOLDER_PATH)/Three Daily Goals";
			};
			name = Debug;
		};
		E561D7052B1F54A9003BE36F /* Release */ = {
			isa = XCBuildConfiguration;
			buildSettings = {
				ALWAYS_EMBED_SWIFT_STANDARD_LIBRARIES = YES;
				BUNDLE_LOADER = "$(TEST_HOST)";
				CODE_SIGN_STYLE = Automatic;
				CURRENT_PROJECT_VERSION = 1;
				DEAD_CODE_STRIPPING = YES;
				DEVELOPMENT_TEAM = HN3M9PRAT4;
				GENERATE_INFOPLIST_FILE = YES;
				IPHONEOS_DEPLOYMENT_TARGET = 17.0;
				MACOSX_DEPLOYMENT_TARGET = 14.0;
				MARKETING_VERSION = 1.0;
				PRODUCT_BUNDLE_IDENTIFIER = "com.vithanco.Three-Daily-GoalsTests";
				PRODUCT_NAME = "$(TARGET_NAME)";
				SDKROOT = auto;
				SUPPORTED_PLATFORMS = "iphoneos iphonesimulator macosx";
				SWIFT_EMIT_LOC_STRINGS = NO;
				SWIFT_VERSION = 5.0;
				TARGETED_DEVICE_FAMILY = "1,2";
				TEST_HOST = "$(BUILT_PRODUCTS_DIR)/Three Daily Goals.app/$(BUNDLE_EXECUTABLE_FOLDER_PATH)/Three Daily Goals";
			};
			name = Release;
		};
		E561D7072B1F54A9003BE36F /* Debug */ = {
			isa = XCBuildConfiguration;
			buildSettings = {
				ALWAYS_EMBED_SWIFT_STANDARD_LIBRARIES = YES;
				CODE_SIGN_STYLE = Automatic;
				CURRENT_PROJECT_VERSION = 1;
				DEAD_CODE_STRIPPING = YES;
				DEVELOPMENT_TEAM = HN3M9PRAT4;
				GENERATE_INFOPLIST_FILE = YES;
				IPHONEOS_DEPLOYMENT_TARGET = 17.0;
				MACOSX_DEPLOYMENT_TARGET = 14.0;
				MARKETING_VERSION = 1.0;
				PRODUCT_BUNDLE_IDENTIFIER = "com.vithanco.Three-Daily-GoalsUITests";
				PRODUCT_NAME = "$(TARGET_NAME)";
				SDKROOT = auto;
				SUPPORTED_PLATFORMS = "iphoneos iphonesimulator macosx";
				SWIFT_EMIT_LOC_STRINGS = NO;
				SWIFT_VERSION = 5.0;
				TARGETED_DEVICE_FAMILY = "1,2";
				TEST_TARGET_NAME = "Three Daily Goals";
			};
			name = Debug;
		};
		E561D7082B1F54A9003BE36F /* Release */ = {
			isa = XCBuildConfiguration;
			buildSettings = {
				ALWAYS_EMBED_SWIFT_STANDARD_LIBRARIES = YES;
				CODE_SIGN_STYLE = Automatic;
				CURRENT_PROJECT_VERSION = 1;
				DEAD_CODE_STRIPPING = YES;
				DEVELOPMENT_TEAM = HN3M9PRAT4;
				GENERATE_INFOPLIST_FILE = YES;
				IPHONEOS_DEPLOYMENT_TARGET = 17.0;
				MACOSX_DEPLOYMENT_TARGET = 14.0;
				MARKETING_VERSION = 1.0;
				PRODUCT_BUNDLE_IDENTIFIER = "com.vithanco.Three-Daily-GoalsUITests";
				PRODUCT_NAME = "$(TARGET_NAME)";
				SDKROOT = auto;
				SUPPORTED_PLATFORMS = "iphoneos iphonesimulator macosx";
				SWIFT_EMIT_LOC_STRINGS = NO;
				SWIFT_VERSION = 5.0;
				TARGETED_DEVICE_FAMILY = "1,2";
				TEST_TARGET_NAME = "Three Daily Goals";
			};
			name = Release;
		};
/* End XCBuildConfiguration section */

/* Begin XCConfigurationList section */
		E51142A22B342E3F00AB6E05 /* Build configuration list for PBXNativeTarget "Three Daily Goals Widget" */ = {
			isa = XCConfigurationList;
			buildConfigurations = (
				E51142A32B342E3F00AB6E05 /* Debug */,
				E51142A42B342E3F00AB6E05 /* Release */,
			);
			defaultConfigurationIsVisible = 0;
			defaultConfigurationName = Release;
		};
		E561D6D32B1F54A6003BE36F /* Build configuration list for PBXProject "Three Daily Goals" */ = {
			isa = XCConfigurationList;
			buildConfigurations = (
				E561D6FE2B1F54A9003BE36F /* Debug */,
				E561D6FF2B1F54A9003BE36F /* Release */,
			);
			defaultConfigurationIsVisible = 0;
			defaultConfigurationName = Release;
		};
		E561D7002B1F54A9003BE36F /* Build configuration list for PBXNativeTarget "Three Daily Goals" */ = {
			isa = XCConfigurationList;
			buildConfigurations = (
				E561D7012B1F54A9003BE36F /* Debug */,
				E561D7022B1F54A9003BE36F /* Release */,
			);
			defaultConfigurationIsVisible = 0;
			defaultConfigurationName = Release;
		};
		E561D7032B1F54A9003BE36F /* Build configuration list for PBXNativeTarget "Three Daily GoalsTests" */ = {
			isa = XCConfigurationList;
			buildConfigurations = (
				E561D7042B1F54A9003BE36F /* Debug */,
				E561D7052B1F54A9003BE36F /* Release */,
			);
			defaultConfigurationIsVisible = 0;
			defaultConfigurationName = Release;
		};
		E561D7062B1F54A9003BE36F /* Build configuration list for PBXNativeTarget "Three Daily GoalsUITests" */ = {
			isa = XCConfigurationList;
			buildConfigurations = (
				E561D7072B1F54A9003BE36F /* Debug */,
				E561D7082B1F54A9003BE36F /* Release */,
			);
			defaultConfigurationIsVisible = 0;
			defaultConfigurationName = Release;
		};
/* End XCConfigurationList section */

/* Begin XCRemoteSwiftPackageReference section */
		E5DAFE982B51987B00A68857 /* XCRemoteSwiftPackageReference "swift-log" */ = {
			isa = XCRemoteSwiftPackageReference;
			repositoryURL = "https://github.com/apple/swift-log.git";
			requirement = {
				kind = upToNextMajorVersion;
				minimumVersion = 1.5.3;
			};
		};
/* End XCRemoteSwiftPackageReference section */

/* Begin XCSwiftPackageProductDependency section */
		E5DAFE992B51987B00A68857 /* Logging */ = {
			isa = XCSwiftPackageProductDependency;
			package = E5DAFE982B51987B00A68857 /* XCRemoteSwiftPackageReference "swift-log" */;
			productName = Logging;
		};
		E5DAFE9B2B51A16A00A68857 /* Logging */ = {
			isa = XCSwiftPackageProductDependency;
			package = E5DAFE982B51987B00A68857 /* XCRemoteSwiftPackageReference "swift-log" */;
			productName = Logging;
		};
/* End XCSwiftPackageProductDependency section */
	};
	rootObject = E561D6D02B1F54A6003BE36F /* Project object */;
}
