{
  "originHash" : "41bd9c6e9294264837d0c54024d849c65eab41f1eadaec558145e8fbb1b79af9",
  "pins" : [
    {
      "identity" : "simplecalendar",
      "kind" : "remoteSourceControl",
      "location" : "https://github.com/Vithanco/SimpleCalendar",
      "state" : {
        "branch" : "main",
        "revision" : "5ccc46fcaf41df91a526bfab9392c3ac47940a07"
      }
    },
    {
      "identity" : "tagkit",
      "kind" : "remoteSourceControl",
      "location" : "https://github.com/vithanco/tagkit",
      "state" : {
        "branch" : "main",
        "revision" : "216d44f039b32403f066664e7e60ac6852a3fa14"
      }
    }
  ],
  "version" : 3
}
