{
  "originHash" : "0386c51cd936a519e9cacc2456fdd353545384f9d53725ea6d9a1456d25c8a47",
  "pins" : [
    {
      "identity" : "simplecalendar",
      "kind" : "remoteSourceControl",
      "location" : "https://github.com/Vithanco/SimpleCalendar",
      "state" : {
        "branch" : "main",
        "revision" : "4982efc852754c854600f4bbd8896ff7f90d7ae7"
      }
    }
  ],
  "version" : 3
}
