{
  "originHash" : "0386c51cd936a519e9cacc2456fdd353545384f9d53725ea6d9a1456d25c8a47",
  "pins" : [
    {
      "identity" : "simplecalendar",
      "kind" : "remoteSourceControl",
      "location" : "https://github.com/Vithanco/SimpleCalendar",
      "state" : {
        "branch" : "main",
        "revision" : "5ccc46fcaf41df91a526bfab9392c3ac47940a07"
      }
    }
  ],
  "version" : 3
}
